// !$*UTF8*$!
{
	archiveVersion = 1;
	classes = {
	};
	objectVersion = 56;
	objects = {

/* Begin PBXBuildFile section */
		9379C24E2AD53BAA0099DEFE /* KiwChingApp.swift in Sources */ = {isa = PBXBuildFile; fileRef = 9379C24D2AD53BAA0099DEFE /* KiwChingApp.swift */; };
		9379C2502AD53BAA0099DEFE /* ContentView.swift in Sources */ = {isa = PBXBuildFile; fileRef = 9379C24F2AD53BAA0099DEFE /* ContentView.swift */; };
		9379C2522AD53BAA0099DEFE /* Item.swift in Sources */ = {isa = PBXBuildFile; fileRef = 9379C2512AD53BAA0099DEFE /* Item.swift */; };
		9379C2542AD53BAC0099DEFE /* Assets.xcassets in Resources */ = {isa = PBXBuildFile; fileRef = 9379C2532AD53BAC0099DEFE /* Assets.xcassets */; };
		9379C2572AD53BAC0099DEFE /* Preview Assets.xcassets in Resources */ = {isa = PBXBuildFile; fileRef = 9379C2562AD53BAC0099DEFE /* Preview Assets.xcassets */; };
		9379C2632AD53BAD0099DEFE /* KiwChingTests.swift in Sources */ = {isa = PBXBuildFile; fileRef = 9379C2622AD53BAD0099DEFE /* KiwChingTests.swift */; };
		9379C26D2AD53BAD0099DEFE /* KiwChingUITests.swift in Sources */ = {isa = PBXBuildFile; fileRef = 9379C26C2AD53BAD0099DEFE /* KiwChingUITests.swift */; };
		9379C26F2AD53BAD0099DEFE /* KiwChingUITestsLaunchTests.swift in Sources */ = {isa = PBXBuildFile; fileRef = 9379C26E2AD53BAD0099DEFE /* KiwChingUITestsLaunchTests.swift */; };
		9379C27C2AD54FF70099DEFE /* README.md in Resources */ = {isa = PBXBuildFile; fileRef = 9379C27B2AD54FF70099DEFE /* README.md */; };
		93B853382AD59DE50060DB4A /* Device.swift in Sources */ = {isa = PBXBuildFile; fileRef = 93B853372AD59DE50060DB4A /* Device.swift */; };
		93B8533D2AD5BDFE0060DB4A /* HomeView.swift in Sources */ = {isa = PBXBuildFile; fileRef = 93B8533C2AD5BDFE0060DB4A /* HomeView.swift */; };
		93B853402AD5C13D0060DB4A /* ObjectDetectionViewController.swift in Sources */ = {isa = PBXBuildFile; fileRef = 93B8533F2AD5C13D0060DB4A /* ObjectDetectionViewController.swift */; };
		93B853422AD5C1770060DB4A /* Detector.swift in Sources */ = {isa = PBXBuildFile; fileRef = 93B853412AD5C1770060DB4A /* Detector.swift */; };
		93C2D2092AD6556F0051DE9F /* yolov8s.mlmodel in Resources */ = {isa = PBXBuildFile; fileRef = 93B853432AD5C4D40060DB4A /* yolov8s.mlmodel */; };
/* End PBXBuildFile section */

/* Begin PBXContainerItemProxy section */
		9379C25F2AD53BAD0099DEFE /* PBXContainerItemProxy */ = {
			isa = PBXContainerItemProxy;
			containerPortal = 9379C2422AD53BAA0099DEFE /* Project object */;
			proxyType = 1;
			remoteGlobalIDString = 9379C2492AD53BAA0099DEFE;
			remoteInfo = KiwChing;
		};
		9379C2692AD53BAD0099DEFE /* PBXContainerItemProxy */ = {
			isa = PBXContainerItemProxy;
			containerPortal = 9379C2422AD53BAA0099DEFE /* Project object */;
			proxyType = 1;
			remoteGlobalIDString = 9379C2492AD53BAA0099DEFE;
			remoteInfo = KiwChing;
		};
/* End PBXContainerItemProxy section */

/* Begin PBXFileReference section */
		9379C24A2AD53BAA0099DEFE /* KiwChing.app */ = {isa = PBXFileReference; explicitFileType = wrapper.application; includeInIndex = 0; path = KiwChing.app; sourceTree = BUILT_PRODUCTS_DIR; };
		9379C24D2AD53BAA0099DEFE /* KiwChingApp.swift */ = {isa = PBXFileReference; lastKnownFileType = sourcecode.swift; path = KiwChingApp.swift; sourceTree = "<group>"; };
		9379C24F2AD53BAA0099DEFE /* ContentView.swift */ = {isa = PBXFileReference; lastKnownFileType = sourcecode.swift; path = ContentView.swift; sourceTree = "<group>"; };
		9379C2512AD53BAA0099DEFE /* Item.swift */ = {isa = PBXFileReference; lastKnownFileType = sourcecode.swift; path = Item.swift; sourceTree = "<group>"; };
		9379C2532AD53BAC0099DEFE /* Assets.xcassets */ = {isa = PBXFileReference; lastKnownFileType = folder.assetcatalog; path = Assets.xcassets; sourceTree = "<group>"; };
		9379C2562AD53BAC0099DEFE /* Preview Assets.xcassets */ = {isa = PBXFileReference; lastKnownFileType = folder.assetcatalog; path = "Preview Assets.xcassets"; sourceTree = "<group>"; };
		9379C2582AD53BAC0099DEFE /* KiwChing.entitlements */ = {isa = PBXFileReference; lastKnownFileType = text.plist.entitlements; path = KiwChing.entitlements; sourceTree = "<group>"; };
		9379C2592AD53BAC0099DEFE /* Info.plist */ = {isa = PBXFileReference; lastKnownFileType = text.plist.xml; path = Info.plist; sourceTree = "<group>"; };
		9379C25E2AD53BAD0099DEFE /* KiwChingTests.xctest */ = {isa = PBXFileReference; explicitFileType = wrapper.cfbundle; includeInIndex = 0; path = KiwChingTests.xctest; sourceTree = BUILT_PRODUCTS_DIR; };
		9379C2622AD53BAD0099DEFE /* KiwChingTests.swift */ = {isa = PBXFileReference; lastKnownFileType = sourcecode.swift; path = KiwChingTests.swift; sourceTree = "<group>"; };
		9379C2682AD53BAD0099DEFE /* KiwChingUITests.xctest */ = {isa = PBXFileReference; explicitFileType = wrapper.cfbundle; includeInIndex = 0; path = KiwChingUITests.xctest; sourceTree = BUILT_PRODUCTS_DIR; };
		9379C26C2AD53BAD0099DEFE /* KiwChingUITests.swift */ = {isa = PBXFileReference; lastKnownFileType = sourcecode.swift; path = KiwChingUITests.swift; sourceTree = "<group>"; };
		9379C26E2AD53BAD0099DEFE /* KiwChingUITestsLaunchTests.swift */ = {isa = PBXFileReference; lastKnownFileType = sourcecode.swift; path = KiwChingUITestsLaunchTests.swift; sourceTree = "<group>"; };
		9379C27B2AD54FF70099DEFE /* README.md */ = {isa = PBXFileReference; fileEncoding = 4; lastKnownFileType = net.daringfireball.markdown; path = README.md; sourceTree = "<group>"; };
		93B853372AD59DE50060DB4A /* Device.swift */ = {isa = PBXFileReference; lastKnownFileType = sourcecode.swift; path = Device.swift; sourceTree = "<group>"; };
		93B8533C2AD5BDFE0060DB4A /* HomeView.swift */ = {isa = PBXFileReference; lastKnownFileType = sourcecode.swift; path = HomeView.swift; sourceTree = "<group>"; };
		93B8533F2AD5C13D0060DB4A /* ObjectDetectionViewController.swift */ = {isa = PBXFileReference; lastKnownFileType = sourcecode.swift; path = ObjectDetectionViewController.swift; sourceTree = "<group>"; };
		93B853412AD5C1770060DB4A /* Detector.swift */ = {isa = PBXFileReference; lastKnownFileType = sourcecode.swift; path = Detector.swift; sourceTree = "<group>"; };
		93B853432AD5C4D40060DB4A /* yolov8s.mlmodel */ = {isa = PBXFileReference; lastKnownFileType = file.mlmodel; path = yolov8s.mlmodel; sourceTree = "<group>"; };
/* End PBXFileReference section */

/* Begin PBXFrameworksBuildPhase section */
		9379C2472AD53BAA0099DEFE /* Frameworks */ = {
			isa = PBXFrameworksBuildPhase;
			buildActionMask = 2147483647;
			files = (
			);
			runOnlyForDeploymentPostprocessing = 0;
		};
		9379C25B2AD53BAD0099DEFE /* Frameworks */ = {
			isa = PBXFrameworksBuildPhase;
			buildActionMask = 2147483647;
			files = (
			);
			runOnlyForDeploymentPostprocessing = 0;
		};
		9379C2652AD53BAD0099DEFE /* Frameworks */ = {
			isa = PBXFrameworksBuildPhase;
			buildActionMask = 2147483647;
			files = (
			);
			runOnlyForDeploymentPostprocessing = 0;
		};
/* End PBXFrameworksBuildPhase section */

/* Begin PBXGroup section */
		9379C2412AD53BAA0099DEFE = {
			isa = PBXGroup;
			children = (
				9379C27B2AD54FF70099DEFE /* README.md */,
				9379C24C2AD53BAA0099DEFE /* KiwChing */,
				9379C2612AD53BAD0099DEFE /* KiwChingTests */,
				9379C26B2AD53BAD0099DEFE /* KiwChingUITests */,
				9379C24B2AD53BAA0099DEFE /* Products */,
			);
			sourceTree = "<group>";
		};
		9379C24B2AD53BAA0099DEFE /* Products */ = {
			isa = PBXGroup;
			children = (
				9379C24A2AD53BAA0099DEFE /* KiwChing.app */,
				9379C25E2AD53BAD0099DEFE /* KiwChingTests.xctest */,
				9379C2682AD53BAD0099DEFE /* KiwChingUITests.xctest */,
			);
			name = Products;
			sourceTree = "<group>";
		};
		9379C24C2AD53BAA0099DEFE /* KiwChing */ = {
			isa = PBXGroup;
			children = (
				93B8533B2AD5BA7B0060DB4A /* ViewModel */,
				93B8533A2AD5B92D0060DB4A /* Model */,
				93B853392AD5B91D0060DB4A /* CoreMLModels */,
				93B853352AD59DC70060DB4A /* View */,
				9379C24D2AD53BAA0099DEFE /* KiwChingApp.swift */,
				9379C24F2AD53BAA0099DEFE /* ContentView.swift */,
				9379C2512AD53BAA0099DEFE /* Item.swift */,
				9379C2532AD53BAC0099DEFE /* Assets.xcassets */,
				9379C2582AD53BAC0099DEFE /* KiwChing.entitlements */,
				9379C2592AD53BAC0099DEFE /* Info.plist */,
				9379C2552AD53BAC0099DEFE /* Preview Content */,
			);
			path = KiwChing;
			sourceTree = "<group>";
		};
		9379C2552AD53BAC0099DEFE /* Preview Content */ = {
			isa = PBXGroup;
			children = (
				9379C2562AD53BAC0099DEFE /* Preview Assets.xcassets */,
			);
			path = "Preview Content";
			sourceTree = "<group>";
		};
		9379C2612AD53BAD0099DEFE /* KiwChingTests */ = {
			isa = PBXGroup;
			children = (
				9379C2622AD53BAD0099DEFE /* KiwChingTests.swift */,
			);
			path = KiwChingTests;
			sourceTree = "<group>";
		};
		9379C26B2AD53BAD0099DEFE /* KiwChingUITests */ = {
			isa = PBXGroup;
			children = (
				9379C26C2AD53BAD0099DEFE /* KiwChingUITests.swift */,
				9379C26E2AD53BAD0099DEFE /* KiwChingUITestsLaunchTests.swift */,
			);
			path = KiwChingUITests;
			sourceTree = "<group>";
		};
		93B853352AD59DC70060DB4A /* View */ = {
			isa = PBXGroup;
			children = (
				93B8533E2AD5C1210060DB4A /* ObjectDetection */,
				93B853362AD59DCF0060DB4A /* Extension */,
				93B8533C2AD5BDFE0060DB4A /* HomeView.swift */,
			);
			path = View;
			sourceTree = "<group>";
		};
		93B853362AD59DCF0060DB4A /* Extension */ = {
			isa = PBXGroup;
			children = (
				93B853372AD59DE50060DB4A /* Device.swift */,
			);
			path = Extension;
			sourceTree = "<group>";
		};
		93B853392AD5B91D0060DB4A /* CoreMLModels */ = {
			isa = PBXGroup;
			children = (
				93B853432AD5C4D40060DB4A /* yolov8s.mlmodel */,
			);
			path = CoreMLModels;
			sourceTree = "<group>";
		};
		93B8533A2AD5B92D0060DB4A /* Model */ = {
			isa = PBXGroup;
			children = (
			);
			path = Model;
			sourceTree = "<group>";
		};
		93B8533B2AD5BA7B0060DB4A /* ViewModel */ = {
			isa = PBXGroup;
			children = (
			);
			path = ViewModel;
			sourceTree = "<group>";
		};
		93B8533E2AD5C1210060DB4A /* ObjectDetection */ = {
			isa = PBXGroup;
			children = (
				93B8533F2AD5C13D0060DB4A /* ObjectDetectionViewController.swift */,
				93B853412AD5C1770060DB4A /* Detector.swift */,
			);
			path = ObjectDetection;
			sourceTree = "<group>";
		};
/* End PBXGroup section */

/* Begin PBXNativeTarget section */
		9379C2492AD53BAA0099DEFE /* KiwChing */ = {
			isa = PBXNativeTarget;
			buildConfigurationList = 9379C2722AD53BAD0099DEFE /* Build configuration list for PBXNativeTarget "KiwChing" */;
			buildPhases = (
				9379C2462AD53BAA0099DEFE /* Sources */,
				9379C2472AD53BAA0099DEFE /* Frameworks */,
				9379C2482AD53BAA0099DEFE /* Resources */,
			);
			buildRules = (
			);
			dependencies = (
			);
			name = KiwChing;
			productName = KiwChing;
			productReference = 9379C24A2AD53BAA0099DEFE /* KiwChing.app */;
			productType = "com.apple.product-type.application";
		};
		9379C25D2AD53BAD0099DEFE /* KiwChingTests */ = {
			isa = PBXNativeTarget;
			buildConfigurationList = 9379C2752AD53BAD0099DEFE /* Build configuration list for PBXNativeTarget "KiwChingTests" */;
			buildPhases = (
				9379C25A2AD53BAD0099DEFE /* Sources */,
				9379C25B2AD53BAD0099DEFE /* Frameworks */,
				9379C25C2AD53BAD0099DEFE /* Resources */,
			);
			buildRules = (
			);
			dependencies = (
				9379C2602AD53BAD0099DEFE /* PBXTargetDependency */,
			);
			name = KiwChingTests;
			productName = KiwChingTests;
			productReference = 9379C25E2AD53BAD0099DEFE /* KiwChingTests.xctest */;
			productType = "com.apple.product-type.bundle.unit-test";
		};
		9379C2672AD53BAD0099DEFE /* KiwChingUITests */ = {
			isa = PBXNativeTarget;
			buildConfigurationList = 9379C2782AD53BAD0099DEFE /* Build configuration list for PBXNativeTarget "KiwChingUITests" */;
			buildPhases = (
				9379C2642AD53BAD0099DEFE /* Sources */,
				9379C2652AD53BAD0099DEFE /* Frameworks */,
				9379C2662AD53BAD0099DEFE /* Resources */,
			);
			buildRules = (
			);
			dependencies = (
				9379C26A2AD53BAD0099DEFE /* PBXTargetDependency */,
			);
			name = KiwChingUITests;
			productName = KiwChingUITests;
			productReference = 9379C2682AD53BAD0099DEFE /* KiwChingUITests.xctest */;
			productType = "com.apple.product-type.bundle.ui-testing";
		};
/* End PBXNativeTarget section */

/* Begin PBXProject section */
		9379C2422AD53BAA0099DEFE /* Project object */ = {
			isa = PBXProject;
			attributes = {
				BuildIndependentTargetsInParallel = 1;
				LastSwiftUpdateCheck = 1500;
				LastUpgradeCheck = 1500;
				TargetAttributes = {
					9379C2492AD53BAA0099DEFE = {
						CreatedOnToolsVersion = 15.0;
					};
					9379C25D2AD53BAD0099DEFE = {
						CreatedOnToolsVersion = 15.0;
						TestTargetID = 9379C2492AD53BAA0099DEFE;
					};
					9379C2672AD53BAD0099DEFE = {
						CreatedOnToolsVersion = 15.0;
						TestTargetID = 9379C2492AD53BAA0099DEFE;
					};
				};
			};
			buildConfigurationList = 9379C2452AD53BAA0099DEFE /* Build configuration list for PBXProject "KiwChing" */;
			compatibilityVersion = "Xcode 14.0";
			developmentRegion = en;
			hasScannedForEncodings = 0;
			knownRegions = (
				en,
				Base,
			);
			mainGroup = 9379C2412AD53BAA0099DEFE;
			productRefGroup = 9379C24B2AD53BAA0099DEFE /* Products */;
			projectDirPath = "";
			projectRoot = "";
			targets = (
				9379C2492AD53BAA0099DEFE /* KiwChing */,
				9379C25D2AD53BAD0099DEFE /* KiwChingTests */,
				9379C2672AD53BAD0099DEFE /* KiwChingUITests */,
			);
		};
/* End PBXProject section */

/* Begin PBXResourcesBuildPhase section */
		9379C2482AD53BAA0099DEFE /* Resources */ = {
			isa = PBXResourcesBuildPhase;
			buildActionMask = 2147483647;
			files = (
				93C2D2092AD6556F0051DE9F /* yolov8s.mlmodel in Resources */,
				9379C27C2AD54FF70099DEFE /* README.md in Resources */,
				9379C2572AD53BAC0099DEFE /* Preview Assets.xcassets in Resources */,
				9379C2542AD53BAC0099DEFE /* Assets.xcassets in Resources */,
			);
			runOnlyForDeploymentPostprocessing = 0;
		};
		9379C25C2AD53BAD0099DEFE /* Resources */ = {
			isa = PBXResourcesBuildPhase;
			buildActionMask = 2147483647;
			files = (
			);
			runOnlyForDeploymentPostprocessing = 0;
		};
		9379C2662AD53BAD0099DEFE /* Resources */ = {
			isa = PBXResourcesBuildPhase;
			buildActionMask = 2147483647;
			files = (
			);
			runOnlyForDeploymentPostprocessing = 0;
		};
/* End PBXResourcesBuildPhase section */

/* Begin PBXSourcesBuildPhase section */
		9379C2462AD53BAA0099DEFE /* Sources */ = {
			isa = PBXSourcesBuildPhase;
			buildActionMask = 2147483647;
			files = (
				9379C2502AD53BAA0099DEFE /* ContentView.swift in Sources */,
				93B853422AD5C1770060DB4A /* Detector.swift in Sources */,
				9379C2522AD53BAA0099DEFE /* Item.swift in Sources */,
				9379C24E2AD53BAA0099DEFE /* KiwChingApp.swift in Sources */,
				93B853402AD5C13D0060DB4A /* ObjectDetectionViewController.swift in Sources */,
				93B8533D2AD5BDFE0060DB4A /* HomeView.swift in Sources */,
				93B853382AD59DE50060DB4A /* Device.swift in Sources */,
			);
			runOnlyForDeploymentPostprocessing = 0;
		};
		9379C25A2AD53BAD0099DEFE /* Sources */ = {
			isa = PBXSourcesBuildPhase;
			buildActionMask = 2147483647;
			files = (
				9379C2632AD53BAD0099DEFE /* KiwChingTests.swift in Sources */,
			);
			runOnlyForDeploymentPostprocessing = 0;
		};
		9379C2642AD53BAD0099DEFE /* Sources */ = {
			isa = PBXSourcesBuildPhase;
			buildActionMask = 2147483647;
			files = (
				9379C26F2AD53BAD0099DEFE /* KiwChingUITestsLaunchTests.swift in Sources */,
				9379C26D2AD53BAD0099DEFE /* KiwChingUITests.swift in Sources */,
			);
			runOnlyForDeploymentPostprocessing = 0;
		};
/* End PBXSourcesBuildPhase section */

/* Begin PBXTargetDependency section */
		9379C2602AD53BAD0099DEFE /* PBXTargetDependency */ = {
			isa = PBXTargetDependency;
			target = 9379C2492AD53BAA0099DEFE /* KiwChing */;
			targetProxy = 9379C25F2AD53BAD0099DEFE /* PBXContainerItemProxy */;
		};
		9379C26A2AD53BAD0099DEFE /* PBXTargetDependency */ = {
			isa = PBXTargetDependency;
			target = 9379C2492AD53BAA0099DEFE /* KiwChing */;
			targetProxy = 9379C2692AD53BAD0099DEFE /* PBXContainerItemProxy */;
		};
/* End PBXTargetDependency section */

/* Begin XCBuildConfiguration section */
		9379C2702AD53BAD0099DEFE /* Debug */ = {
			isa = XCBuildConfiguration;
			buildSettings = {
				ALWAYS_SEARCH_USER_PATHS = NO;
				ASSETCATALOG_COMPILER_GENERATE_SWIFT_ASSET_SYMBOL_EXTENSIONS = YES;
				CLANG_ANALYZER_NONNULL = YES;
				CLANG_ANALYZER_NUMBER_OBJECT_CONVERSION = YES_AGGRESSIVE;
				CLANG_CXX_LANGUAGE_STANDARD = "gnu++20";
				CLANG_ENABLE_MODULES = YES;
				CLANG_ENABLE_OBJC_ARC = YES;
				CLANG_ENABLE_OBJC_WEAK = YES;
				CLANG_WARN_BLOCK_CAPTURE_AUTORELEASING = YES;
				CLANG_WARN_BOOL_CONVERSION = YES;
				CLANG_WARN_COMMA = YES;
				CLANG_WARN_CONSTANT_CONVERSION = YES;
				CLANG_WARN_DEPRECATED_OBJC_IMPLEMENTATIONS = YES;
				CLANG_WARN_DIRECT_OBJC_ISA_USAGE = YES_ERROR;
				CLANG_WARN_DOCUMENTATION_COMMENTS = YES;
				CLANG_WARN_EMPTY_BODY = YES;
				CLANG_WARN_ENUM_CONVERSION = YES;
				CLANG_WARN_INFINITE_RECURSION = YES;
				CLANG_WARN_INT_CONVERSION = YES;
				CLANG_WARN_NON_LITERAL_NULL_CONVERSION = YES;
				CLANG_WARN_OBJC_IMPLICIT_RETAIN_SELF = YES;
				CLANG_WARN_OBJC_LITERAL_CONVERSION = YES;
				CLANG_WARN_OBJC_ROOT_CLASS = YES_ERROR;
				CLANG_WARN_QUOTED_INCLUDE_IN_FRAMEWORK_HEADER = YES;
				CLANG_WARN_RANGE_LOOP_ANALYSIS = YES;
				CLANG_WARN_STRICT_PROTOTYPES = YES;
				CLANG_WARN_SUSPICIOUS_MOVE = YES;
				CLANG_WARN_UNGUARDED_AVAILABILITY = YES_AGGRESSIVE;
				CLANG_WARN_UNREACHABLE_CODE = YES;
				CLANG_WARN__DUPLICATE_METHOD_MATCH = YES;
				COPY_PHASE_STRIP = NO;
				DEBUG_INFORMATION_FORMAT = dwarf;
				ENABLE_STRICT_OBJC_MSGSEND = YES;
				ENABLE_TESTABILITY = YES;
				ENABLE_USER_SCRIPT_SANDBOXING = YES;
				GCC_C_LANGUAGE_STANDARD = gnu17;
				GCC_DYNAMIC_NO_PIC = NO;
				GCC_NO_COMMON_BLOCKS = YES;
				GCC_OPTIMIZATION_LEVEL = 0;
				GCC_PREPROCESSOR_DEFINITIONS = (
					"DEBUG=1",
					"$(inherited)",
				);
				GCC_WARN_64_TO_32_BIT_CONVERSION = YES;
				GCC_WARN_ABOUT_RETURN_TYPE = YES_ERROR;
				GCC_WARN_UNDECLARED_SELECTOR = YES;
				GCC_WARN_UNINITIALIZED_AUTOS = YES_AGGRESSIVE;
				GCC_WARN_UNUSED_FUNCTION = YES;
				GCC_WARN_UNUSED_VARIABLE = YES;
				IPHONEOS_DEPLOYMENT_TARGET = 17.0;
				LOCALIZATION_PREFERS_STRING_CATALOGS = YES;
				MTL_ENABLE_DEBUG_INFO = INCLUDE_SOURCE;
				MTL_FAST_MATH = YES;
				ONLY_ACTIVE_ARCH = YES;
				SDKROOT = iphoneos;
				SWIFT_ACTIVE_COMPILATION_CONDITIONS = "DEBUG $(inherited)";
				SWIFT_OPTIMIZATION_LEVEL = "-Onone";
			};
			name = Debug;
		};
		9379C2712AD53BAD0099DEFE /* Release */ = {
			isa = XCBuildConfiguration;
			buildSettings = {
				ALWAYS_SEARCH_USER_PATHS = NO;
				ASSETCATALOG_COMPILER_GENERATE_SWIFT_ASSET_SYMBOL_EXTENSIONS = YES;
				CLANG_ANALYZER_NONNULL = YES;
				CLANG_ANALYZER_NUMBER_OBJECT_CONVERSION = YES_AGGRESSIVE;
				CLANG_CXX_LANGUAGE_STANDARD = "gnu++20";
				CLANG_ENABLE_MODULES = YES;
				CLANG_ENABLE_OBJC_ARC = YES;
				CLANG_ENABLE_OBJC_WEAK = YES;
				CLANG_WARN_BLOCK_CAPTURE_AUTORELEASING = YES;
				CLANG_WARN_BOOL_CONVERSION = YES;
				CLANG_WARN_COMMA = YES;
				CLANG_WARN_CONSTANT_CONVERSION = YES;
				CLANG_WARN_DEPRECATED_OBJC_IMPLEMENTATIONS = YES;
				CLANG_WARN_DIRECT_OBJC_ISA_USAGE = YES_ERROR;
				CLANG_WARN_DOCUMENTATION_COMMENTS = YES;
				CLANG_WARN_EMPTY_BODY = YES;
				CLANG_WARN_ENUM_CONVERSION = YES;
				CLANG_WARN_INFINITE_RECURSION = YES;
				CLANG_WARN_INT_CONVERSION = YES;
				CLANG_WARN_NON_LITERAL_NULL_CONVERSION = YES;
				CLANG_WARN_OBJC_IMPLICIT_RETAIN_SELF = YES;
				CLANG_WARN_OBJC_LITERAL_CONVERSION = YES;
				CLANG_WARN_OBJC_ROOT_CLASS = YES_ERROR;
				CLANG_WARN_QUOTED_INCLUDE_IN_FRAMEWORK_HEADER = YES;
				CLANG_WARN_RANGE_LOOP_ANALYSIS = YES;
				CLANG_WARN_STRICT_PROTOTYPES = YES;
				CLANG_WARN_SUSPICIOUS_MOVE = YES;
				CLANG_WARN_UNGUARDED_AVAILABILITY = YES_AGGRESSIVE;
				CLANG_WARN_UNREACHABLE_CODE = YES;
				CLANG_WARN__DUPLICATE_METHOD_MATCH = YES;
				COPY_PHASE_STRIP = NO;
				DEBUG_INFORMATION_FORMAT = "dwarf-with-dsym";
				ENABLE_NS_ASSERTIONS = NO;
				ENABLE_STRICT_OBJC_MSGSEND = YES;
				ENABLE_USER_SCRIPT_SANDBOXING = YES;
				GCC_C_LANGUAGE_STANDARD = gnu17;
				GCC_NO_COMMON_BLOCKS = YES;
				GCC_WARN_64_TO_32_BIT_CONVERSION = YES;
				GCC_WARN_ABOUT_RETURN_TYPE = YES_ERROR;
				GCC_WARN_UNDECLARED_SELECTOR = YES;
				GCC_WARN_UNINITIALIZED_AUTOS = YES_AGGRESSIVE;
				GCC_WARN_UNUSED_FUNCTION = YES;
				GCC_WARN_UNUSED_VARIABLE = YES;
				IPHONEOS_DEPLOYMENT_TARGET = 17.0;
				LOCALIZATION_PREFERS_STRING_CATALOGS = YES;
				MTL_ENABLE_DEBUG_INFO = NO;
				MTL_FAST_MATH = YES;
				SDKROOT = iphoneos;
				SWIFT_COMPILATION_MODE = wholemodule;
				VALIDATE_PRODUCT = YES;
			};
			name = Release;
		};
		9379C2732AD53BAD0099DEFE /* Debug */ = {
			isa = XCBuildConfiguration;
			buildSettings = {
				ASSETCATALOG_COMPILER_APPICON_NAME = AppIcon;
				ASSETCATALOG_COMPILER_GLOBAL_ACCENT_COLOR_NAME = AccentColor;
				CODE_SIGN_ENTITLEMENTS = KiwChing/KiwChing.entitlements;
				CODE_SIGN_STYLE = Automatic;
				CURRENT_PROJECT_VERSION = 1;
				DEVELOPMENT_ASSET_PATHS = "\"KiwChing/Preview Content\"";
				DEVELOPMENT_TEAM = J8A42WJ9LX;
				ENABLE_PREVIEWS = YES;
				GENERATE_INFOPLIST_FILE = YES;
				INFOPLIST_FILE = KiwChing/Info.plist;
				INFOPLIST_KEY_NSCameraUsageDescription = "Allow this app to access the camera.";
				INFOPLIST_KEY_UIApplicationSceneManifest_Generation = YES;
				INFOPLIST_KEY_UIApplicationSupportsIndirectInputEvents = YES;
				INFOPLIST_KEY_UILaunchScreen_Generation = YES;
				INFOPLIST_KEY_UISupportedInterfaceOrientations_iPad = "UIInterfaceOrientationPortrait UIInterfaceOrientationPortraitUpsideDown UIInterfaceOrientationLandscapeLeft UIInterfaceOrientationLandscapeRight";
				INFOPLIST_KEY_UISupportedInterfaceOrientations_iPhone = "UIInterfaceOrientationPortrait UIInterfaceOrientationLandscapeLeft UIInterfaceOrientationLandscapeRight";
				LD_RUNPATH_SEARCH_PATHS = (
					"$(inherited)",
					"@executable_path/Frameworks",
				);
				MARKETING_VERSION = 1.0;
				PRODUCT_BUNDLE_IDENTIFIER = cip.kiwchingteam.KiwChing;
				PRODUCT_NAME = "$(TARGET_NAME)";
				SWIFT_EMIT_LOC_STRINGS = YES;
				SWIFT_VERSION = 5.0;
				TARGETED_DEVICE_FAMILY = "1,2";
			};
			name = Debug;
		};
		9379C2742AD53BAD0099DEFE /* Release */ = {
			isa = XCBuildConfiguration;
			buildSettings = {
				ASSETCATALOG_COMPILER_APPICON_NAME = AppIcon;
				ASSETCATALOG_COMPILER_GLOBAL_ACCENT_COLOR_NAME = AccentColor;
				CODE_SIGN_ENTITLEMENTS = KiwChing/KiwChing.entitlements;
				CODE_SIGN_STYLE = Automatic;
				CURRENT_PROJECT_VERSION = 1;
				DEVELOPMENT_ASSET_PATHS = "\"KiwChing/Preview Content\"";
				DEVELOPMENT_TEAM = J8A42WJ9LX;
				ENABLE_PREVIEWS = YES;
				GENERATE_INFOPLIST_FILE = YES;
				INFOPLIST_FILE = KiwChing/Info.plist;
				INFOPLIST_KEY_NSCameraUsageDescription = "Allow this app to access the camera.";
				INFOPLIST_KEY_UIApplicationSceneManifest_Generation = YES;
				INFOPLIST_KEY_UIApplicationSupportsIndirectInputEvents = YES;
				INFOPLIST_KEY_UILaunchScreen_Generation = YES;
				INFOPLIST_KEY_UISupportedInterfaceOrientations_iPad = "UIInterfaceOrientationPortrait UIInterfaceOrientationPortraitUpsideDown UIInterfaceOrientationLandscapeLeft UIInterfaceOrientationLandscapeRight";
				INFOPLIST_KEY_UISupportedInterfaceOrientations_iPhone = "UIInterfaceOrientationPortrait UIInterfaceOrientationLandscapeLeft UIInterfaceOrientationLandscapeRight";
				LD_RUNPATH_SEARCH_PATHS = (
					"$(inherited)",
					"@executable_path/Frameworks",
				);
				MARKETING_VERSION = 1.0;
				PRODUCT_BUNDLE_IDENTIFIER = cip.kiwchingteam.KiwChing;
				PRODUCT_NAME = "$(TARGET_NAME)";
				SWIFT_EMIT_LOC_STRINGS = YES;
				SWIFT_VERSION = 5.0;
				TARGETED_DEVICE_FAMILY = "1,2";
			};
			name = Release;
		};
		9379C2762AD53BAD0099DEFE /* Debug */ = {
			isa = XCBuildConfiguration;
			buildSettings = {
				ALWAYS_EMBED_SWIFT_STANDARD_LIBRARIES = YES;
				BUNDLE_LOADER = "$(TEST_HOST)";
				CODE_SIGN_STYLE = Automatic;
				CURRENT_PROJECT_VERSION = 1;
				DEVELOPMENT_TEAM = J8A42WJ9LX;
				GENERATE_INFOPLIST_FILE = YES;
				IPHONEOS_DEPLOYMENT_TARGET = 17.0;
				MARKETING_VERSION = 1.0;
				PRODUCT_BUNDLE_IDENTIFIER = com.kiwchingteam.KiwChingTests;
				PRODUCT_NAME = "$(TARGET_NAME)";
				SWIFT_EMIT_LOC_STRINGS = NO;
				SWIFT_VERSION = 5.0;
				TARGETED_DEVICE_FAMILY = "1,2";
				TEST_HOST = "$(BUILT_PRODUCTS_DIR)/KiwChing.app/$(BUNDLE_EXECUTABLE_FOLDER_PATH)/KiwChing";
			};
			name = Debug;
		};
		9379C2772AD53BAD0099DEFE /* Release */ = {
			isa = XCBuildConfiguration;
			buildSettings = {
				ALWAYS_EMBED_SWIFT_STANDARD_LIBRARIES = YES;
				BUNDLE_LOADER = "$(TEST_HOST)";
				CODE_SIGN_STYLE = Automatic;
				CURRENT_PROJECT_VERSION = 1;
				DEVELOPMENT_TEAM = J8A42WJ9LX;
				GENERATE_INFOPLIST_FILE = YES;
				IPHONEOS_DEPLOYMENT_TARGET = 17.0;
				MARKETING_VERSION = 1.0;
				PRODUCT_BUNDLE_IDENTIFIER = com.kiwchingteam.KiwChingTests;
				PRODUCT_NAME = "$(TARGET_NAME)";
				SWIFT_EMIT_LOC_STRINGS = NO;
				SWIFT_VERSION = 5.0;
				TARGETED_DEVICE_FAMILY = "1,2";
				TEST_HOST = "$(BUILT_PRODUCTS_DIR)/KiwChing.app/$(BUNDLE_EXECUTABLE_FOLDER_PATH)/KiwChing";
			};
			name = Release;
		};
		9379C2792AD53BAD0099DEFE /* Debug */ = {
			isa = XCBuildConfiguration;
			buildSettings = {
				ALWAYS_EMBED_SWIFT_STANDARD_LIBRARIES = YES;
				CODE_SIGN_STYLE = Automatic;
				CURRENT_PROJECT_VERSION = 1;
				DEVELOPMENT_TEAM = J8A42WJ9LX;
				GENERATE_INFOPLIST_FILE = YES;
				MARKETING_VERSION = 1.0;
				PRODUCT_BUNDLE_IDENTIFIER = com.kiwchingteam.KiwChingUITests;
				PRODUCT_NAME = "$(TARGET_NAME)";
				SWIFT_EMIT_LOC_STRINGS = NO;
				SWIFT_VERSION = 5.0;
				TARGETED_DEVICE_FAMILY = "1,2";
				TEST_TARGET_NAME = KiwChing;
			};
			name = Debug;
		};
		9379C27A2AD53BAD0099DEFE /* Release */ = {
			isa = XCBuildConfiguration;
			buildSettings = {
				ALWAYS_EMBED_SWIFT_STANDARD_LIBRARIES = YES;
				CODE_SIGN_STYLE = Automatic;
				CURRENT_PROJECT_VERSION = 1;
				DEVELOPMENT_TEAM = J8A42WJ9LX;
				GENERATE_INFOPLIST_FILE = YES;
				MARKETING_VERSION = 1.0;
				PRODUCT_BUNDLE_IDENTIFIER = com.kiwchingteam.KiwChingUITests;
				PRODUCT_NAME = "$(TARGET_NAME)";
				SWIFT_EMIT_LOC_STRINGS = NO;
				SWIFT_VERSION = 5.0;
				TARGETED_DEVICE_FAMILY = "1,2";
				TEST_TARGET_NAME = KiwChing;
			};
			name = Release;
		};
/* End XCBuildConfiguration section */

/* Begin XCConfigurationList section */
		9379C2452AD53BAA0099DEFE /* Build configuration list for PBXProject "KiwChing" */ = {
			isa = XCConfigurationList;
			buildConfigurations = (
				9379C2702AD53BAD0099DEFE /* Debug */,
				9379C2712AD53BAD0099DEFE /* Release */,
			);
			defaultConfigurationIsVisible = 0;
			defaultConfigurationName = Release;
		};
		9379C2722AD53BAD0099DEFE /* Build configuration list for PBXNativeTarget "KiwChing" */ = {
			isa = XCConfigurationList;
			buildConfigurations = (
				9379C2732AD53BAD0099DEFE /* Debug */,
				9379C2742AD53BAD0099DEFE /* Release */,
			);
			defaultConfigurationIsVisible = 0;
			defaultConfigurationName = Release;
		};
		9379C2752AD53BAD0099DEFE /* Build configuration list for PBXNativeTarget "KiwChingTests" */ = {
			isa = XCConfigurationList;
			buildConfigurations = (
				9379C2762AD53BAD0099DEFE /* Debug */,
				9379C2772AD53BAD0099DEFE /* Release */,
			);
			defaultConfigurationIsVisible = 0;
			defaultConfigurationName = Release;
		};
		9379C2782AD53BAD0099DEFE /* Build configuration list for PBXNativeTarget "KiwChingUITests" */ = {
			isa = XCConfigurationList;
			buildConfigurations = (
				9379C2792AD53BAD0099DEFE /* Debug */,
				9379C27A2AD53BAD0099DEFE /* Release */,
			);
			defaultConfigurationIsVisible = 0;
			defaultConfigurationName = Release;
		};
/* End XCConfigurationList section */
	};
	rootObject = 9379C2422AD53BAA0099DEFE /* Project object */;
}
