// !$*UTF8*$!
{
	archiveVersion = 1;
	classes = {
	};
	objectVersion = 56;
	objects = {

/* Begin PBXBuildFile section */
		050353E12ADFE2970066591A /* FindHoney.swift in Sources */ = {isa = PBXBuildFile; fileRef = 050353E02ADFE2970066591A /* FindHoney.swift */; };
		0518CDD82AE220BA00521EC8 /* moco-1-2.json in Resources */ = {isa = PBXBuildFile; fileRef = 0518CDD72AE220BA00521EC8 /* moco-1-2.json */; };
		0518CDDA2AE227FA00521EC8 /* kakak_katak.json in Resources */ = {isa = PBXBuildFile; fileRef = 0518CDD92AE227FA00521EC8 /* kakak_katak.json */; };
		056949852AE0EF8800830D57 /* cow_bell_ring.mp3 in Resources */ = {isa = PBXBuildFile; fileRef = 056949842AE0EF8700830D57 /* cow_bell_ring.mp3 */; };
		056B67262AE28CFB00A3B493 /* ProfileView.swift in Sources */ = {isa = PBXBuildFile; fileRef = 056B67252AE28CFB00A3B493 /* ProfileView.swift */; };
		056B67282AE28D1400A3B493 /* AchievementsView.swift in Sources */ = {isa = PBXBuildFile; fileRef = 056B67272AE28D1400A3B493 /* AchievementsView.swift */; };
		0571CB362AE17A9E00CE0CC7 /* SpeakTheStory.swift in Sources */ = {isa = PBXBuildFile; fileRef = 0571CB352AE17A9E00CE0CC7 /* SpeakTheStory.swift */; };
		0571CB382AE1935C00CE0CC7 /* InvisibleButton.swift in Sources */ = {isa = PBXBuildFile; fileRef = 0571CB372AE1935C00CE0CC7 /* InvisibleButton.swift */; };
		0571CB3D2AE19D5700CE0CC7 /* moco-1-1.json in Resources */ = {isa = PBXBuildFile; fileRef = 0571CB3C2AE19D5700CE0CC7 /* moco-1-1.json */; };
		0571CB452AE19D6000CE0CC7 /* moco-1-10.json in Resources */ = {isa = PBXBuildFile; fileRef = 0571CB3F2AE19D6000CE0CC7 /* moco-1-10.json */; };
		0571CB462AE19D6000CE0CC7 /* maudi.json in Resources */ = {isa = PBXBuildFile; fileRef = 0571CB402AE19D6000CE0CC7 /* maudi.json */; };
		0571CB482AE19D6000CE0CC7 /* moco-1-5.json in Resources */ = {isa = PBXBuildFile; fileRef = 0571CB422AE19D6000CE0CC7 /* moco-1-5.json */; };
		0571CB492AE19D6000CE0CC7 /* teka_dan_teki.json in Resources */ = {isa = PBXBuildFile; fileRef = 0571CB432AE19D6000CE0CC7 /* teka_dan_teki.json */; };
		05AE93512ADE73E40082B21D /* SFSpeechRecognizerExtension.swift in Sources */ = {isa = PBXBuildFile; fileRef = 05AE93502ADE73E40082B21D /* SFSpeechRecognizerExtension.swift */; };
		05AE93532ADE743C0082B21D /* AVAudioSessionExtension.swift in Sources */ = {isa = PBXBuildFile; fileRef = 05AE93522ADE743C0082B21D /* AVAudioSessionExtension.swift */; };
		05AE93562ADE74740082B21D /* RecognizerError.swift in Sources */ = {isa = PBXBuildFile; fileRef = 05AE93552ADE74740082B21D /* RecognizerError.swift */; };
		05AE93582ADE74980082B21D /* SpeechRecognizerViewModel.swift in Sources */ = {isa = PBXBuildFile; fileRef = 05AE93572ADE74980082B21D /* SpeechRecognizerViewModel.swift */; };
		05AE93612ADE82410082B21D /* testing-cat.json in Resources */ = {isa = PBXBuildFile; fileRef = 05AE93602ADE82410082B21D /* testing-cat.json */; };
		05AE93632ADE82920082B21D /* LottieView.swift in Sources */ = {isa = PBXBuildFile; fileRef = 05AE93622ADE82920082B21D /* LottieView.swift */; };
		05AE93682ADE83430082B21D /* Lottie in Frameworks */ = {isa = PBXBuildFile; productRef = 05AE93672ADE83430082B21D /* Lottie */; };
		05BA97AA2AE11EE400F64F52 /* MPVolumeViewExtension.swift in Sources */ = {isa = PBXBuildFile; fileRef = 05BA97A92AE11EE400F64F52 /* MPVolumeViewExtension.swift */; };
		05D966E12ADEE6CF00997E3A /* success.mp3 in Resources */ = {isa = PBXBuildFile; fileRef = 05D966E02ADEE6CF00997E3A /* success.mp3 */; };
		05E17AD52ADE86DE00A34547 /* FindTheObject.swift in Sources */ = {isa = PBXBuildFile; fileRef = 05E17AD42ADE86DE00A34547 /* FindTheObject.swift */; };
		05E17AD72ADEBFC500A34547 /* BalloonView.swift in Sources */ = {isa = PBXBuildFile; fileRef = 05E17AD62ADEBFC500A34547 /* BalloonView.swift */; };
		05E17AD92ADED16800A34547 /* balon_merah.mp3 in Resources */ = {isa = PBXBuildFile; fileRef = 05E17AD82ADED16800A34547 /* balon_merah.mp3 */; };
		05E8B55D2AECE32D00E3612F /* button.usdz in Resources */ = {isa = PBXBuildFile; fileRef = 05E8B55C2AECE32D00E3612F /* button.usdz */; };
		05E8B56A2AED4AD400E3612F /* ARClueView.swift in Sources */ = {isa = PBXBuildFile; fileRef = 05E8B5692AED4AD400E3612F /* ARClueView.swift */; };
		05E8B56D2AED57CF00E3612F /* ARStory.swift in Sources */ = {isa = PBXBuildFile; fileRef = 05E8B56C2AED57CF00E3612F /* ARStory.swift */; };
		0B1197622AD7D4F3004FAD14 /* IconButton.swift in Sources */ = {isa = PBXBuildFile; fileRef = 0B1197612AD7D4F3004FAD14 /* IconButton.swift */; };
		0B1197832AD7E97A004FAD14 /* CollectionRowView.swift in Sources */ = {isa = PBXBuildFile; fileRef = 0B1197822AD7E97A004FAD14 /* CollectionRowView.swift */; };
		0B2E31D82AD7EB6100DFC16F /* CollectionListView.swift in Sources */ = {isa = PBXBuildFile; fileRef = 0B2E31D72AD7EB6100DFC16F /* CollectionListView.swift */; };
		0B2E31DA2AD7EBE500DFC16F /* CollectionModel.swift in Sources */ = {isa = PBXBuildFile; fileRef = 0B2E31D92AD7EBE500DFC16F /* CollectionModel.swift */; };
		0B2E31DC2AD8084600DFC16F /* CollectionView.swift in Sources */ = {isa = PBXBuildFile; fileRef = 0B2E31DB2AD8084600DFC16F /* CollectionView.swift */; };
		0B2E31DE2AD8087B00DFC16F /* Header.swift in Sources */ = {isa = PBXBuildFile; fileRef = 0B2E31DD2AD8087B00DFC16F /* Header.swift */; };
		0B2E31E02AD810D400DFC16F /* StoryBoardView.swift in Sources */ = {isa = PBXBuildFile; fileRef = 0B2E31DF2AD810D400DFC16F /* StoryBoardView.swift */; };
		0B2E31E22AD9064900DFC16F /* CollectionViewModel.swift in Sources */ = {isa = PBXBuildFile; fileRef = 0B2E31E12AD9064900DFC16F /* CollectionViewModel.swift */; };
		0B6E2F662ADC8ECE0001D320 /* StoryThemeModel.swift in Sources */ = {isa = PBXBuildFile; fileRef = 0B6E2F652ADC8ECE0001D320 /* StoryThemeModel.swift */; };
		0B6E2F682ADC908B0001D320 /* StoryModel.swift in Sources */ = {isa = PBXBuildFile; fileRef = 0B6E2F672ADC908B0001D320 /* StoryModel.swift */; };
		0B6E2F6A2ADC91060001D320 /* StoryContentModel.swift in Sources */ = {isa = PBXBuildFile; fileRef = 0B6E2F692ADC91060001D320 /* StoryContentModel.swift */; };
		0B6E2F6C2ADC91E10001D320 /* PromptModel.swift in Sources */ = {isa = PBXBuildFile; fileRef = 0B6E2F6B2ADC91E10001D320 /* PromptModel.swift */; };
		0B6E2F6E2ADC92950001D320 /* HintModel.swift in Sources */ = {isa = PBXBuildFile; fileRef = 0B6E2F6D2ADC92950001D320 /* HintModel.swift */; };
		0B6E2F702ADC96200001D320 /* StoryThemeViewModel.swift in Sources */ = {isa = PBXBuildFile; fileRef = 0B6E2F6F2ADC96200001D320 /* StoryThemeViewModel.swift */; };
		0B6E2F722ADC97BE0001D320 /* StoryViewModel.swift in Sources */ = {isa = PBXBuildFile; fileRef = 0B6E2F712ADC97BE0001D320 /* StoryViewModel.swift */; };
		0B6E2F742ADC9DC90001D320 /* HintViewModel.swift in Sources */ = {isa = PBXBuildFile; fileRef = 0B6E2F732ADC9DC90001D320 /* HintViewModel.swift */; };
		0B6E2F762ADC9F020001D320 /* PromptViewModel.swift in Sources */ = {isa = PBXBuildFile; fileRef = 0B6E2F752ADC9F020001D320 /* PromptViewModel.swift */; };
		0B6E2F782ADCA8990001D320 /* StoryContentViewModel.swift in Sources */ = {isa = PBXBuildFile; fileRef = 0B6E2F772ADCA8990001D320 /* StoryContentViewModel.swift */; };
		0BA3E5092ADFC61500BCFE9E /* StoryThemeAdminView.swift in Sources */ = {isa = PBXBuildFile; fileRef = 0BA3E5082ADFC61500BCFE9E /* StoryThemeAdminView.swift */; };
		0BA3E50B2ADFC62000BCFE9E /* StoryAdminView.swift in Sources */ = {isa = PBXBuildFile; fileRef = 0BA3E50A2ADFC62000BCFE9E /* StoryAdminView.swift */; };
		0BA3E5102ADFD04700BCFE9E /* StoryThemeModalView.swift in Sources */ = {isa = PBXBuildFile; fileRef = 0BA3E50F2ADFD04700BCFE9E /* StoryThemeModalView.swift */; };
		0BA3E5122ADFD98400BCFE9E /* StoryModalView.swift in Sources */ = {isa = PBXBuildFile; fileRef = 0BA3E5112ADFD98400BCFE9E /* StoryModalView.swift */; };
		931722172AE5508300346382 /* Page1-monolog1.m4a in Resources */ = {isa = PBXBuildFile; fileRef = 056949722AE0EB6A00830D57 /* Page1-monolog1.m4a */; };
		931722182AE5508300346382 /* Page2-monolog1.m4a in Resources */ = {isa = PBXBuildFile; fileRef = 056949752AE0EB6A00830D57 /* Page2-monolog1.m4a */; };
		931722192AE5508300346382 /* Page3-monolog1.m4a in Resources */ = {isa = PBXBuildFile; fileRef = 056949772AE0EB6A00830D57 /* Page3-monolog1.m4a */; };
		9317221A2AE5508300346382 /* Page4-monolog2.m4a in Resources */ = {isa = PBXBuildFile; fileRef = 056949712AE0EB6A00830D57 /* Page4-monolog2.m4a */; };
		9317221B2AE5508300346382 /* Page4-monolog1.m4a in Resources */ = {isa = PBXBuildFile; fileRef = 056949702AE0EB6A00830D57 /* Page4-monolog1.m4a */; };
		9317221C2AE5508300346382 /* bear_thankyou.m4a in Resources */ = {isa = PBXBuildFile; fileRef = 053393102AE13A0C0085BB30 /* bear_thankyou.m4a */; };
		9317221D2AE5508300346382 /* Page5-monolog1.m4a in Resources */ = {isa = PBXBuildFile; fileRef = 056949732AE0EB6A00830D57 /* Page5-monolog1.m4a */; };
		9317221E2AE5508300346382 /* Page6-monolog1.m4a in Resources */ = {isa = PBXBuildFile; fileRef = 056949742AE0EB6A00830D57 /* Page6-monolog1.m4a */; };
		9317221F2AE5508300346382 /* prompt_kursi.m4a in Resources */ = {isa = PBXBuildFile; fileRef = 056949762AE0EB6A00830D57 /* prompt_kursi.m4a */; };
		931722202AE5508300346382 /* Page8-monolog1.m4a in Resources */ = {isa = PBXBuildFile; fileRef = 056949782AE0EB6A00830D57 /* Page8-monolog1.m4a */; };
		931722212AE5508300346382 /* frog_thankyou.m4a in Resources */ = {isa = PBXBuildFile; fileRef = 053393112AE13A220085BB30 /* frog_thankyou.m4a */; };
		931722222AE5508300346382 /* Page9-monolog1.m4a in Resources */ = {isa = PBXBuildFile; fileRef = 056949832AE0EDC500830D57 /* Page9-monolog1.m4a */; };
		931722232AE5508300346382 /* Page10-monolog1.m4a in Resources */ = {isa = PBXBuildFile; fileRef = 056949822AE0ED3300830D57 /* Page10-monolog1.m4a */; };
		931722242AE5508300346382 /* Page10-monolog2.m4a in Resources */ = {isa = PBXBuildFile; fileRef = 056949812AE0ED3300830D57 /* Page10-monolog2.m4a */; };
		931722252AE5508300346382 /* congratulations.m4a in Resources */ = {isa = PBXBuildFile; fileRef = 053393122AE13A310085BB30 /* congratulations.m4a */; };
		932357D62ADE6EF3009B3D86 /* bg-story.mp3 in Resources */ = {isa = PBXBuildFile; fileRef = 932357D52ADE6EF3009B3D86 /* bg-story.mp3 */; };
		932357D82ADE700D009B3D86 /* AudioViewModel.swift in Sources */ = {isa = PBXBuildFile; fileRef = 932357D72ADE700D009B3D86 /* AudioViewModel.swift */; };
		932357DA2ADE7190009B3D86 /* AudioModel.swift in Sources */ = {isa = PBXBuildFile; fileRef = 932357D92ADE7190009B3D86 /* AudioModel.swift */; };
		93324AA72AEA9FD400046CB8 /* MazeModel.swift in Sources */ = {isa = PBXBuildFile; fileRef = 93324AA62AEA9FD400046CB8 /* MazeModel.swift */; };
		935D784B2AEBC7FE00DF64A5 /* CustomPersistentModel.swift in Sources */ = {isa = PBXBuildFile; fileRef = 935D784A2AEBC7FE00DF64A5 /* CustomPersistentModel.swift */; };
		935D784E2AEBF96800DF64A5 /* FLAnimatedImage in Frameworks */ = {isa = PBXBuildFile; productRef = 935D784D2AEBF96800DF64A5 /* FLAnimatedImage */; };
		935D78502AEBF98400DF64A5 /* GifView.swift in Sources */ = {isa = PBXBuildFile; fileRef = 935D784F2AEBF98400DF64A5 /* GifView.swift */; };
		935D78532AEBF9FE00DF64A5 /* URL.swift in Sources */ = {isa = PBXBuildFile; fileRef = 935D78522AEBF9FE00DF64A5 /* URL.swift */; };
		935D78552AEC09A000DF64A5 /* GlobalStorage.swift in Sources */ = {isa = PBXBuildFile; fileRef = 935D78542AEC09A000DF64A5 /* GlobalStorage.swift */; };
		935D78572AEC2D7900DF64A5 /* SettingsViewModel.swift in Sources */ = {isa = PBXBuildFile; fileRef = 935D78562AEC2D7900DF64A5 /* SettingsViewModel.swift */; };
		935D78592AED433A00DF64A5 /* Color.swift in Sources */ = {isa = PBXBuildFile; fileRef = 935D78582AED433A00DF64A5 /* Color.swift */; };
		935D785B2AED55B200DF64A5 /* PeelEffect.swift in Sources */ = {isa = PBXBuildFile; fileRef = 935D785A2AED55B200DF64A5 /* PeelEffect.swift */; };
		935D785D2AED6D6600DF64A5 /* StoryBookNew.swift in Sources */ = {isa = PBXBuildFile; fileRef = 935D785C2AED6D6600DF64A5 /* StoryBookNew.swift */; };
		935D785F2AED7C9D00DF64A5 /* PeelEffectTappable.swift in Sources */ = {isa = PBXBuildFile; fileRef = 935D785E2AED7C9D00DF64A5 /* PeelEffectTappable.swift */; };
		935D78622AEE1AC400DF64A5 /* MazePrompt.swift in Sources */ = {isa = PBXBuildFile; fileRef = 935D78612AEE1AC400DF64A5 /* MazePrompt.swift */; };
		935D78642AEE217C00DF64A5 /* ColorUtil.swift in Sources */ = {isa = PBXBuildFile; fileRef = 935D78632AEE217C00DF64A5 /* ColorUtil.swift */; };
		935D78672AEE858500DF64A5 /* ConfettiSwiftUI in Frameworks */ = {isa = PBXBuildFile; productRef = 935D78662AEE858500DF64A5 /* ConfettiSwiftUI */; };
		935D78692AEF4B1C00DF64A5 /* View.swift in Sources */ = {isa = PBXBuildFile; fileRef = 935D78682AEF4B1C00DF64A5 /* View.swift */; };
		935D786B2AEF4B8300DF64A5 /* Binding.swift in Sources */ = {isa = PBXBuildFile; fileRef = 935D786A2AEF4B8300DF64A5 /* Binding.swift */; };
		935D786D2AEF4BD600DF64A5 /* ViewOnLoad.swift in Sources */ = {isa = PBXBuildFile; fileRef = 935D786C2AEF4BD600DF64A5 /* ViewOnLoad.swift */; };
		935D786F2AEF4C1200DF64A5 /* Spacer.swift in Sources */ = {isa = PBXBuildFile; fileRef = 935D786E2AEF4C1200DF64A5 /* Spacer.swift */; };
		937AF2862AE80BFB008C69BB /* RippleView.swift in Sources */ = {isa = PBXBuildFile; fileRef = 937AF2852AE80BFA008C69BB /* RippleView.swift */; };
		937AF2882AE81983008C69BB /* RippleModel.swift in Sources */ = {isa = PBXBuildFile; fileRef = 937AF2872AE81983008C69BB /* RippleModel.swift */; };
		937AF28A2AE81A26008C69BB /* RippleViewModel.swift in Sources */ = {isa = PBXBuildFile; fileRef = 937AF2892AE81A26008C69BB /* RippleViewModel.swift */; };
		937AF28C2AE832A7008C69BB /* ARViewControllerContainer.swift in Sources */ = {isa = PBXBuildFile; fileRef = 937AF28B2AE832A7008C69BB /* ARViewControllerContainer.swift */; };
		937AF28F2AE832FC008C69BB /* ARViewController.swift in Sources */ = {isa = PBXBuildFile; fileRef = 937AF28E2AE832FC008C69BB /* ARViewController.swift */; };
		937AF2912AE83794008C69BB /* Date.swift in Sources */ = {isa = PBXBuildFile; fileRef = 937AF2902AE83794008C69BB /* Date.swift */; };
		937AF2932AE838D0008C69BB /* Dictionary.swift in Sources */ = {isa = PBXBuildFile; fileRef = 937AF2922AE838D0008C69BB /* Dictionary.swift */; };
		937AF2952AE8C06C008C69BB /* ARView.swift in Sources */ = {isa = PBXBuildFile; fileRef = 937AF2942AE8C06C008C69BB /* ARView.swift */; };
		937AF2982AE8C72B008C69BB /* environment.usdz in Resources */ = {isa = PBXBuildFile; fileRef = 937AF2972AE8C72B008C69BB /* environment.usdz */; };
		937AF29A2AE8D422008C69BB /* EnvironmentEntity.swift in Sources */ = {isa = PBXBuildFile; fileRef = 937AF2992AE8D422008C69BB /* EnvironmentEntity.swift */; };
		937AF29C2AE8D47E008C69BB /* ResourceLoader.swift in Sources */ = {isa = PBXBuildFile; fileRef = 937AF29B2AE8D47E008C69BB /* ResourceLoader.swift */; };
		937AF29E2AE8D4EE008C69BB /* ARViewModel.swift in Sources */ = {isa = PBXBuildFile; fileRef = 937AF29D2AE8D4EE008C69BB /* ARViewModel.swift */; };
		937AF29F2AE8FDB7008C69BB /* DidactGothic-Regular.ttf in Resources */ = {isa = PBXBuildFile; fileRef = 938C553F2AE22E6800BC233D /* DidactGothic-Regular.ttf */; };
		937AF2A22AE930AF008C69BB /* MazeScene.swift in Sources */ = {isa = PBXBuildFile; fileRef = 937AF2A12AE930AF008C69BB /* MazeScene.swift */; };
		937AF2A42AE930E0008C69BB /* MazeView.swift in Sources */ = {isa = PBXBuildFile; fileRef = 937AF2A32AE930E0008C69BB /* MazeView.swift */; };
		937F644B2AE4E0BB00D50FC2 /* HomeModel.swift in Sources */ = {isa = PBXBuildFile; fileRef = 937F644A2AE4E0BB00D50FC2 /* HomeModel.swift */; };
		937F644D2AE4E13F00D50FC2 /* HomeViewModel.swift in Sources */ = {isa = PBXBuildFile; fileRef = 937F644C2AE4E13F00D50FC2 /* HomeViewModel.swift */; };
		938C55362AE181C600BC233D /* RootViewModifier.swift in Sources */ = {isa = PBXBuildFile; fileRef = 938C55352AE181C600BC233D /* RootViewModifier.swift */; };
		938C55382AE183AA00BC233D /* FontViewModifier.swift in Sources */ = {isa = PBXBuildFile; fileRef = 938C55372AE183AA00BC233D /* FontViewModifier.swift */; };
		938C553A2AE1B3E800BC233D /* ObjectDetectionViewModel.swift in Sources */ = {isa = PBXBuildFile; fileRef = 938C55392AE1B3E800BC233D /* ObjectDetectionViewModel.swift */; };
		938C553C2AE1B59F00BC233D /* ObjectDetection.swift in Sources */ = {isa = PBXBuildFile; fileRef = 938C553B2AE1B59F00BC233D /* ObjectDetection.swift */; };
		938C553E2AE1B76600BC233D /* ObjectDetectionModel.swift in Sources */ = {isa = PBXBuildFile; fileRef = 938C553D2AE1B76600BC233D /* ObjectDetectionModel.swift */; };
		938C55412AE2301700BC233D /* BurgerMenu.swift in Sources */ = {isa = PBXBuildFile; fileRef = 938C55402AE2301700BC233D /* BurgerMenu.swift */; };
		938E3D1F2AD7AD78003D2AE1 /* Collection.swift in Sources */ = {isa = PBXBuildFile; fileRef = 938E3D1E2AD7AD78003D2AE1 /* Collection.swift */; };
		938E3D312AD8FD2E003D2AE1 /* ItemViewModel.swift in Sources */ = {isa = PBXBuildFile; fileRef = 938E3D302AD8FD2E003D2AE1 /* ItemViewModel.swift */; };
		938E3D332AD91605003D2AE1 /* DetectionView.swift in Sources */ = {isa = PBXBuildFile; fileRef = 938E3D322AD91605003D2AE1 /* DetectionView.swift */; };
		938E3D352AD91AD5003D2AE1 /* EnvironmentValue.swift in Sources */ = {isa = PBXBuildFile; fileRef = 938E3D342AD91AD5003D2AE1 /* EnvironmentValue.swift */; };
		938E3D372AD939C4003D2AE1 /* ContentView.swift in Sources */ = {isa = PBXBuildFile; fileRef = 938E3D362AD939C4003D2AE1 /* ContentView.swift */; };
		938E3D392AD939DC003D2AE1 /* Item.swift in Sources */ = {isa = PBXBuildFile; fileRef = 938E3D382AD939DC003D2AE1 /* Item.swift */; };
		938E3D3B2AD9874F003D2AE1 /* ModelGenerator.swift in Sources */ = {isa = PBXBuildFile; fileRef = 938E3D3A2AD9874F003D2AE1 /* ModelGenerator.swift */; };
		938E3D3D2AD9901B003D2AE1 /* PopUpComponent.swift in Sources */ = {isa = PBXBuildFile; fileRef = 938E3D3C2AD9901B003D2AE1 /* PopUpComponent.swift */; };
		938E3D3F2AD990C3003D2AE1 /* Buttons.swift in Sources */ = {isa = PBXBuildFile; fileRef = 938E3D3E2AD990C3003D2AE1 /* Buttons.swift */; };
		938E3D432ADABD9F003D2AE1 /* BaseViewModel.swift in Sources */ = {isa = PBXBuildFile; fileRef = 938E3D422ADABD9F003D2AE1 /* BaseViewModel.swift */; };
		938E3D452ADAD5F3003D2AE1 /* StoryBook.swift in Sources */ = {isa = PBXBuildFile; fileRef = 938E3D442ADAD5F3003D2AE1 /* StoryBook.swift */; };
		938E3D472ADB0AA5003D2AE1 /* Routes.swift in Sources */ = {isa = PBXBuildFile; fileRef = 938E3D462ADB0AA5003D2AE1 /* Routes.swift */; };
		938E3D4B2ADB9F1B003D2AE1 /* StoryView.swift in Sources */ = {isa = PBXBuildFile; fileRef = 938E3D4A2ADB9F1B003D2AE1 /* StoryView.swift */; };
		938E3D4D2ADBA247003D2AE1 /* ContentViewContainer.swift in Sources */ = {isa = PBXBuildFile; fileRef = 938E3D4C2ADBA247003D2AE1 /* ContentViewContainer.swift */; };
		938E3D502ADBABD3003D2AE1 /* Print.swift in Sources */ = {isa = PBXBuildFile; fileRef = 938E3D4F2ADBABD3003D2AE1 /* Print.swift */; };
		938E3D522ADBAE62003D2AE1 /* SettingsView.swift in Sources */ = {isa = PBXBuildFile; fileRef = 938E3D512ADBAE62003D2AE1 /* SettingsView.swift */; };
		938E3D542ADBCDB8003D2AE1 /* StoryNavigationButton.swift in Sources */ = {isa = PBXBuildFile; fileRef = 938E3D532ADBCDB8003D2AE1 /* StoryNavigationButton.swift */; };
		938E3D562ADBE961003D2AE1 /* Screen.swift in Sources */ = {isa = PBXBuildFile; fileRef = 938E3D552ADBE961003D2AE1 /* Screen.swift */; };
		938E3D582ADC00FB003D2AE1 /* PopUpExtension.swift in Sources */ = {isa = PBXBuildFile; fileRef = 938E3D572ADC00FB003D2AE1 /* PopUpExtension.swift */; };
		9398FBB52AE4105900AB5CE4 /* CircularProgressView.swift in Sources */ = {isa = PBXBuildFile; fileRef = 9398FBB42AE4105900AB5CE4 /* CircularProgressView.swift */; };
		9398FBB82AE41D2600AB5CE4 /* CustomAsyncImage.swift in Sources */ = {isa = PBXBuildFile; fileRef = 9398FBB72AE41D2600AB5CE4 /* CustomAsyncImage.swift */; };
		93C2F8842AD683AC007D1ABC /* MocoApp.swift in Sources */ = {isa = PBXBuildFile; fileRef = 93C2F8832AD683AC007D1ABC /* MocoApp.swift */; };
		93C2F88A2AD683AE007D1ABC /* Assets.xcassets in Resources */ = {isa = PBXBuildFile; fileRef = 93C2F8892AD683AE007D1ABC /* Assets.xcassets */; };
		93C2F88D2AD683AE007D1ABC /* Preview Assets.xcassets in Resources */ = {isa = PBXBuildFile; fileRef = 93C2F88C2AD683AE007D1ABC /* Preview Assets.xcassets */; };
		93C2F8992AD683AE007D1ABC /* MocoTests.swift in Sources */ = {isa = PBXBuildFile; fileRef = 93C2F8982AD683AE007D1ABC /* MocoTests.swift */; };
		93C2F8A32AD683AE007D1ABC /* MocoUITests.swift in Sources */ = {isa = PBXBuildFile; fileRef = 93C2F8A22AD683AE007D1ABC /* MocoUITests.swift */; };
		93C2F8A52AD683AE007D1ABC /* MocoUITestsLaunchTests.swift in Sources */ = {isa = PBXBuildFile; fileRef = 93C2F8A42AD683AE007D1ABC /* MocoUITestsLaunchTests.swift */; };
		93C2F8BB2AD684CE007D1ABC /* Detector.swift in Sources */ = {isa = PBXBuildFile; fileRef = 93C2F8B62AD684CE007D1ABC /* Detector.swift */; };
		93C2F8BC2AD684CE007D1ABC /* ObjectDetectionViewController.swift in Sources */ = {isa = PBXBuildFile; fileRef = 93C2F8B72AD684CE007D1ABC /* ObjectDetectionViewController.swift */; };
		93C2F8BD2AD684CE007D1ABC /* HomeView.swift in Sources */ = {isa = PBXBuildFile; fileRef = 93C2F8B82AD684CE007D1ABC /* HomeView.swift */; };
		93C2F8BE2AD684CE007D1ABC /* Device.swift in Sources */ = {isa = PBXBuildFile; fileRef = 93C2F8BA2AD684CE007D1ABC /* Device.swift */; };
		93C2F8C02AD685A3007D1ABC /* README.md in Resources */ = {isa = PBXBuildFile; fileRef = 93C2F8BF2AD685A3007D1ABC /* README.md */; };
		93C2F8C32AD685E6007D1ABC /* yolov8s.mlmodel in Resources */ = {isa = PBXBuildFile; fileRef = 93C2F8C12AD685D7007D1ABC /* yolov8s.mlmodel */; };
		93C8E71E2ADEDA8F002315A2 /* CherryBombRegular.ttf in Resources */ = {isa = PBXBuildFile; fileRef = 93C8E71D2ADEDA79002315A2 /* CherryBombRegular.ttf */; };
		93C8E7212ADEF1DB002315A2 /* TimerModel.swift in Sources */ = {isa = PBXBuildFile; fileRef = 93C8E7202ADEF1DB002315A2 /* TimerModel.swift */; };
		93C8E7232ADEF249002315A2 /* FontUtil.swift in Sources */ = {isa = PBXBuildFile; fileRef = 93C8E7222ADEF249002315A2 /* FontUtil.swift */; };
		93C8E7252ADEF2D3002315A2 /* TimerViewModel.swift in Sources */ = {isa = PBXBuildFile; fileRef = 93C8E7242ADEF2D3002315A2 /* TimerViewModel.swift */; };
		93C8E7272ADF8DA3002315A2 /* bg-shop.mp3 in Resources */ = {isa = PBXBuildFile; fileRef = 93C8E7262ADF8DA3002315A2 /* bg-shop.mp3 */; };
		93C8E72A2AE01660002315A2 /* Storm.swift in Sources */ = {isa = PBXBuildFile; fileRef = 93C8E7292AE01660002315A2 /* Storm.swift */; };
		93C8E72C2AE1373D002315A2 /* Shake.swift in Sources */ = {isa = PBXBuildFile; fileRef = 93C8E72B2AE1373D002315A2 /* Shake.swift */; };
		93E3D8762AE4E4BA00E5391F /* DetectionPromptModel.swift in Sources */ = {isa = PBXBuildFile; fileRef = 93E3D8752AE4E4BA00E5391F /* DetectionPromptModel.swift */; };
		93E3D8782AE4E55000E5391F /* DetectionPromptViewModel.swift in Sources */ = {isa = PBXBuildFile; fileRef = 93E3D8772AE4E55000E5391F /* DetectionPromptViewModel.swift */; };
		93E3D87A2AE4E95700E5391F /* SpeakPromptModel.swift in Sources */ = {isa = PBXBuildFile; fileRef = 93E3D8792AE4E95700E5391F /* SpeakPromptModel.swift */; };
		93E3D87C2AE4EFDB00E5391F /* SpeakPromptViewModel.swift in Sources */ = {isa = PBXBuildFile; fileRef = 93E3D87B2AE4EFDB00E5391F /* SpeakPromptViewModel.swift */; };
/* End PBXBuildFile section */

/* Begin PBXContainerItemProxy section */
		93C2F8952AD683AE007D1ABC /* PBXContainerItemProxy */ = {
			isa = PBXContainerItemProxy;
			containerPortal = 93C2F8782AD683AC007D1ABC /* Project object */;
			proxyType = 1;
			remoteGlobalIDString = 93C2F87F2AD683AC007D1ABC;
			remoteInfo = Moco;
		};
		93C2F89F2AD683AE007D1ABC /* PBXContainerItemProxy */ = {
			isa = PBXContainerItemProxy;
			containerPortal = 93C2F8782AD683AC007D1ABC /* Project object */;
			proxyType = 1;
			remoteGlobalIDString = 93C2F87F2AD683AC007D1ABC;
			remoteInfo = Moco;
		};
/* End PBXContainerItemProxy section */

/* Begin PBXFileReference section */
		050353E02ADFE2970066591A /* FindHoney.swift */ = {isa = PBXFileReference; lastKnownFileType = sourcecode.swift; path = FindHoney.swift; sourceTree = "<group>"; };
		0518CDD72AE220BA00521EC8 /* moco-1-2.json */ = {isa = PBXFileReference; fileEncoding = 4; lastKnownFileType = text.json; path = "moco-1-2.json"; sourceTree = "<group>"; };
		0518CDD92AE227FA00521EC8 /* kakak_katak.json */ = {isa = PBXFileReference; fileEncoding = 4; lastKnownFileType = text.json; path = kakak_katak.json; sourceTree = "<group>"; };
		053393102AE13A0C0085BB30 /* bear_thankyou.m4a */ = {isa = PBXFileReference; lastKnownFileType = file; path = bear_thankyou.m4a; sourceTree = "<group>"; };
		053393112AE13A220085BB30 /* frog_thankyou.m4a */ = {isa = PBXFileReference; lastKnownFileType = file; path = frog_thankyou.m4a; sourceTree = "<group>"; };
		053393122AE13A310085BB30 /* congratulations.m4a */ = {isa = PBXFileReference; lastKnownFileType = file; path = congratulations.m4a; sourceTree = "<group>"; };
		056949702AE0EB6A00830D57 /* Page4-monolog1.m4a */ = {isa = PBXFileReference; lastKnownFileType = file; path = "Page4-monolog1.m4a"; sourceTree = "<group>"; };
		056949712AE0EB6A00830D57 /* Page4-monolog2.m4a */ = {isa = PBXFileReference; lastKnownFileType = file; path = "Page4-monolog2.m4a"; sourceTree = "<group>"; };
		056949722AE0EB6A00830D57 /* Page1-monolog1.m4a */ = {isa = PBXFileReference; lastKnownFileType = file; path = "Page1-monolog1.m4a"; sourceTree = "<group>"; };
		056949732AE0EB6A00830D57 /* Page5-monolog1.m4a */ = {isa = PBXFileReference; lastKnownFileType = file; path = "Page5-monolog1.m4a"; sourceTree = "<group>"; };
		056949742AE0EB6A00830D57 /* Page6-monolog1.m4a */ = {isa = PBXFileReference; lastKnownFileType = file; path = "Page6-monolog1.m4a"; sourceTree = "<group>"; };
		056949752AE0EB6A00830D57 /* Page2-monolog1.m4a */ = {isa = PBXFileReference; lastKnownFileType = file; path = "Page2-monolog1.m4a"; sourceTree = "<group>"; };
		056949762AE0EB6A00830D57 /* prompt_kursi.m4a */ = {isa = PBXFileReference; lastKnownFileType = file; path = prompt_kursi.m4a; sourceTree = "<group>"; };
		056949772AE0EB6A00830D57 /* Page3-monolog1.m4a */ = {isa = PBXFileReference; lastKnownFileType = file; path = "Page3-monolog1.m4a"; sourceTree = "<group>"; };
		056949782AE0EB6A00830D57 /* Page8-monolog1.m4a */ = {isa = PBXFileReference; lastKnownFileType = file; path = "Page8-monolog1.m4a"; sourceTree = "<group>"; };
		056949812AE0ED3300830D57 /* Page10-monolog2.m4a */ = {isa = PBXFileReference; lastKnownFileType = file; path = "Page10-monolog2.m4a"; sourceTree = "<group>"; };
		056949822AE0ED3300830D57 /* Page10-monolog1.m4a */ = {isa = PBXFileReference; lastKnownFileType = file; path = "Page10-monolog1.m4a"; sourceTree = "<group>"; };
		056949832AE0EDC500830D57 /* Page9-monolog1.m4a */ = {isa = PBXFileReference; lastKnownFileType = file; path = "Page9-monolog1.m4a"; sourceTree = "<group>"; };
		056949842AE0EF8700830D57 /* cow_bell_ring.mp3 */ = {isa = PBXFileReference; lastKnownFileType = audio.mp3; path = cow_bell_ring.mp3; sourceTree = "<group>"; };
		056B67252AE28CFB00A3B493 /* ProfileView.swift */ = {isa = PBXFileReference; lastKnownFileType = sourcecode.swift; path = ProfileView.swift; sourceTree = "<group>"; };
		056B67272AE28D1400A3B493 /* AchievementsView.swift */ = {isa = PBXFileReference; lastKnownFileType = sourcecode.swift; path = AchievementsView.swift; sourceTree = "<group>"; };
		0571CB352AE17A9E00CE0CC7 /* SpeakTheStory.swift */ = {isa = PBXFileReference; lastKnownFileType = sourcecode.swift; path = SpeakTheStory.swift; sourceTree = "<group>"; };
		0571CB372AE1935C00CE0CC7 /* InvisibleButton.swift */ = {isa = PBXFileReference; lastKnownFileType = sourcecode.swift; path = InvisibleButton.swift; sourceTree = "<group>"; };
		0571CB3C2AE19D5700CE0CC7 /* moco-1-1.json */ = {isa = PBXFileReference; fileEncoding = 4; lastKnownFileType = text.json; path = "moco-1-1.json"; sourceTree = "<group>"; };
		0571CB3F2AE19D6000CE0CC7 /* moco-1-10.json */ = {isa = PBXFileReference; fileEncoding = 4; lastKnownFileType = text.json; path = "moco-1-10.json"; sourceTree = "<group>"; };
		0571CB402AE19D6000CE0CC7 /* maudi.json */ = {isa = PBXFileReference; fileEncoding = 4; lastKnownFileType = text.json; path = maudi.json; sourceTree = "<group>"; };
		0571CB422AE19D6000CE0CC7 /* moco-1-5.json */ = {isa = PBXFileReference; fileEncoding = 4; lastKnownFileType = text.json; path = "moco-1-5.json"; sourceTree = "<group>"; };
		0571CB432AE19D6000CE0CC7 /* teka_dan_teki.json */ = {isa = PBXFileReference; fileEncoding = 4; lastKnownFileType = text.json; path = teka_dan_teki.json; sourceTree = "<group>"; };
		05AE93502ADE73E40082B21D /* SFSpeechRecognizerExtension.swift */ = {isa = PBXFileReference; lastKnownFileType = sourcecode.swift; path = SFSpeechRecognizerExtension.swift; sourceTree = "<group>"; };
		05AE93522ADE743C0082B21D /* AVAudioSessionExtension.swift */ = {isa = PBXFileReference; lastKnownFileType = sourcecode.swift; path = AVAudioSessionExtension.swift; sourceTree = "<group>"; };
		05AE93552ADE74740082B21D /* RecognizerError.swift */ = {isa = PBXFileReference; lastKnownFileType = sourcecode.swift; path = RecognizerError.swift; sourceTree = "<group>"; };
		05AE93572ADE74980082B21D /* SpeechRecognizerViewModel.swift */ = {isa = PBXFileReference; lastKnownFileType = sourcecode.swift; path = SpeechRecognizerViewModel.swift; sourceTree = "<group>"; };
		05AE93602ADE82410082B21D /* testing-cat.json */ = {isa = PBXFileReference; fileEncoding = 4; lastKnownFileType = text.json; path = "testing-cat.json"; sourceTree = "<group>"; };
		05AE93622ADE82920082B21D /* LottieView.swift */ = {isa = PBXFileReference; lastKnownFileType = sourcecode.swift; path = LottieView.swift; sourceTree = "<group>"; };
		05BA97A92AE11EE400F64F52 /* MPVolumeViewExtension.swift */ = {isa = PBXFileReference; lastKnownFileType = sourcecode.swift; path = MPVolumeViewExtension.swift; sourceTree = "<group>"; };
		05D966E02ADEE6CF00997E3A /* success.mp3 */ = {isa = PBXFileReference; lastKnownFileType = audio.mp3; path = success.mp3; sourceTree = "<group>"; };
		05E17AD42ADE86DE00A34547 /* FindTheObject.swift */ = {isa = PBXFileReference; lastKnownFileType = sourcecode.swift; path = FindTheObject.swift; sourceTree = "<group>"; };
		05E17AD62ADEBFC500A34547 /* BalloonView.swift */ = {isa = PBXFileReference; lastKnownFileType = sourcecode.swift; path = BalloonView.swift; sourceTree = "<group>"; };
		05E17AD82ADED16800A34547 /* balon_merah.mp3 */ = {isa = PBXFileReference; lastKnownFileType = audio.mp3; path = balon_merah.mp3; sourceTree = "<group>"; };
		05E8B55C2AECE32D00E3612F /* button.usdz */ = {isa = PBXFileReference; lastKnownFileType = file.usdz; path = button.usdz; sourceTree = "<group>"; };
		05E8B5692AED4AD400E3612F /* ARClueView.swift */ = {isa = PBXFileReference; lastKnownFileType = sourcecode.swift; path = ARClueView.swift; sourceTree = "<group>"; };
		05E8B56C2AED57CF00E3612F /* ARStory.swift */ = {isa = PBXFileReference; lastKnownFileType = sourcecode.swift; path = ARStory.swift; sourceTree = "<group>"; };
		0B1197612AD7D4F3004FAD14 /* IconButton.swift */ = {isa = PBXFileReference; lastKnownFileType = sourcecode.swift; path = IconButton.swift; sourceTree = "<group>"; };
		0B1197822AD7E97A004FAD14 /* CollectionRowView.swift */ = {isa = PBXFileReference; lastKnownFileType = sourcecode.swift; path = CollectionRowView.swift; sourceTree = "<group>"; };
		0B2E31D72AD7EB6100DFC16F /* CollectionListView.swift */ = {isa = PBXFileReference; lastKnownFileType = sourcecode.swift; path = CollectionListView.swift; sourceTree = "<group>"; };
		0B2E31D92AD7EBE500DFC16F /* CollectionModel.swift */ = {isa = PBXFileReference; lastKnownFileType = sourcecode.swift; name = CollectionModel.swift; path = Moco/View/Components/ListViews/CollectionModel.swift; sourceTree = SOURCE_ROOT; };
		0B2E31DB2AD8084600DFC16F /* CollectionView.swift */ = {isa = PBXFileReference; lastKnownFileType = sourcecode.swift; path = CollectionView.swift; sourceTree = "<group>"; };
		0B2E31DD2AD8087B00DFC16F /* Header.swift */ = {isa = PBXFileReference; lastKnownFileType = sourcecode.swift; path = Header.swift; sourceTree = "<group>"; };
		0B2E31DF2AD810D400DFC16F /* StoryBoardView.swift */ = {isa = PBXFileReference; lastKnownFileType = sourcecode.swift; path = StoryBoardView.swift; sourceTree = "<group>"; };
		0B2E31E12AD9064900DFC16F /* CollectionViewModel.swift */ = {isa = PBXFileReference; lastKnownFileType = sourcecode.swift; name = CollectionViewModel.swift; path = Moco/View/CollectionViewModel.swift; sourceTree = SOURCE_ROOT; };
		0B6E2F652ADC8ECE0001D320 /* StoryThemeModel.swift */ = {isa = PBXFileReference; lastKnownFileType = sourcecode.swift; path = StoryThemeModel.swift; sourceTree = "<group>"; };
		0B6E2F672ADC908B0001D320 /* StoryModel.swift */ = {isa = PBXFileReference; lastKnownFileType = sourcecode.swift; path = StoryModel.swift; sourceTree = "<group>"; };
		0B6E2F692ADC91060001D320 /* StoryContentModel.swift */ = {isa = PBXFileReference; lastKnownFileType = sourcecode.swift; path = StoryContentModel.swift; sourceTree = "<group>"; };
		0B6E2F6B2ADC91E10001D320 /* PromptModel.swift */ = {isa = PBXFileReference; lastKnownFileType = sourcecode.swift; path = PromptModel.swift; sourceTree = "<group>"; };
		0B6E2F6D2ADC92950001D320 /* HintModel.swift */ = {isa = PBXFileReference; lastKnownFileType = sourcecode.swift; path = HintModel.swift; sourceTree = "<group>"; };
		0B6E2F6F2ADC96200001D320 /* StoryThemeViewModel.swift */ = {isa = PBXFileReference; lastKnownFileType = sourcecode.swift; path = StoryThemeViewModel.swift; sourceTree = "<group>"; };
		0B6E2F712ADC97BE0001D320 /* StoryViewModel.swift */ = {isa = PBXFileReference; lastKnownFileType = sourcecode.swift; path = StoryViewModel.swift; sourceTree = "<group>"; };
		0B6E2F732ADC9DC90001D320 /* HintViewModel.swift */ = {isa = PBXFileReference; lastKnownFileType = sourcecode.swift; path = HintViewModel.swift; sourceTree = "<group>"; };
		0B6E2F752ADC9F020001D320 /* PromptViewModel.swift */ = {isa = PBXFileReference; lastKnownFileType = sourcecode.swift; path = PromptViewModel.swift; sourceTree = "<group>"; };
		0B6E2F772ADCA8990001D320 /* StoryContentViewModel.swift */ = {isa = PBXFileReference; lastKnownFileType = sourcecode.swift; path = StoryContentViewModel.swift; sourceTree = "<group>"; };
		0BA3E5082ADFC61500BCFE9E /* StoryThemeAdminView.swift */ = {isa = PBXFileReference; lastKnownFileType = sourcecode.swift; path = StoryThemeAdminView.swift; sourceTree = "<group>"; };
		0BA3E50A2ADFC62000BCFE9E /* StoryAdminView.swift */ = {isa = PBXFileReference; lastKnownFileType = sourcecode.swift; path = StoryAdminView.swift; sourceTree = "<group>"; };
		0BA3E50F2ADFD04700BCFE9E /* StoryThemeModalView.swift */ = {isa = PBXFileReference; lastKnownFileType = sourcecode.swift; path = StoryThemeModalView.swift; sourceTree = "<group>"; };
		0BA3E5112ADFD98400BCFE9E /* StoryModalView.swift */ = {isa = PBXFileReference; lastKnownFileType = sourcecode.swift; path = StoryModalView.swift; sourceTree = "<group>"; };
		932357D52ADE6EF3009B3D86 /* bg-story.mp3 */ = {isa = PBXFileReference; lastKnownFileType = audio.mp3; path = "bg-story.mp3"; sourceTree = "<group>"; };
		932357D72ADE700D009B3D86 /* AudioViewModel.swift */ = {isa = PBXFileReference; lastKnownFileType = sourcecode.swift; path = AudioViewModel.swift; sourceTree = "<group>"; };
		932357D92ADE7190009B3D86 /* AudioModel.swift */ = {isa = PBXFileReference; lastKnownFileType = sourcecode.swift; path = AudioModel.swift; sourceTree = "<group>"; };
		93324AA62AEA9FD400046CB8 /* MazeModel.swift */ = {isa = PBXFileReference; lastKnownFileType = sourcecode.swift; path = MazeModel.swift; sourceTree = "<group>"; };
		935D784A2AEBC7FE00DF64A5 /* CustomPersistentModel.swift */ = {isa = PBXFileReference; lastKnownFileType = sourcecode.swift; path = CustomPersistentModel.swift; sourceTree = "<group>"; };
		935D784F2AEBF98400DF64A5 /* GifView.swift */ = {isa = PBXFileReference; lastKnownFileType = sourcecode.swift; path = GifView.swift; sourceTree = "<group>"; };
		935D78522AEBF9FE00DF64A5 /* URL.swift */ = {isa = PBXFileReference; lastKnownFileType = sourcecode.swift; path = URL.swift; sourceTree = "<group>"; };
		935D78542AEC09A000DF64A5 /* GlobalStorage.swift */ = {isa = PBXFileReference; lastKnownFileType = sourcecode.swift; path = GlobalStorage.swift; sourceTree = "<group>"; };
		935D78562AEC2D7900DF64A5 /* SettingsViewModel.swift */ = {isa = PBXFileReference; lastKnownFileType = sourcecode.swift; path = SettingsViewModel.swift; sourceTree = "<group>"; };
		935D78582AED433A00DF64A5 /* Color.swift */ = {isa = PBXFileReference; lastKnownFileType = sourcecode.swift; path = Color.swift; sourceTree = "<group>"; };
		935D785A2AED55B200DF64A5 /* PeelEffect.swift */ = {isa = PBXFileReference; lastKnownFileType = sourcecode.swift; path = PeelEffect.swift; sourceTree = "<group>"; };
		935D785C2AED6D6600DF64A5 /* StoryBookNew.swift */ = {isa = PBXFileReference; lastKnownFileType = sourcecode.swift; path = StoryBookNew.swift; sourceTree = "<group>"; };
		935D785E2AED7C9D00DF64A5 /* PeelEffectTappable.swift */ = {isa = PBXFileReference; lastKnownFileType = sourcecode.swift; path = PeelEffectTappable.swift; sourceTree = "<group>"; };
		935D78612AEE1AC400DF64A5 /* MazePrompt.swift */ = {isa = PBXFileReference; lastKnownFileType = sourcecode.swift; path = MazePrompt.swift; sourceTree = "<group>"; };
		935D78632AEE217C00DF64A5 /* ColorUtil.swift */ = {isa = PBXFileReference; lastKnownFileType = sourcecode.swift; path = ColorUtil.swift; sourceTree = "<group>"; };
		935D78682AEF4B1C00DF64A5 /* View.swift */ = {isa = PBXFileReference; lastKnownFileType = sourcecode.swift; path = View.swift; sourceTree = "<group>"; };
		935D786A2AEF4B8300DF64A5 /* Binding.swift */ = {isa = PBXFileReference; lastKnownFileType = sourcecode.swift; path = Binding.swift; sourceTree = "<group>"; };
		935D786C2AEF4BD600DF64A5 /* ViewOnLoad.swift */ = {isa = PBXFileReference; lastKnownFileType = sourcecode.swift; path = ViewOnLoad.swift; sourceTree = "<group>"; };
		935D786E2AEF4C1200DF64A5 /* Spacer.swift */ = {isa = PBXFileReference; lastKnownFileType = sourcecode.swift; path = Spacer.swift; sourceTree = "<group>"; };
		937AF2852AE80BFA008C69BB /* RippleView.swift */ = {isa = PBXFileReference; lastKnownFileType = sourcecode.swift; path = RippleView.swift; sourceTree = "<group>"; };
		937AF2872AE81983008C69BB /* RippleModel.swift */ = {isa = PBXFileReference; lastKnownFileType = sourcecode.swift; path = RippleModel.swift; sourceTree = "<group>"; };
		937AF2892AE81A26008C69BB /* RippleViewModel.swift */ = {isa = PBXFileReference; lastKnownFileType = sourcecode.swift; path = RippleViewModel.swift; sourceTree = "<group>"; };
		937AF28B2AE832A7008C69BB /* ARViewControllerContainer.swift */ = {isa = PBXFileReference; lastKnownFileType = sourcecode.swift; path = ARViewControllerContainer.swift; sourceTree = "<group>"; };
		937AF28E2AE832FC008C69BB /* ARViewController.swift */ = {isa = PBXFileReference; lastKnownFileType = sourcecode.swift; path = ARViewController.swift; sourceTree = "<group>"; };
		937AF2902AE83794008C69BB /* Date.swift */ = {isa = PBXFileReference; lastKnownFileType = sourcecode.swift; path = Date.swift; sourceTree = "<group>"; };
		937AF2922AE838D0008C69BB /* Dictionary.swift */ = {isa = PBXFileReference; lastKnownFileType = sourcecode.swift; path = Dictionary.swift; sourceTree = "<group>"; };
		937AF2942AE8C06C008C69BB /* ARView.swift */ = {isa = PBXFileReference; lastKnownFileType = sourcecode.swift; path = ARView.swift; sourceTree = "<group>"; };
		937AF2972AE8C72B008C69BB /* environment.usdz */ = {isa = PBXFileReference; lastKnownFileType = file.usdz; path = environment.usdz; sourceTree = "<group>"; };
		937AF2992AE8D422008C69BB /* EnvironmentEntity.swift */ = {isa = PBXFileReference; lastKnownFileType = sourcecode.swift; path = EnvironmentEntity.swift; sourceTree = "<group>"; };
		937AF29B2AE8D47E008C69BB /* ResourceLoader.swift */ = {isa = PBXFileReference; lastKnownFileType = sourcecode.swift; path = ResourceLoader.swift; sourceTree = "<group>"; };
		937AF29D2AE8D4EE008C69BB /* ARViewModel.swift */ = {isa = PBXFileReference; lastKnownFileType = sourcecode.swift; path = ARViewModel.swift; sourceTree = "<group>"; };
		937AF2A12AE930AF008C69BB /* MazeScene.swift */ = {isa = PBXFileReference; lastKnownFileType = sourcecode.swift; path = MazeScene.swift; sourceTree = "<group>"; };
		937AF2A32AE930E0008C69BB /* MazeView.swift */ = {isa = PBXFileReference; lastKnownFileType = sourcecode.swift; path = MazeView.swift; sourceTree = "<group>"; };
		937F644A2AE4E0BB00D50FC2 /* HomeModel.swift */ = {isa = PBXFileReference; lastKnownFileType = sourcecode.swift; path = HomeModel.swift; sourceTree = "<group>"; };
		937F644C2AE4E13F00D50FC2 /* HomeViewModel.swift */ = {isa = PBXFileReference; lastKnownFileType = sourcecode.swift; path = HomeViewModel.swift; sourceTree = "<group>"; };
		938C55352AE181C600BC233D /* RootViewModifier.swift */ = {isa = PBXFileReference; lastKnownFileType = sourcecode.swift; path = RootViewModifier.swift; sourceTree = "<group>"; };
		938C55372AE183AA00BC233D /* FontViewModifier.swift */ = {isa = PBXFileReference; lastKnownFileType = sourcecode.swift; path = FontViewModifier.swift; sourceTree = "<group>"; };
		938C55392AE1B3E800BC233D /* ObjectDetectionViewModel.swift */ = {isa = PBXFileReference; lastKnownFileType = sourcecode.swift; path = ObjectDetectionViewModel.swift; sourceTree = "<group>"; };
		938C553B2AE1B59F00BC233D /* ObjectDetection.swift */ = {isa = PBXFileReference; lastKnownFileType = sourcecode.swift; path = ObjectDetection.swift; sourceTree = "<group>"; };
		938C553D2AE1B76600BC233D /* ObjectDetectionModel.swift */ = {isa = PBXFileReference; lastKnownFileType = sourcecode.swift; path = ObjectDetectionModel.swift; sourceTree = "<group>"; };
		938C553F2AE22E6800BC233D /* DidactGothic-Regular.ttf */ = {isa = PBXFileReference; lastKnownFileType = file; path = "DidactGothic-Regular.ttf"; sourceTree = "<group>"; };
		938C55402AE2301700BC233D /* BurgerMenu.swift */ = {isa = PBXFileReference; lastKnownFileType = sourcecode.swift; path = BurgerMenu.swift; sourceTree = "<group>"; };
		938E3D1E2AD7AD78003D2AE1 /* Collection.swift */ = {isa = PBXFileReference; lastKnownFileType = sourcecode.swift; path = Collection.swift; sourceTree = "<group>"; };
		938E3D302AD8FD2E003D2AE1 /* ItemViewModel.swift */ = {isa = PBXFileReference; lastKnownFileType = sourcecode.swift; path = ItemViewModel.swift; sourceTree = "<group>"; };
		938E3D322AD91605003D2AE1 /* DetectionView.swift */ = {isa = PBXFileReference; lastKnownFileType = sourcecode.swift; path = DetectionView.swift; sourceTree = "<group>"; };
		938E3D342AD91AD5003D2AE1 /* EnvironmentValue.swift */ = {isa = PBXFileReference; lastKnownFileType = sourcecode.swift; path = EnvironmentValue.swift; sourceTree = "<group>"; };
		938E3D362AD939C4003D2AE1 /* ContentView.swift */ = {isa = PBXFileReference; lastKnownFileType = sourcecode.swift; path = ContentView.swift; sourceTree = "<group>"; };
		938E3D382AD939DC003D2AE1 /* Item.swift */ = {isa = PBXFileReference; fileEncoding = 4; lastKnownFileType = sourcecode.swift; path = Item.swift; sourceTree = "<group>"; };
		938E3D3A2AD9874F003D2AE1 /* ModelGenerator.swift */ = {isa = PBXFileReference; lastKnownFileType = sourcecode.swift; path = ModelGenerator.swift; sourceTree = "<group>"; };
		938E3D3C2AD9901B003D2AE1 /* PopUpComponent.swift */ = {isa = PBXFileReference; lastKnownFileType = sourcecode.swift; path = PopUpComponent.swift; sourceTree = "<group>"; };
		938E3D3E2AD990C3003D2AE1 /* Buttons.swift */ = {isa = PBXFileReference; lastKnownFileType = sourcecode.swift; path = Buttons.swift; sourceTree = "<group>"; };
		938E3D422ADABD9F003D2AE1 /* BaseViewModel.swift */ = {isa = PBXFileReference; lastKnownFileType = sourcecode.swift; path = BaseViewModel.swift; sourceTree = "<group>"; };
		938E3D442ADAD5F3003D2AE1 /* StoryBook.swift */ = {isa = PBXFileReference; lastKnownFileType = sourcecode.swift; path = StoryBook.swift; sourceTree = "<group>"; };
		938E3D462ADB0AA5003D2AE1 /* Routes.swift */ = {isa = PBXFileReference; lastKnownFileType = sourcecode.swift; path = Routes.swift; sourceTree = "<group>"; };
		938E3D4A2ADB9F1B003D2AE1 /* StoryView.swift */ = {isa = PBXFileReference; lastKnownFileType = sourcecode.swift; path = StoryView.swift; sourceTree = "<group>"; };
		938E3D4C2ADBA247003D2AE1 /* ContentViewContainer.swift */ = {isa = PBXFileReference; lastKnownFileType = sourcecode.swift; path = ContentViewContainer.swift; sourceTree = "<group>"; };
		938E3D4F2ADBABD3003D2AE1 /* Print.swift */ = {isa = PBXFileReference; lastKnownFileType = sourcecode.swift; path = Print.swift; sourceTree = "<group>"; };
		938E3D512ADBAE62003D2AE1 /* SettingsView.swift */ = {isa = PBXFileReference; lastKnownFileType = sourcecode.swift; path = SettingsView.swift; sourceTree = "<group>"; };
		938E3D532ADBCDB8003D2AE1 /* StoryNavigationButton.swift */ = {isa = PBXFileReference; lastKnownFileType = sourcecode.swift; path = StoryNavigationButton.swift; sourceTree = "<group>"; };
		938E3D552ADBE961003D2AE1 /* Screen.swift */ = {isa = PBXFileReference; lastKnownFileType = sourcecode.swift; path = Screen.swift; sourceTree = "<group>"; };
		938E3D572ADC00FB003D2AE1 /* PopUpExtension.swift */ = {isa = PBXFileReference; lastKnownFileType = sourcecode.swift; path = PopUpExtension.swift; sourceTree = "<group>"; };
		9398FBB42AE4105900AB5CE4 /* CircularProgressView.swift */ = {isa = PBXFileReference; lastKnownFileType = sourcecode.swift; path = CircularProgressView.swift; sourceTree = "<group>"; };
		9398FBB72AE41D2600AB5CE4 /* CustomAsyncImage.swift */ = {isa = PBXFileReference; lastKnownFileType = sourcecode.swift; path = CustomAsyncImage.swift; sourceTree = "<group>"; };
		93C2F8802AD683AC007D1ABC /* Moco.app */ = {isa = PBXFileReference; explicitFileType = wrapper.application; includeInIndex = 0; path = Moco.app; sourceTree = BUILT_PRODUCTS_DIR; };
		93C2F8832AD683AC007D1ABC /* MocoApp.swift */ = {isa = PBXFileReference; lastKnownFileType = sourcecode.swift; path = MocoApp.swift; sourceTree = "<group>"; };
		93C2F8892AD683AE007D1ABC /* Assets.xcassets */ = {isa = PBXFileReference; lastKnownFileType = folder.assetcatalog; path = Assets.xcassets; sourceTree = "<group>"; };
		93C2F88C2AD683AE007D1ABC /* Preview Assets.xcassets */ = {isa = PBXFileReference; lastKnownFileType = folder.assetcatalog; path = "Preview Assets.xcassets"; sourceTree = "<group>"; };
		93C2F88E2AD683AE007D1ABC /* Moco.entitlements */ = {isa = PBXFileReference; lastKnownFileType = text.plist.entitlements; path = Moco.entitlements; sourceTree = "<group>"; };
		93C2F88F2AD683AE007D1ABC /* Info.plist */ = {isa = PBXFileReference; lastKnownFileType = text.plist.xml; path = Info.plist; sourceTree = "<group>"; };
		93C2F8942AD683AE007D1ABC /* MocoTests.xctest */ = {isa = PBXFileReference; explicitFileType = wrapper.cfbundle; includeInIndex = 0; path = MocoTests.xctest; sourceTree = BUILT_PRODUCTS_DIR; };
		93C2F8982AD683AE007D1ABC /* MocoTests.swift */ = {isa = PBXFileReference; lastKnownFileType = sourcecode.swift; path = MocoTests.swift; sourceTree = "<group>"; };
		93C2F89E2AD683AE007D1ABC /* MocoUITests.xctest */ = {isa = PBXFileReference; explicitFileType = wrapper.cfbundle; includeInIndex = 0; path = MocoUITests.xctest; sourceTree = BUILT_PRODUCTS_DIR; };
		93C2F8A22AD683AE007D1ABC /* MocoUITests.swift */ = {isa = PBXFileReference; lastKnownFileType = sourcecode.swift; path = MocoUITests.swift; sourceTree = "<group>"; };
		93C2F8A42AD683AE007D1ABC /* MocoUITestsLaunchTests.swift */ = {isa = PBXFileReference; lastKnownFileType = sourcecode.swift; path = MocoUITestsLaunchTests.swift; sourceTree = "<group>"; };
		93C2F8B62AD684CE007D1ABC /* Detector.swift */ = {isa = PBXFileReference; fileEncoding = 4; lastKnownFileType = sourcecode.swift; path = Detector.swift; sourceTree = "<group>"; };
		93C2F8B72AD684CE007D1ABC /* ObjectDetectionViewController.swift */ = {isa = PBXFileReference; fileEncoding = 4; lastKnownFileType = sourcecode.swift; path = ObjectDetectionViewController.swift; sourceTree = "<group>"; };
		93C2F8B82AD684CE007D1ABC /* HomeView.swift */ = {isa = PBXFileReference; fileEncoding = 4; lastKnownFileType = sourcecode.swift; path = HomeView.swift; sourceTree = "<group>"; };
		93C2F8BA2AD684CE007D1ABC /* Device.swift */ = {isa = PBXFileReference; fileEncoding = 4; lastKnownFileType = sourcecode.swift; path = Device.swift; sourceTree = "<group>"; };
		93C2F8BF2AD685A3007D1ABC /* README.md */ = {isa = PBXFileReference; fileEncoding = 4; lastKnownFileType = net.daringfireball.markdown; path = README.md; sourceTree = "<group>"; };
		93C2F8C12AD685D7007D1ABC /* yolov8s.mlmodel */ = {isa = PBXFileReference; lastKnownFileType = file.mlmodel; path = yolov8s.mlmodel; sourceTree = "<group>"; };
		93C8E71D2ADEDA79002315A2 /* CherryBombRegular.ttf */ = {isa = PBXFileReference; lastKnownFileType = file; path = CherryBombRegular.ttf; sourceTree = "<group>"; };
		93C8E7202ADEF1DB002315A2 /* TimerModel.swift */ = {isa = PBXFileReference; lastKnownFileType = sourcecode.swift; path = TimerModel.swift; sourceTree = "<group>"; };
		93C8E7222ADEF249002315A2 /* FontUtil.swift */ = {isa = PBXFileReference; lastKnownFileType = sourcecode.swift; path = FontUtil.swift; sourceTree = "<group>"; };
		93C8E7242ADEF2D3002315A2 /* TimerViewModel.swift */ = {isa = PBXFileReference; lastKnownFileType = sourcecode.swift; path = TimerViewModel.swift; sourceTree = "<group>"; };
		93C8E7262ADF8DA3002315A2 /* bg-shop.mp3 */ = {isa = PBXFileReference; lastKnownFileType = audio.mp3; path = "bg-shop.mp3"; sourceTree = "<group>"; };
		93C8E7292AE01660002315A2 /* Storm.swift */ = {isa = PBXFileReference; lastKnownFileType = sourcecode.swift; path = Storm.swift; sourceTree = "<group>"; };
		93C8E72B2AE1373D002315A2 /* Shake.swift */ = {isa = PBXFileReference; lastKnownFileType = sourcecode.swift; path = Shake.swift; sourceTree = "<group>"; };
		93E3D8752AE4E4BA00E5391F /* DetectionPromptModel.swift */ = {isa = PBXFileReference; lastKnownFileType = sourcecode.swift; path = DetectionPromptModel.swift; sourceTree = "<group>"; };
		93E3D8772AE4E55000E5391F /* DetectionPromptViewModel.swift */ = {isa = PBXFileReference; lastKnownFileType = sourcecode.swift; path = DetectionPromptViewModel.swift; sourceTree = "<group>"; };
		93E3D8792AE4E95700E5391F /* SpeakPromptModel.swift */ = {isa = PBXFileReference; lastKnownFileType = sourcecode.swift; path = SpeakPromptModel.swift; sourceTree = "<group>"; };
		93E3D87B2AE4EFDB00E5391F /* SpeakPromptViewModel.swift */ = {isa = PBXFileReference; lastKnownFileType = sourcecode.swift; path = SpeakPromptViewModel.swift; sourceTree = "<group>"; };
/* End PBXFileReference section */

/* Begin PBXFrameworksBuildPhase section */
		93C2F87D2AD683AC007D1ABC /* Frameworks */ = {
			isa = PBXFrameworksBuildPhase;
			buildActionMask = 2147483647;
			files = (
				935D78672AEE858500DF64A5 /* ConfettiSwiftUI in Frameworks */,
				05AE93682ADE83430082B21D /* Lottie in Frameworks */,
				935D784E2AEBF96800DF64A5 /* FLAnimatedImage in Frameworks */,
			);
			runOnlyForDeploymentPostprocessing = 0;
		};
		93C2F8912AD683AE007D1ABC /* Frameworks */ = {
			isa = PBXFrameworksBuildPhase;
			buildActionMask = 2147483647;
			files = (
			);
			runOnlyForDeploymentPostprocessing = 0;
		};
		93C2F89B2AD683AE007D1ABC /* Frameworks */ = {
			isa = PBXFrameworksBuildPhase;
			buildActionMask = 2147483647;
			files = (
			);
			runOnlyForDeploymentPostprocessing = 0;
		};
/* End PBXFrameworksBuildPhase section */

/* Begin PBXGroup section */
		050353DF2ADFE28B0066591A /* FindHoney */ = {
			isa = PBXGroup;
			children = (
				050353E02ADFE2970066591A /* FindHoney.swift */,
			);
			path = FindHoney;
			sourceTree = "<group>";
		};
		0569496F2AE0EAD600830D57 /* Page9 */ = {
			isa = PBXGroup;
			children = (
				053393112AE13A220085BB30 /* frog_thankyou.m4a */,
				056949832AE0EDC500830D57 /* Page9-monolog1.m4a */,
				05E17AD82ADED16800A34547 /* balon_merah.mp3 */,
			);
			path = Page9;
			sourceTree = "<group>";
		};
		056949792AE0EB7D00830D57 /* Page2 */ = {
			isa = PBXGroup;
			children = (
				056949752AE0EB6A00830D57 /* Page2-monolog1.m4a */,
			);
			path = Page2;
			sourceTree = "<group>";
		};
		0569497A2AE0EB8600830D57 /* Page3 */ = {
			isa = PBXGroup;
			children = (
				056949772AE0EB6A00830D57 /* Page3-monolog1.m4a */,
			);
			path = Page3;
			sourceTree = "<group>";
		};
		0569497B2AE0EB8D00830D57 /* Page4 */ = {
			isa = PBXGroup;
			children = (
				056949712AE0EB6A00830D57 /* Page4-monolog2.m4a */,
				056949702AE0EB6A00830D57 /* Page4-monolog1.m4a */,
				053393102AE13A0C0085BB30 /* bear_thankyou.m4a */,
			);
			path = Page4;
			sourceTree = "<group>";
		};
		0569497C2AE0EB9200830D57 /* Page5 */ = {
			isa = PBXGroup;
			children = (
				056949732AE0EB6A00830D57 /* Page5-monolog1.m4a */,
			);
			path = Page5;
			sourceTree = "<group>";
		};
		0569497D2AE0EB9900830D57 /* Page6 */ = {
			isa = PBXGroup;
			children = (
				056949742AE0EB6A00830D57 /* Page6-monolog1.m4a */,
			);
			path = Page6;
			sourceTree = "<group>";
		};
		0569497E2AE0EB9E00830D57 /* Page7 */ = {
			isa = PBXGroup;
			children = (
				056949762AE0EB6A00830D57 /* prompt_kursi.m4a */,
			);
			path = Page7;
			sourceTree = "<group>";
		};
		0569497F2AE0EBC600830D57 /* Page8 */ = {
			isa = PBXGroup;
			children = (
				056949782AE0EB6A00830D57 /* Page8-monolog1.m4a */,
			);
			path = Page8;
			sourceTree = "<group>";
		};
		056949802AE0EC1B00830D57 /* Page10 */ = {
			isa = PBXGroup;
			children = (
				056949822AE0ED3300830D57 /* Page10-monolog1.m4a */,
				056949812AE0ED3300830D57 /* Page10-monolog2.m4a */,
			);
			path = Page10;
			sourceTree = "<group>";
		};
		0571CB342AE17A6800CE0CC7 /* SpeakTheStory */ = {
			isa = PBXGroup;
			children = (
				0571CB352AE17A9E00CE0CC7 /* SpeakTheStory.swift */,
			);
			path = SpeakTheStory;
			sourceTree = "<group>";
		};
		0571CB392AE19D4000CE0CC7 /* Story */ = {
			isa = PBXGroup;
			children = (
				0571CB3A2AE19D4500CE0CC7 /* Story1 */,
			);
			path = Story;
			sourceTree = "<group>";
		};
		0571CB3A2AE19D4500CE0CC7 /* Story1 */ = {
			isa = PBXGroup;
			children = (
				0571CB4F2AE19D8200CE0CC7 /* Page10 */,
				0571CB4E2AE19D7D00CE0CC7 /* Page8 */,
				0571CB4D2AE19D7800CE0CC7 /* Page6 */,
				0571CB4C2AE19D7300CE0CC7 /* Page5 */,
				0571CB4B2AE19D6E00CE0CC7 /* Page3 */,
				0571CB4A2AE19D6900CE0CC7 /* Page2 */,
				0571CB3B2AE19D4900CE0CC7 /* Page1 */,
			);
			path = Story1;
			sourceTree = "<group>";
		};
		0571CB3B2AE19D4900CE0CC7 /* Page1 */ = {
			isa = PBXGroup;
			children = (
				0571CB3C2AE19D5700CE0CC7 /* moco-1-1.json */,
			);
			path = Page1;
			sourceTree = "<group>";
		};
		0571CB4A2AE19D6900CE0CC7 /* Page2 */ = {
			isa = PBXGroup;
			children = (
				0518CDD72AE220BA00521EC8 /* moco-1-2.json */,
			);
			path = Page2;
			sourceTree = "<group>";
		};
		0571CB4B2AE19D6E00CE0CC7 /* Page3 */ = {
			isa = PBXGroup;
			children = (
				0571CB402AE19D6000CE0CC7 /* maudi.json */,
			);
			path = Page3;
			sourceTree = "<group>";
		};
		0571CB4C2AE19D7300CE0CC7 /* Page5 */ = {
			isa = PBXGroup;
			children = (
				0571CB422AE19D6000CE0CC7 /* moco-1-5.json */,
			);
			path = Page5;
			sourceTree = "<group>";
		};
		0571CB4D2AE19D7800CE0CC7 /* Page6 */ = {
			isa = PBXGroup;
			children = (
				0571CB432AE19D6000CE0CC7 /* teka_dan_teki.json */,
			);
			path = Page6;
			sourceTree = "<group>";
		};
		0571CB4E2AE19D7D00CE0CC7 /* Page8 */ = {
			isa = PBXGroup;
			children = (
				0518CDD92AE227FA00521EC8 /* kakak_katak.json */,
			);
			path = Page8;
			sourceTree = "<group>";
		};
		0571CB4F2AE19D8200CE0CC7 /* Page10 */ = {
			isa = PBXGroup;
			children = (
				0571CB3F2AE19D6000CE0CC7 /* moco-1-10.json */,
			);
			path = Page10;
			sourceTree = "<group>";
		};
		05AE93542ADE74540082B21D /* Helper */ = {
			isa = PBXGroup;
			children = (
				05AE93552ADE74740082B21D /* RecognizerError.swift */,
				938C553B2AE1B59F00BC233D /* ObjectDetection.swift */,
			);
			path = Helper;
			sourceTree = "<group>";
		};
		05AE935E2ADE820B0082B21D /* Assets */ = {
			isa = PBXGroup;
			children = (
				937AF2962AE8C719008C69BB /* Usdz */,
				93C8E71C2ADEDA6A002315A2 /* Fonts */,
				932357D22ADE6DF2009B3D86 /* Audio */,
				05AE935F2ADE82240082B21D /* Lottie */,
			);
			path = Assets;
			sourceTree = "<group>";
		};
		05AE935F2ADE82240082B21D /* Lottie */ = {
			isa = PBXGroup;
			children = (
				0571CB392AE19D4000CE0CC7 /* Story */,
				05AE93602ADE82410082B21D /* testing-cat.json */,
			);
			path = Lottie;
			sourceTree = "<group>";
		};
		05B1661C2ADE755F0077FA0D /* Prompts */ = {
			isa = PBXGroup;
			children = (
				935D78602AEE1AB400DF64A5 /* Maze */,
				05E8B56B2AED57AA00E3612F /* ARStory */,
				0571CB342AE17A6800CE0CC7 /* SpeakTheStory */,
				050353DF2ADFE28B0066591A /* FindHoney */,
				05B1661D2ADE75640077FA0D /* FindTheObject */,
			);
			path = Prompts;
			sourceTree = "<group>";
		};
		05B1661D2ADE75640077FA0D /* FindTheObject */ = {
			isa = PBXGroup;
			children = (
				05E17AD42ADE86DE00A34547 /* FindTheObject.swift */,
				05E17AD62ADEBFC500A34547 /* BalloonView.swift */,
			);
			path = FindTheObject;
			sourceTree = "<group>";
		};
		05E17ADA2ADED17B00A34547 /* Story */ = {
			isa = PBXGroup;
			children = (
				05E17ADB2ADED18800A34547 /* Story1 */,
			);
			path = Story;
			sourceTree = "<group>";
		};
		05E17ADB2ADED18800A34547 /* Story1 */ = {
			isa = PBXGroup;
			children = (
				05E17ADC2ADED19700A34547 /* Page1 */,
				056949792AE0EB7D00830D57 /* Page2 */,
				0569497A2AE0EB8600830D57 /* Page3 */,
				0569497B2AE0EB8D00830D57 /* Page4 */,
				0569497C2AE0EB9200830D57 /* Page5 */,
				0569497D2AE0EB9900830D57 /* Page6 */,
				0569497E2AE0EB9E00830D57 /* Page7 */,
				0569497F2AE0EBC600830D57 /* Page8 */,
				0569496F2AE0EAD600830D57 /* Page9 */,
				056949802AE0EC1B00830D57 /* Page10 */,
			);
			path = Story1;
			sourceTree = "<group>";
		};
		05E17ADC2ADED19700A34547 /* Page1 */ = {
			isa = PBXGroup;
			children = (
				056949722AE0EB6A00830D57 /* Page1-monolog1.m4a */,
			);
			path = Page1;
			sourceTree = "<group>";
		};
		05E8B56B2AED57AA00E3612F /* ARStory */ = {
			isa = PBXGroup;
			children = (
				05E8B56C2AED57CF00E3612F /* ARStory.swift */,
			);
			path = ARStory;
			sourceTree = "<group>";
		};
		0B1197602AD7D4A7004FAD14 /* Components */ = {
			isa = PBXGroup;
			children = (
				9398FBB62AE41D0200AB5CE4 /* Image */,
				93C8E7282AE0164E002315A2 /* Animations */,
				05B1661C2ADE755F0077FA0D /* Prompts */,
				0B2E31D62AD7EB4B00DFC16F /* ListViews */,
				0B2E31D52AD7EB3600DFC16F /* RowViews */,
				0B1197612AD7D4F3004FAD14 /* IconButton.swift */,
				0B2E31DD2AD8087B00DFC16F /* Header.swift */,
				938E3D3C2AD9901B003D2AE1 /* PopUpComponent.swift */,
				938E3D3E2AD990C3003D2AE1 /* Buttons.swift */,
				938E3D442ADAD5F3003D2AE1 /* StoryBook.swift */,
				938E3D532ADBCDB8003D2AE1 /* StoryNavigationButton.swift */,
				05AE93622ADE82920082B21D /* LottieView.swift */,
				0571CB372AE1935C00CE0CC7 /* InvisibleButton.swift */,
				938C55402AE2301700BC233D /* BurgerMenu.swift */,
				9398FBB42AE4105900AB5CE4 /* CircularProgressView.swift */,
				935D785C2AED6D6600DF64A5 /* StoryBookNew.swift */,
			);
			path = Components;
			sourceTree = "<group>";
		};
		0B2E31D52AD7EB3600DFC16F /* RowViews */ = {
			isa = PBXGroup;
			children = (
				0B1197822AD7E97A004FAD14 /* CollectionRowView.swift */,
			);
			path = RowViews;
			sourceTree = "<group>";
		};
		0B2E31D62AD7EB4B00DFC16F /* ListViews */ = {
			isa = PBXGroup;
			children = (
				0B2E31D72AD7EB6100DFC16F /* CollectionListView.swift */,
			);
			path = ListViews;
			sourceTree = "<group>";
		};
		0BA3E5062ADFC5E200BCFE9E /* Admin */ = {
			isa = PBXGroup;
			children = (
				0BA3E50E2ADFD03100BCFE9E /* FormSheetViews */,
				0BA3E5082ADFC61500BCFE9E /* StoryThemeAdminView.swift */,
				0BA3E50A2ADFC62000BCFE9E /* StoryAdminView.swift */,
			);
			path = Admin;
			sourceTree = "<group>";
		};
		0BA3E5072ADFC5EE00BCFE9E /* User */ = {
			isa = PBXGroup;
			children = (
				937AF2A02AE930A1008C69BB /* Maze */,
				0B2E31DB2AD8084600DFC16F /* CollectionView.swift */,
				938E3D322AD91605003D2AE1 /* DetectionView.swift */,
				0B2E31DF2AD810D400DFC16F /* StoryBoardView.swift */,
				938E3D4A2ADB9F1B003D2AE1 /* StoryView.swift */,
				938E3D4C2ADBA247003D2AE1 /* ContentViewContainer.swift */,
				938E3D512ADBAE62003D2AE1 /* SettingsView.swift */,
				056B67252AE28CFB00A3B493 /* ProfileView.swift */,
				056B67272AE28D1400A3B493 /* AchievementsView.swift */,
				93C2F8B82AD684CE007D1ABC /* HomeView.swift */,
				938E3D362AD939C4003D2AE1 /* ContentView.swift */,
			);
			path = User;
			sourceTree = "<group>";
		};
		0BA3E50E2ADFD03100BCFE9E /* FormSheetViews */ = {
			isa = PBXGroup;
			children = (
				0BA3E50F2ADFD04700BCFE9E /* StoryThemeModalView.swift */,
				0BA3E5112ADFD98400BCFE9E /* StoryModalView.swift */,
			);
			path = FormSheetViews;
			sourceTree = "<group>";
		};
		932357D22ADE6DF2009B3D86 /* Audio */ = {
			isa = PBXGroup;
			children = (
				93C8E7262ADF8DA3002315A2 /* bg-shop.mp3 */,
				05E17ADA2ADED17B00A34547 /* Story */,
				932357D52ADE6EF3009B3D86 /* bg-story.mp3 */,
				05D966E02ADEE6CF00997E3A /* success.mp3 */,
				053393122AE13A310085BB30 /* congratulations.m4a */,
				056949842AE0EF8700830D57 /* cow_bell_ring.mp3 */,
			);
			path = Audio;
			sourceTree = "<group>";
		};
		935D78512AEBF9EC00DF64A5 /* Enum */ = {
			isa = PBXGroup;
			children = (
				935D78522AEBF9FE00DF64A5 /* URL.swift */,
			);
			path = Enum;
			sourceTree = "<group>";
		};
		935D78602AEE1AB400DF64A5 /* Maze */ = {
			isa = PBXGroup;
			children = (
				935D78612AEE1AC400DF64A5 /* MazePrompt.swift */,
			);
			path = Maze;
			sourceTree = "<group>";
		};
		937AF28D2AE832AF008C69BB /* AR */ = {
			isa = PBXGroup;
			children = (
				937AF28B2AE832A7008C69BB /* ARViewControllerContainer.swift */,
				937AF28E2AE832FC008C69BB /* ARViewController.swift */,
				937AF2942AE8C06C008C69BB /* ARView.swift */,
				937AF2992AE8D422008C69BB /* EnvironmentEntity.swift */,
				937AF29B2AE8D47E008C69BB /* ResourceLoader.swift */,
				05E8B5692AED4AD400E3612F /* ARClueView.swift */,
			);
			path = AR;
			sourceTree = "<group>";
		};
		937AF2962AE8C719008C69BB /* Usdz */ = {
			isa = PBXGroup;
			children = (
				937AF2972AE8C72B008C69BB /* environment.usdz */,
				05E8B55C2AECE32D00E3612F /* button.usdz */,
			);
			path = Usdz;
			sourceTree = "<group>";
		};
		937AF2A02AE930A1008C69BB /* Maze */ = {
			isa = PBXGroup;
			children = (
				937AF2A12AE930AF008C69BB /* MazeScene.swift */,
				937AF2A32AE930E0008C69BB /* MazeView.swift */,
			);
			path = Maze;
			sourceTree = "<group>";
		};
		938C55342AE181AF00BC233D /* ViewModifiers */ = {
			isa = PBXGroup;
			children = (
				938C55352AE181C600BC233D /* RootViewModifier.swift */,
				938C55372AE183AA00BC233D /* FontViewModifier.swift */,
			);
			path = ViewModifiers;
			sourceTree = "<group>";
		};
		938E3D4E2ADBABC3003D2AE1 /* Utils */ = {
			isa = PBXGroup;
			children = (
				938E3D4F2ADBABD3003D2AE1 /* Print.swift */,
				938E3D552ADBE961003D2AE1 /* Screen.swift */,
				93C8E7222ADEF249002315A2 /* FontUtil.swift */,
				937AF2902AE83794008C69BB /* Date.swift */,
				937AF2922AE838D0008C69BB /* Dictionary.swift */,
				935D78542AEC09A000DF64A5 /* GlobalStorage.swift */,
				935D78632AEE217C00DF64A5 /* ColorUtil.swift */,
			);
			path = Utils;
			sourceTree = "<group>";
		};
		9398FBB62AE41D0200AB5CE4 /* Image */ = {
			isa = PBXGroup;
			children = (
				9398FBB72AE41D2600AB5CE4 /* CustomAsyncImage.swift */,
				935D784F2AEBF98400DF64A5 /* GifView.swift */,
			);
			path = Image;
			sourceTree = "<group>";
		};
		93C2F8772AD683AC007D1ABC = {
			isa = PBXGroup;
			children = (
				93C2F8BF2AD685A3007D1ABC /* README.md */,
				93C2F8822AD683AC007D1ABC /* Moco */,
				93C2F8972AD683AE007D1ABC /* MocoTests */,
				93C2F8A12AD683AE007D1ABC /* MocoUITests */,
				93C2F8812AD683AC007D1ABC /* Products */,
			);
			sourceTree = "<group>";
		};
		93C2F8812AD683AC007D1ABC /* Products */ = {
			isa = PBXGroup;
			children = (
				93C2F8802AD683AC007D1ABC /* Moco.app */,
				93C2F8942AD683AE007D1ABC /* MocoTests.xctest */,
				93C2F89E2AD683AE007D1ABC /* MocoUITests.xctest */,
			);
			name = Products;
			sourceTree = "<group>";
		};
		93C2F8822AD683AC007D1ABC /* Moco */ = {
			isa = PBXGroup;
			children = (
				935D78512AEBF9EC00DF64A5 /* Enum */,
				05AE935E2ADE820B0082B21D /* Assets */,
				938E3D4E2ADBABC3003D2AE1 /* Utils */,
				05AE93542ADE74540082B21D /* Helper */,
				93C2F8B92AD684CE007D1ABC /* Extension */,
				93C2F8B32AD6847A007D1ABC /* CoreMLModel */,
				93C2F8B22AD68470007D1ABC /* Model */,
				93C2F8B12AD68467007D1ABC /* ViewModel */,
				93C2F8B42AD6848F007D1ABC /* View */,
				938E3D462ADB0AA5003D2AE1 /* Routes.swift */,
				93C2F8832AD683AC007D1ABC /* MocoApp.swift */,
				93C2F8892AD683AE007D1ABC /* Assets.xcassets */,
				93C2F88E2AD683AE007D1ABC /* Moco.entitlements */,
				93C2F88F2AD683AE007D1ABC /* Info.plist */,
				93C2F88B2AD683AE007D1ABC /* Preview Content */,
			);
			path = Moco;
			sourceTree = "<group>";
		};
		93C2F88B2AD683AE007D1ABC /* Preview Content */ = {
			isa = PBXGroup;
			children = (
				93C2F88C2AD683AE007D1ABC /* Preview Assets.xcassets */,
			);
			path = "Preview Content";
			sourceTree = "<group>";
		};
		93C2F8972AD683AE007D1ABC /* MocoTests */ = {
			isa = PBXGroup;
			children = (
				93C2F8982AD683AE007D1ABC /* MocoTests.swift */,
			);
			path = MocoTests;
			sourceTree = "<group>";
		};
		93C2F8A12AD683AE007D1ABC /* MocoUITests */ = {
			isa = PBXGroup;
			children = (
				93C2F8A22AD683AE007D1ABC /* MocoUITests.swift */,
				93C2F8A42AD683AE007D1ABC /* MocoUITestsLaunchTests.swift */,
			);
			path = MocoUITests;
			sourceTree = "<group>";
		};
		93C2F8B12AD68467007D1ABC /* ViewModel */ = {
			isa = PBXGroup;
			children = (
				938E3D302AD8FD2E003D2AE1 /* ItemViewModel.swift */,
				0B2E31E12AD9064900DFC16F /* CollectionViewModel.swift */,
				938E3D422ADABD9F003D2AE1 /* BaseViewModel.swift */,
				0B6E2F6F2ADC96200001D320 /* StoryThemeViewModel.swift */,
				0B6E2F712ADC97BE0001D320 /* StoryViewModel.swift */,
				0B6E2F752ADC9F020001D320 /* PromptViewModel.swift */,
				0B6E2F732ADC9DC90001D320 /* HintViewModel.swift */,
				0B6E2F772ADCA8990001D320 /* StoryContentViewModel.swift */,
				932357D72ADE700D009B3D86 /* AudioViewModel.swift */,
				05AE93572ADE74980082B21D /* SpeechRecognizerViewModel.swift */,
				93C8E7242ADEF2D3002315A2 /* TimerViewModel.swift */,
				938C55392AE1B3E800BC233D /* ObjectDetectionViewModel.swift */,
				937F644C2AE4E13F00D50FC2 /* HomeViewModel.swift */,
				93E3D8772AE4E55000E5391F /* DetectionPromptViewModel.swift */,
				93E3D87B2AE4EFDB00E5391F /* SpeakPromptViewModel.swift */,
				937AF2892AE81A26008C69BB /* RippleViewModel.swift */,
				937AF29D2AE8D4EE008C69BB /* ARViewModel.swift */,
				935D78562AEC2D7900DF64A5 /* SettingsViewModel.swift */,
			);
			path = ViewModel;
			sourceTree = "<group>";
		};
		93C2F8B22AD68470007D1ABC /* Model */ = {
			isa = PBXGroup;
			children = (
				938E3D3A2AD9874F003D2AE1 /* ModelGenerator.swift */,
				938E3D382AD939DC003D2AE1 /* Item.swift */,
				0B2E31D92AD7EBE500DFC16F /* CollectionModel.swift */,
				938E3D1E2AD7AD78003D2AE1 /* Collection.swift */,
				0B6E2F652ADC8ECE0001D320 /* StoryThemeModel.swift */,
				0B6E2F672ADC908B0001D320 /* StoryModel.swift */,
				0B6E2F6B2ADC91E10001D320 /* PromptModel.swift */,
				0B6E2F6D2ADC92950001D320 /* HintModel.swift */,
				0B6E2F692ADC91060001D320 /* StoryContentModel.swift */,
				932357D92ADE7190009B3D86 /* AudioModel.swift */,
				93C8E7202ADEF1DB002315A2 /* TimerModel.swift */,
				938C553D2AE1B76600BC233D /* ObjectDetectionModel.swift */,
				937F644A2AE4E0BB00D50FC2 /* HomeModel.swift */,
				93E3D8752AE4E4BA00E5391F /* DetectionPromptModel.swift */,
				93E3D8792AE4E95700E5391F /* SpeakPromptModel.swift */,
				937AF2872AE81983008C69BB /* RippleModel.swift */,
				93324AA62AEA9FD400046CB8 /* MazeModel.swift */,
				935D784A2AEBC7FE00DF64A5 /* CustomPersistentModel.swift */,
			);
			path = Model;
			sourceTree = "<group>";
		};
		93C2F8B32AD6847A007D1ABC /* CoreMLModel */ = {
			isa = PBXGroup;
			children = (
				93C2F8C12AD685D7007D1ABC /* yolov8s.mlmodel */,
			);
			path = CoreMLModel;
			sourceTree = "<group>";
		};
		93C2F8B42AD6848F007D1ABC /* View */ = {
			isa = PBXGroup;
			children = (
				937AF28D2AE832AF008C69BB /* AR */,
				938C55342AE181AF00BC233D /* ViewModifiers */,
				0BA3E5072ADFC5EE00BCFE9E /* User */,
				0BA3E5062ADFC5E200BCFE9E /* Admin */,
				0B1197602AD7D4A7004FAD14 /* Components */,
				93C2F8B52AD684CE007D1ABC /* ObjectDetection */,
			);
			path = View;
			sourceTree = "<group>";
		};
		93C2F8B52AD684CE007D1ABC /* ObjectDetection */ = {
			isa = PBXGroup;
			children = (
				93C2F8B62AD684CE007D1ABC /* Detector.swift */,
				93C2F8B72AD684CE007D1ABC /* ObjectDetectionViewController.swift */,
			);
			path = ObjectDetection;
			sourceTree = "<group>";
		};
		93C2F8B92AD684CE007D1ABC /* Extension */ = {
			isa = PBXGroup;
			children = (
				93C2F8BA2AD684CE007D1ABC /* Device.swift */,
				938E3D342AD91AD5003D2AE1 /* EnvironmentValue.swift */,
				938E3D572ADC00FB003D2AE1 /* PopUpExtension.swift */,
				05AE93502ADE73E40082B21D /* SFSpeechRecognizerExtension.swift */,
				05AE93522ADE743C0082B21D /* AVAudioSessionExtension.swift */,
				05BA97A92AE11EE400F64F52 /* MPVolumeViewExtension.swift */,
				93C8E72B2AE1373D002315A2 /* Shake.swift */,
				935D78582AED433A00DF64A5 /* Color.swift */,
				935D78682AEF4B1C00DF64A5 /* View.swift */,
				935D786A2AEF4B8300DF64A5 /* Binding.swift */,
				935D786C2AEF4BD600DF64A5 /* ViewOnLoad.swift */,
				935D786E2AEF4C1200DF64A5 /* Spacer.swift */,
			);
			path = Extension;
			sourceTree = "<group>";
		};
		93C8E71C2ADEDA6A002315A2 /* Fonts */ = {
			isa = PBXGroup;
			children = (
				938C553F2AE22E6800BC233D /* DidactGothic-Regular.ttf */,
				93C8E71D2ADEDA79002315A2 /* CherryBombRegular.ttf */,
			);
			path = Fonts;
			sourceTree = "<group>";
		};
		93C8E7282AE0164E002315A2 /* Animations */ = {
			isa = PBXGroup;
			children = (
				93C8E7292AE01660002315A2 /* Storm.swift */,
				937AF2852AE80BFA008C69BB /* RippleView.swift */,
				935D785A2AED55B200DF64A5 /* PeelEffect.swift */,
				935D785E2AED7C9D00DF64A5 /* PeelEffectTappable.swift */,
			);
			path = Animations;
			sourceTree = "<group>";
		};
/* End PBXGroup section */

/* Begin PBXNativeTarget section */
		93C2F87F2AD683AC007D1ABC /* Moco */ = {
			isa = PBXNativeTarget;
			buildConfigurationList = 93C2F8A82AD683AE007D1ABC /* Build configuration list for PBXNativeTarget "Moco" */;
			buildPhases = (
				93C2F87C2AD683AC007D1ABC /* Sources */,
				93C2F87D2AD683AC007D1ABC /* Frameworks */,
				93C2F87E2AD683AC007D1ABC /* Resources */,
			);
			buildRules = (
			);
			dependencies = (
			);
			name = Moco;
			packageProductDependencies = (
				05AE93672ADE83430082B21D /* Lottie */,
				935D784D2AEBF96800DF64A5 /* FLAnimatedImage */,
				935D78662AEE858500DF64A5 /* ConfettiSwiftUI */,
			);
			productName = Moco;
			productReference = 93C2F8802AD683AC007D1ABC /* Moco.app */;
			productType = "com.apple.product-type.application";
		};
		93C2F8932AD683AE007D1ABC /* MocoTests */ = {
			isa = PBXNativeTarget;
			buildConfigurationList = 93C2F8AB2AD683AE007D1ABC /* Build configuration list for PBXNativeTarget "MocoTests" */;
			buildPhases = (
				93C2F8902AD683AE007D1ABC /* Sources */,
				93C2F8912AD683AE007D1ABC /* Frameworks */,
				93C2F8922AD683AE007D1ABC /* Resources */,
			);
			buildRules = (
			);
			dependencies = (
				93C2F8962AD683AE007D1ABC /* PBXTargetDependency */,
			);
			name = MocoTests;
			productName = MocoTests;
			productReference = 93C2F8942AD683AE007D1ABC /* MocoTests.xctest */;
			productType = "com.apple.product-type.bundle.unit-test";
		};
		93C2F89D2AD683AE007D1ABC /* MocoUITests */ = {
			isa = PBXNativeTarget;
			buildConfigurationList = 93C2F8AE2AD683AE007D1ABC /* Build configuration list for PBXNativeTarget "MocoUITests" */;
			buildPhases = (
				93C2F89A2AD683AE007D1ABC /* Sources */,
				93C2F89B2AD683AE007D1ABC /* Frameworks */,
				93C2F89C2AD683AE007D1ABC /* Resources */,
			);
			buildRules = (
			);
			dependencies = (
				93C2F8A02AD683AE007D1ABC /* PBXTargetDependency */,
			);
			name = MocoUITests;
			productName = MocoUITests;
			productReference = 93C2F89E2AD683AE007D1ABC /* MocoUITests.xctest */;
			productType = "com.apple.product-type.bundle.ui-testing";
		};
/* End PBXNativeTarget section */

/* Begin PBXProject section */
		93C2F8782AD683AC007D1ABC /* Project object */ = {
			isa = PBXProject;
			attributes = {
				BuildIndependentTargetsInParallel = 1;
				LastSwiftUpdateCheck = 1500;
				LastUpgradeCheck = 1500;
				TargetAttributes = {
					93C2F87F2AD683AC007D1ABC = {
						CreatedOnToolsVersion = 15.0;
					};
					93C2F8932AD683AE007D1ABC = {
						CreatedOnToolsVersion = 15.0;
						TestTargetID = 93C2F87F2AD683AC007D1ABC;
					};
					93C2F89D2AD683AE007D1ABC = {
						CreatedOnToolsVersion = 15.0;
						TestTargetID = 93C2F87F2AD683AC007D1ABC;
					};
				};
			};
			buildConfigurationList = 93C2F87B2AD683AC007D1ABC /* Build configuration list for PBXProject "Moco" */;
			compatibilityVersion = "Xcode 14.0";
			developmentRegion = en;
			hasScannedForEncodings = 0;
			knownRegions = (
				en,
				Base,
			);
			mainGroup = 93C2F8772AD683AC007D1ABC;
			packageReferences = (
				05AE93662ADE83430082B21D /* XCRemoteSwiftPackageReference "lottie-ios" */,
				935D784C2AEBF96800DF64A5 /* XCRemoteSwiftPackageReference "FLAnimatedImage" */,
				935D78652AEE858500DF64A5 /* XCRemoteSwiftPackageReference "ConfettiSwiftUI" */,
			);
			productRefGroup = 93C2F8812AD683AC007D1ABC /* Products */;
			projectDirPath = "";
			projectRoot = "";
			targets = (
				93C2F87F2AD683AC007D1ABC /* Moco */,
				93C2F8932AD683AE007D1ABC /* MocoTests */,
				93C2F89D2AD683AE007D1ABC /* MocoUITests */,
			);
		};
/* End PBXProject section */

/* Begin PBXResourcesBuildPhase section */
		93C2F87E2AD683AC007D1ABC /* Resources */ = {
			isa = PBXResourcesBuildPhase;
			buildActionMask = 2147483647;
			files = (
				937AF29F2AE8FDB7008C69BB /* DidactGothic-Regular.ttf in Resources */,
				931722172AE5508300346382 /* Page1-monolog1.m4a in Resources */,
				931722182AE5508300346382 /* Page2-monolog1.m4a in Resources */,
				931722192AE5508300346382 /* Page3-monolog1.m4a in Resources */,
				9317221A2AE5508300346382 /* Page4-monolog2.m4a in Resources */,
				9317221B2AE5508300346382 /* Page4-monolog1.m4a in Resources */,
				9317221C2AE5508300346382 /* bear_thankyou.m4a in Resources */,
				9317221D2AE5508300346382 /* Page5-monolog1.m4a in Resources */,
				9317221E2AE5508300346382 /* Page6-monolog1.m4a in Resources */,
				9317221F2AE5508300346382 /* prompt_kursi.m4a in Resources */,
				937AF2982AE8C72B008C69BB /* environment.usdz in Resources */,
				931722202AE5508300346382 /* Page8-monolog1.m4a in Resources */,
				931722212AE5508300346382 /* frog_thankyou.m4a in Resources */,
				931722222AE5508300346382 /* Page9-monolog1.m4a in Resources */,
				931722232AE5508300346382 /* Page10-monolog1.m4a in Resources */,
				931722242AE5508300346382 /* Page10-monolog2.m4a in Resources */,
				931722252AE5508300346382 /* congratulations.m4a in Resources */,
				93C2F8C32AD685E6007D1ABC /* yolov8s.mlmodel in Resources */,
				93C8E7272ADF8DA3002315A2 /* bg-shop.mp3 in Resources */,
				0571CB492AE19D6000CE0CC7 /* teka_dan_teki.json in Resources */,
				93C8E71E2ADEDA8F002315A2 /* CherryBombRegular.ttf in Resources */,
				93C2F8C02AD685A3007D1ABC /* README.md in Resources */,
				0518CDDA2AE227FA00521EC8 /* kakak_katak.json in Resources */,
				05E8B55D2AECE32D00E3612F /* button.usdz in Resources */,
				05D966E12ADEE6CF00997E3A /* success.mp3 in Resources */,
				0571CB482AE19D6000CE0CC7 /* moco-1-5.json in Resources */,
				0571CB3D2AE19D5700CE0CC7 /* moco-1-1.json in Resources */,
				93C2F88D2AD683AE007D1ABC /* Preview Assets.xcassets in Resources */,
				05AE93612ADE82410082B21D /* testing-cat.json in Resources */,
				056949852AE0EF8800830D57 /* cow_bell_ring.mp3 in Resources */,
				0571CB462AE19D6000CE0CC7 /* maudi.json in Resources */,
				932357D62ADE6EF3009B3D86 /* bg-story.mp3 in Resources */,
				0518CDD82AE220BA00521EC8 /* moco-1-2.json in Resources */,
				05E17AD92ADED16800A34547 /* balon_merah.mp3 in Resources */,
				0571CB452AE19D6000CE0CC7 /* moco-1-10.json in Resources */,
				93C2F88A2AD683AE007D1ABC /* Assets.xcassets in Resources */,
			);
			runOnlyForDeploymentPostprocessing = 0;
		};
		93C2F8922AD683AE007D1ABC /* Resources */ = {
			isa = PBXResourcesBuildPhase;
			buildActionMask = 2147483647;
			files = (
			);
			runOnlyForDeploymentPostprocessing = 0;
		};
		93C2F89C2AD683AE007D1ABC /* Resources */ = {
			isa = PBXResourcesBuildPhase;
			buildActionMask = 2147483647;
			files = (
			);
			runOnlyForDeploymentPostprocessing = 0;
		};
/* End PBXResourcesBuildPhase section */

/* Begin PBXSourcesBuildPhase section */
		93C2F87C2AD683AC007D1ABC /* Sources */ = {
			isa = PBXSourcesBuildPhase;
			buildActionMask = 2147483647;
			files = (
				0BA3E50B2ADFC62000BCFE9E /* StoryAdminView.swift in Sources */,
				938E3D582ADC00FB003D2AE1 /* PopUpExtension.swift in Sources */,
				938C553C2AE1B59F00BC233D /* ObjectDetection.swift in Sources */,
				938E3D562ADBE961003D2AE1 /* Screen.swift in Sources */,
				0B6E2F702ADC96200001D320 /* StoryThemeViewModel.swift in Sources */,
				9398FBB52AE4105900AB5CE4 /* CircularProgressView.swift in Sources */,
				932357D82ADE700D009B3D86 /* AudioViewModel.swift in Sources */,
				938E3D392AD939DC003D2AE1 /* Item.swift in Sources */,
				935D78572AEC2D7900DF64A5 /* SettingsViewModel.swift in Sources */,
				05AE93582ADE74980082B21D /* SpeechRecognizerViewModel.swift in Sources */,
				938E3D3D2AD9901B003D2AE1 /* PopUpComponent.swift in Sources */,
				938E3D4D2ADBA247003D2AE1 /* ContentViewContainer.swift in Sources */,
				0B1197622AD7D4F3004FAD14 /* IconButton.swift in Sources */,
				938E3D3F2AD990C3003D2AE1 /* Buttons.swift in Sources */,
				937AF2952AE8C06C008C69BB /* ARView.swift in Sources */,
				938E3D312AD8FD2E003D2AE1 /* ItemViewModel.swift in Sources */,
				0B6E2F662ADC8ECE0001D320 /* StoryThemeModel.swift in Sources */,
				93C2F8842AD683AC007D1ABC /* MocoApp.swift in Sources */,
				938C55382AE183AA00BC233D /* FontViewModifier.swift in Sources */,
				935D786F2AEF4C1200DF64A5 /* Spacer.swift in Sources */,
				93C2F8BD2AD684CE007D1ABC /* HomeView.swift in Sources */,
				93C8E7232ADEF249002315A2 /* FontUtil.swift in Sources */,
				937F644D2AE4E13F00D50FC2 /* HomeViewModel.swift in Sources */,
				935D785F2AED7C9D00DF64A5 /* PeelEffectTappable.swift in Sources */,
				935D78642AEE217C00DF64A5 /* ColorUtil.swift in Sources */,
				937AF2932AE838D0008C69BB /* Dictionary.swift in Sources */,
				0B2E31DC2AD8084600DFC16F /* CollectionView.swift in Sources */,
				935D78532AEBF9FE00DF64A5 /* URL.swift in Sources */,
				935D785D2AED6D6600DF64A5 /* StoryBookNew.swift in Sources */,
				0B6E2F6A2ADC91060001D320 /* StoryContentModel.swift in Sources */,
				93C8E72C2AE1373D002315A2 /* Shake.swift in Sources */,
				937AF2882AE81983008C69BB /* RippleModel.swift in Sources */,
				0B2E31DA2AD7EBE500DFC16F /* CollectionModel.swift in Sources */,
				935D785B2AED55B200DF64A5 /* PeelEffect.swift in Sources */,
				937F644B2AE4E0BB00D50FC2 /* HomeModel.swift in Sources */,
				0B2E31D82AD7EB6100DFC16F /* CollectionListView.swift in Sources */,
				938E3D542ADBCDB8003D2AE1 /* StoryNavigationButton.swift in Sources */,
				9398FBB82AE41D2600AB5CE4 /* CustomAsyncImage.swift in Sources */,
				0B6E2F742ADC9DC90001D320 /* HintViewModel.swift in Sources */,
				0571CB382AE1935C00CE0CC7 /* InvisibleButton.swift in Sources */,
				938E3D372AD939C4003D2AE1 /* ContentView.swift in Sources */,
				93E3D87A2AE4E95700E5391F /* SpeakPromptModel.swift in Sources */,
				0B6E2F6C2ADC91E10001D320 /* PromptModel.swift in Sources */,
				938C55362AE181C600BC233D /* RootViewModifier.swift in Sources */,
				0B6E2F782ADCA8990001D320 /* StoryContentViewModel.swift in Sources */,
				0571CB362AE17A9E00CE0CC7 /* SpeakTheStory.swift in Sources */,
				93E3D8762AE4E4BA00E5391F /* DetectionPromptModel.swift in Sources */,
				938C55412AE2301700BC233D /* BurgerMenu.swift in Sources */,
				93C2F8BC2AD684CE007D1ABC /* ObjectDetectionViewController.swift in Sources */,
				05AE93532ADE743C0082B21D /* AVAudioSessionExtension.swift in Sources */,
				05AE93512ADE73E40082B21D /* SFSpeechRecognizerExtension.swift in Sources */,
				93C8E7212ADEF1DB002315A2 /* TimerModel.swift in Sources */,
				05AE93562ADE74740082B21D /* RecognizerError.swift in Sources */,
				05AE93632ADE82920082B21D /* LottieView.swift in Sources */,
				935D786D2AEF4BD600DF64A5 /* ViewOnLoad.swift in Sources */,
				93C8E7252ADEF2D3002315A2 /* TimerViewModel.swift in Sources */,
				05E17AD72ADEBFC500A34547 /* BalloonView.swift in Sources */,
				938E3D352AD91AD5003D2AE1 /* EnvironmentValue.swift in Sources */,
				935D786B2AEF4B8300DF64A5 /* Binding.swift in Sources */,
				937AF28A2AE81A26008C69BB /* RippleViewModel.swift in Sources */,
				938E3D332AD91605003D2AE1 /* DetectionView.swift in Sources */,
				935D78552AEC09A000DF64A5 /* GlobalStorage.swift in Sources */,
				05BA97AA2AE11EE400F64F52 /* MPVolumeViewExtension.swift in Sources */,
				938E3D452ADAD5F3003D2AE1 /* StoryBook.swift in Sources */,
				0B6E2F722ADC97BE0001D320 /* StoryViewModel.swift in Sources */,
				935D78502AEBF98400DF64A5 /* GifView.swift in Sources */,
				937AF2862AE80BFB008C69BB /* RippleView.swift in Sources */,
				056B67282AE28D1400A3B493 /* AchievementsView.swift in Sources */,
				938E3D432ADABD9F003D2AE1 /* BaseViewModel.swift in Sources */,
				050353E12ADFE2970066591A /* FindHoney.swift in Sources */,
				0B6E2F6E2ADC92950001D320 /* HintModel.swift in Sources */,
				935D78692AEF4B1C00DF64A5 /* View.swift in Sources */,
				93E3D87C2AE4EFDB00E5391F /* SpeakPromptViewModel.swift in Sources */,
				0BA3E5122ADFD98400BCFE9E /* StoryModalView.swift in Sources */,
				937AF29C2AE8D47E008C69BB /* ResourceLoader.swift in Sources */,
				0B2E31E22AD9064900DFC16F /* CollectionViewModel.swift in Sources */,
				937AF2912AE83794008C69BB /* Date.swift in Sources */,
				935D784B2AEBC7FE00DF64A5 /* CustomPersistentModel.swift in Sources */,
				0BA3E5102ADFD04700BCFE9E /* StoryThemeModalView.swift in Sources */,
				937AF29A2AE8D422008C69BB /* EnvironmentEntity.swift in Sources */,
				938E3D522ADBAE62003D2AE1 /* SettingsView.swift in Sources */,
				938E3D472ADB0AA5003D2AE1 /* Routes.swift in Sources */,
				937AF28F2AE832FC008C69BB /* ARViewController.swift in Sources */,
				0B2E31E02AD810D400DFC16F /* StoryBoardView.swift in Sources */,
				937AF28C2AE832A7008C69BB /* ARViewControllerContainer.swift in Sources */,
				93C2F8BE2AD684CE007D1ABC /* Device.swift in Sources */,
				937AF2A22AE930AF008C69BB /* MazeScene.swift in Sources */,
				935D78622AEE1AC400DF64A5 /* MazePrompt.swift in Sources */,
				938C553E2AE1B76600BC233D /* ObjectDetectionModel.swift in Sources */,
				937AF2A42AE930E0008C69BB /* MazeView.swift in Sources */,
				0B6E2F682ADC908B0001D320 /* StoryModel.swift in Sources */,
				938E3D3B2AD9874F003D2AE1 /* ModelGenerator.swift in Sources */,
				93C8E72A2AE01660002315A2 /* Storm.swift in Sources */,
				937AF29E2AE8D4EE008C69BB /* ARViewModel.swift in Sources */,
				93324AA72AEA9FD400046CB8 /* MazeModel.swift in Sources */,
				056B67262AE28CFB00A3B493 /* ProfileView.swift in Sources */,
				0B2E31DE2AD8087B00DFC16F /* Header.swift in Sources */,
				05E8B56D2AED57CF00E3612F /* ARStory.swift in Sources */,
				932357DA2ADE7190009B3D86 /* AudioModel.swift in Sources */,
				938E3D502ADBABD3003D2AE1 /* Print.swift in Sources */,
				938E3D4B2ADB9F1B003D2AE1 /* StoryView.swift in Sources */,
				0BA3E5092ADFC61500BCFE9E /* StoryThemeAdminView.swift in Sources */,
				05E8B56A2AED4AD400E3612F /* ARClueView.swift in Sources */,
				93C2F8BB2AD684CE007D1ABC /* Detector.swift in Sources */,
				935D78592AED433A00DF64A5 /* Color.swift in Sources */,
				938C553A2AE1B3E800BC233D /* ObjectDetectionViewModel.swift in Sources */,
				0B1197832AD7E97A004FAD14 /* CollectionRowView.swift in Sources */,
				93E3D8782AE4E55000E5391F /* DetectionPromptViewModel.swift in Sources */,
				05E17AD52ADE86DE00A34547 /* FindTheObject.swift in Sources */,
				0B6E2F762ADC9F020001D320 /* PromptViewModel.swift in Sources */,
				938E3D1F2AD7AD78003D2AE1 /* Collection.swift in Sources */,
			);
			runOnlyForDeploymentPostprocessing = 0;
		};
		93C2F8902AD683AE007D1ABC /* Sources */ = {
			isa = PBXSourcesBuildPhase;
			buildActionMask = 2147483647;
			files = (
				93C2F8992AD683AE007D1ABC /* MocoTests.swift in Sources */,
			);
			runOnlyForDeploymentPostprocessing = 0;
		};
		93C2F89A2AD683AE007D1ABC /* Sources */ = {
			isa = PBXSourcesBuildPhase;
			buildActionMask = 2147483647;
			files = (
				93C2F8A52AD683AE007D1ABC /* MocoUITestsLaunchTests.swift in Sources */,
				93C2F8A32AD683AE007D1ABC /* MocoUITests.swift in Sources */,
			);
			runOnlyForDeploymentPostprocessing = 0;
		};
/* End PBXSourcesBuildPhase section */

/* Begin PBXTargetDependency section */
		93C2F8962AD683AE007D1ABC /* PBXTargetDependency */ = {
			isa = PBXTargetDependency;
			target = 93C2F87F2AD683AC007D1ABC /* Moco */;
			targetProxy = 93C2F8952AD683AE007D1ABC /* PBXContainerItemProxy */;
		};
		93C2F8A02AD683AE007D1ABC /* PBXTargetDependency */ = {
			isa = PBXTargetDependency;
			target = 93C2F87F2AD683AC007D1ABC /* Moco */;
			targetProxy = 93C2F89F2AD683AE007D1ABC /* PBXContainerItemProxy */;
		};
/* End PBXTargetDependency section */

/* Begin XCBuildConfiguration section */
		93C2F8A62AD683AE007D1ABC /* Debug */ = {
			isa = XCBuildConfiguration;
			buildSettings = {
				ALWAYS_SEARCH_USER_PATHS = NO;
				ASSETCATALOG_COMPILER_GENERATE_SWIFT_ASSET_SYMBOL_EXTENSIONS = YES;
				CLANG_ANALYZER_NONNULL = YES;
				CLANG_ANALYZER_NUMBER_OBJECT_CONVERSION = YES_AGGRESSIVE;
				CLANG_CXX_LANGUAGE_STANDARD = "gnu++20";
				CLANG_ENABLE_MODULES = YES;
				CLANG_ENABLE_OBJC_ARC = YES;
				CLANG_ENABLE_OBJC_WEAK = YES;
				CLANG_WARN_BLOCK_CAPTURE_AUTORELEASING = YES;
				CLANG_WARN_BOOL_CONVERSION = YES;
				CLANG_WARN_COMMA = YES;
				CLANG_WARN_CONSTANT_CONVERSION = YES;
				CLANG_WARN_DEPRECATED_OBJC_IMPLEMENTATIONS = YES;
				CLANG_WARN_DIRECT_OBJC_ISA_USAGE = YES_ERROR;
				CLANG_WARN_DOCUMENTATION_COMMENTS = YES;
				CLANG_WARN_EMPTY_BODY = YES;
				CLANG_WARN_ENUM_CONVERSION = YES;
				CLANG_WARN_INFINITE_RECURSION = YES;
				CLANG_WARN_INT_CONVERSION = YES;
				CLANG_WARN_NON_LITERAL_NULL_CONVERSION = YES;
				CLANG_WARN_OBJC_IMPLICIT_RETAIN_SELF = YES;
				CLANG_WARN_OBJC_LITERAL_CONVERSION = YES;
				CLANG_WARN_OBJC_ROOT_CLASS = YES_ERROR;
				CLANG_WARN_QUOTED_INCLUDE_IN_FRAMEWORK_HEADER = YES;
				CLANG_WARN_RANGE_LOOP_ANALYSIS = YES;
				CLANG_WARN_STRICT_PROTOTYPES = YES;
				CLANG_WARN_SUSPICIOUS_MOVE = YES;
				CLANG_WARN_UNGUARDED_AVAILABILITY = YES_AGGRESSIVE;
				CLANG_WARN_UNREACHABLE_CODE = YES;
				CLANG_WARN__DUPLICATE_METHOD_MATCH = YES;
				COPY_PHASE_STRIP = NO;
				DEBUG_INFORMATION_FORMAT = dwarf;
				ENABLE_STRICT_OBJC_MSGSEND = YES;
				ENABLE_TESTABILITY = YES;
				ENABLE_USER_SCRIPT_SANDBOXING = YES;
				GCC_C_LANGUAGE_STANDARD = gnu17;
				GCC_DYNAMIC_NO_PIC = NO;
				GCC_NO_COMMON_BLOCKS = YES;
				GCC_OPTIMIZATION_LEVEL = 0;
				GCC_PREPROCESSOR_DEFINITIONS = (
					"DEBUG=1",
					"$(inherited)",
				);
				GCC_WARN_64_TO_32_BIT_CONVERSION = YES;
				GCC_WARN_ABOUT_RETURN_TYPE = YES_ERROR;
				GCC_WARN_UNDECLARED_SELECTOR = YES;
				GCC_WARN_UNINITIALIZED_AUTOS = YES_AGGRESSIVE;
				GCC_WARN_UNUSED_FUNCTION = YES;
				GCC_WARN_UNUSED_VARIABLE = YES;
				IPHONEOS_DEPLOYMENT_TARGET = 17.0;
				LOCALIZATION_PREFERS_STRING_CATALOGS = YES;
				MTL_ENABLE_DEBUG_INFO = INCLUDE_SOURCE;
				MTL_FAST_MATH = YES;
				ONLY_ACTIVE_ARCH = YES;
				SDKROOT = iphoneos;
				SWIFT_ACTIVE_COMPILATION_CONDITIONS = "DEBUG $(inherited)";
				SWIFT_OPTIMIZATION_LEVEL = "-Onone";
			};
			name = Debug;
		};
		93C2F8A72AD683AE007D1ABC /* Release */ = {
			isa = XCBuildConfiguration;
			buildSettings = {
				ALWAYS_SEARCH_USER_PATHS = NO;
				ASSETCATALOG_COMPILER_GENERATE_SWIFT_ASSET_SYMBOL_EXTENSIONS = YES;
				CLANG_ANALYZER_NONNULL = YES;
				CLANG_ANALYZER_NUMBER_OBJECT_CONVERSION = YES_AGGRESSIVE;
				CLANG_CXX_LANGUAGE_STANDARD = "gnu++20";
				CLANG_ENABLE_MODULES = YES;
				CLANG_ENABLE_OBJC_ARC = YES;
				CLANG_ENABLE_OBJC_WEAK = YES;
				CLANG_WARN_BLOCK_CAPTURE_AUTORELEASING = YES;
				CLANG_WARN_BOOL_CONVERSION = YES;
				CLANG_WARN_COMMA = YES;
				CLANG_WARN_CONSTANT_CONVERSION = YES;
				CLANG_WARN_DEPRECATED_OBJC_IMPLEMENTATIONS = YES;
				CLANG_WARN_DIRECT_OBJC_ISA_USAGE = YES_ERROR;
				CLANG_WARN_DOCUMENTATION_COMMENTS = YES;
				CLANG_WARN_EMPTY_BODY = YES;
				CLANG_WARN_ENUM_CONVERSION = YES;
				CLANG_WARN_INFINITE_RECURSION = YES;
				CLANG_WARN_INT_CONVERSION = YES;
				CLANG_WARN_NON_LITERAL_NULL_CONVERSION = YES;
				CLANG_WARN_OBJC_IMPLICIT_RETAIN_SELF = YES;
				CLANG_WARN_OBJC_LITERAL_CONVERSION = YES;
				CLANG_WARN_OBJC_ROOT_CLASS = YES_ERROR;
				CLANG_WARN_QUOTED_INCLUDE_IN_FRAMEWORK_HEADER = YES;
				CLANG_WARN_RANGE_LOOP_ANALYSIS = YES;
				CLANG_WARN_STRICT_PROTOTYPES = YES;
				CLANG_WARN_SUSPICIOUS_MOVE = YES;
				CLANG_WARN_UNGUARDED_AVAILABILITY = YES_AGGRESSIVE;
				CLANG_WARN_UNREACHABLE_CODE = YES;
				CLANG_WARN__DUPLICATE_METHOD_MATCH = YES;
				COPY_PHASE_STRIP = NO;
				DEBUG_INFORMATION_FORMAT = "dwarf-with-dsym";
				ENABLE_NS_ASSERTIONS = NO;
				ENABLE_STRICT_OBJC_MSGSEND = YES;
				ENABLE_USER_SCRIPT_SANDBOXING = YES;
				GCC_C_LANGUAGE_STANDARD = gnu17;
				GCC_NO_COMMON_BLOCKS = YES;
				GCC_WARN_64_TO_32_BIT_CONVERSION = YES;
				GCC_WARN_ABOUT_RETURN_TYPE = YES_ERROR;
				GCC_WARN_UNDECLARED_SELECTOR = YES;
				GCC_WARN_UNINITIALIZED_AUTOS = YES_AGGRESSIVE;
				GCC_WARN_UNUSED_FUNCTION = YES;
				GCC_WARN_UNUSED_VARIABLE = YES;
				IPHONEOS_DEPLOYMENT_TARGET = 17.0;
				LOCALIZATION_PREFERS_STRING_CATALOGS = YES;
				MTL_ENABLE_DEBUG_INFO = NO;
				MTL_FAST_MATH = YES;
				SDKROOT = iphoneos;
				SWIFT_COMPILATION_MODE = wholemodule;
				VALIDATE_PRODUCT = YES;
			};
			name = Release;
		};
		93C2F8A92AD683AE007D1ABC /* Debug */ = {
			isa = XCBuildConfiguration;
			buildSettings = {
				ASSETCATALOG_COMPILER_APPICON_NAME = AppIcon;
				ASSETCATALOG_COMPILER_GLOBAL_ACCENT_COLOR_NAME = AccentColor;
				CODE_SIGN_ENTITLEMENTS = Moco/Moco.entitlements;
				CODE_SIGN_STYLE = Automatic;
				CURRENT_PROJECT_VERSION = 1;
				DEVELOPMENT_ASSET_PATHS = "\"Moco/Preview Content\"";
				DEVELOPMENT_TEAM = J8A42WJ9LX;
				ENABLE_PREVIEWS = YES;
				GENERATE_INFOPLIST_FILE = YES;
				INFOPLIST_FILE = Moco/Info.plist;
				INFOPLIST_KEY_LSApplicationCategoryType = "public.app-category.education";
				INFOPLIST_KEY_NSCameraUsageDescription = "Allow this app to access the camera.";
				INFOPLIST_KEY_NSMicrophoneUsageDescription = "Allow this app to access the microphone.";
				INFOPLIST_KEY_NSSpeechRecognitionUsageDescription = "Allow this app to access speech recognition.";
				INFOPLIST_KEY_UIApplicationSceneManifest_Generation = YES;
				INFOPLIST_KEY_UIApplicationSupportsIndirectInputEvents = YES;
				INFOPLIST_KEY_UILaunchScreen_Generation = YES;
				INFOPLIST_KEY_UISupportedInterfaceOrientations = "UIInterfaceOrientationLandscapeLeft UIInterfaceOrientationLandscapeRight UIInterfaceOrientationPortrait";
				INFOPLIST_KEY_UISupportedInterfaceOrientations_iPad = "UIInterfaceOrientationLandscapeLeft UIInterfaceOrientationLandscapeRight";
				LD_RUNPATH_SEARCH_PATHS = (
					"$(inherited)",
					"@executable_path/Frameworks",
				);
				MARKETING_VERSION = 1.0;
				PRODUCT_BUNDLE_IDENTIFIER = com.mocoteam.Moco;
				PRODUCT_NAME = "$(TARGET_NAME)";
				SWIFT_EMIT_LOC_STRINGS = YES;
				SWIFT_VERSION = 5.0;
				TARGETED_DEVICE_FAMILY = "1,2";
			};
			name = Debug;
		};
		93C2F8AA2AD683AE007D1ABC /* Release */ = {
			isa = XCBuildConfiguration;
			buildSettings = {
				ASSETCATALOG_COMPILER_APPICON_NAME = AppIcon;
				ASSETCATALOG_COMPILER_GLOBAL_ACCENT_COLOR_NAME = AccentColor;
				CODE_SIGN_ENTITLEMENTS = Moco/Moco.entitlements;
				CODE_SIGN_STYLE = Automatic;
				CURRENT_PROJECT_VERSION = 1;
				DEVELOPMENT_ASSET_PATHS = "\"Moco/Preview Content\"";
				DEVELOPMENT_TEAM = J8A42WJ9LX;
				ENABLE_PREVIEWS = YES;
				GENERATE_INFOPLIST_FILE = YES;
				INFOPLIST_FILE = Moco/Info.plist;
				INFOPLIST_KEY_LSApplicationCategoryType = "public.app-category.education";
				INFOPLIST_KEY_NSCameraUsageDescription = "Allow this app to access the camera.";
				INFOPLIST_KEY_NSMicrophoneUsageDescription = "Allow this app to access the microphone.";
				INFOPLIST_KEY_NSSpeechRecognitionUsageDescription = "Allow this app to access speech recognition.";
				INFOPLIST_KEY_UIApplicationSceneManifest_Generation = YES;
				INFOPLIST_KEY_UIApplicationSupportsIndirectInputEvents = YES;
				INFOPLIST_KEY_UILaunchScreen_Generation = YES;
				INFOPLIST_KEY_UISupportedInterfaceOrientations = "UIInterfaceOrientationLandscapeLeft UIInterfaceOrientationLandscapeRight UIInterfaceOrientationPortrait";
				INFOPLIST_KEY_UISupportedInterfaceOrientations_iPad = "UIInterfaceOrientationLandscapeLeft UIInterfaceOrientationLandscapeRight";
				LD_RUNPATH_SEARCH_PATHS = (
					"$(inherited)",
					"@executable_path/Frameworks",
				);
				MARKETING_VERSION = 1.0;
				PRODUCT_BUNDLE_IDENTIFIER = com.mocoteam.Moco;
				PRODUCT_NAME = "$(TARGET_NAME)";
				SWIFT_EMIT_LOC_STRINGS = YES;
				SWIFT_VERSION = 5.0;
				TARGETED_DEVICE_FAMILY = "1,2";
			};
			name = Release;
		};
		93C2F8AC2AD683AE007D1ABC /* Debug */ = {
			isa = XCBuildConfiguration;
			buildSettings = {
				ALWAYS_EMBED_SWIFT_STANDARD_LIBRARIES = YES;
				BUNDLE_LOADER = "$(TEST_HOST)";
				CODE_SIGN_STYLE = Automatic;
				CURRENT_PROJECT_VERSION = 1;
				DEVELOPMENT_TEAM = J8A42WJ9LX;
				GENERATE_INFOPLIST_FILE = YES;
				IPHONEOS_DEPLOYMENT_TARGET = 17.0;
				MARKETING_VERSION = 1.0;
				PRODUCT_BUNDLE_IDENTIFIER = com.mocoteam.MocoTests;
				PRODUCT_NAME = "$(TARGET_NAME)";
				SWIFT_EMIT_LOC_STRINGS = NO;
				SWIFT_VERSION = 5.0;
				TARGETED_DEVICE_FAMILY = "1,2";
				TEST_HOST = "$(BUILT_PRODUCTS_DIR)/Moco.app/$(BUNDLE_EXECUTABLE_FOLDER_PATH)/Moco";
			};
			name = Debug;
		};
		93C2F8AD2AD683AE007D1ABC /* Release */ = {
			isa = XCBuildConfiguration;
			buildSettings = {
				ALWAYS_EMBED_SWIFT_STANDARD_LIBRARIES = YES;
				BUNDLE_LOADER = "$(TEST_HOST)";
				CODE_SIGN_STYLE = Automatic;
				CURRENT_PROJECT_VERSION = 1;
				DEVELOPMENT_TEAM = J8A42WJ9LX;
				GENERATE_INFOPLIST_FILE = YES;
				IPHONEOS_DEPLOYMENT_TARGET = 17.0;
				MARKETING_VERSION = 1.0;
				PRODUCT_BUNDLE_IDENTIFIER = com.mocoteam.MocoTests;
				PRODUCT_NAME = "$(TARGET_NAME)";
				SWIFT_EMIT_LOC_STRINGS = NO;
				SWIFT_VERSION = 5.0;
				TARGETED_DEVICE_FAMILY = "1,2";
				TEST_HOST = "$(BUILT_PRODUCTS_DIR)/Moco.app/$(BUNDLE_EXECUTABLE_FOLDER_PATH)/Moco";
			};
			name = Release;
		};
		93C2F8AF2AD683AE007D1ABC /* Debug */ = {
			isa = XCBuildConfiguration;
			buildSettings = {
				ALWAYS_EMBED_SWIFT_STANDARD_LIBRARIES = YES;
				CODE_SIGN_STYLE = Automatic;
				CURRENT_PROJECT_VERSION = 1;
				DEVELOPMENT_TEAM = J8A42WJ9LX;
				GENERATE_INFOPLIST_FILE = YES;
				MARKETING_VERSION = 1.0;
				PRODUCT_BUNDLE_IDENTIFIER = com.mocoteam.MocoUITests;
				PRODUCT_NAME = "$(TARGET_NAME)";
				SWIFT_EMIT_LOC_STRINGS = NO;
				SWIFT_VERSION = 5.0;
				TARGETED_DEVICE_FAMILY = "1,2";
				TEST_TARGET_NAME = Moco;
			};
			name = Debug;
		};
		93C2F8B02AD683AE007D1ABC /* Release */ = {
			isa = XCBuildConfiguration;
			buildSettings = {
				ALWAYS_EMBED_SWIFT_STANDARD_LIBRARIES = YES;
				CODE_SIGN_STYLE = Automatic;
				CURRENT_PROJECT_VERSION = 1;
				DEVELOPMENT_TEAM = J8A42WJ9LX;
				GENERATE_INFOPLIST_FILE = YES;
				MARKETING_VERSION = 1.0;
				PRODUCT_BUNDLE_IDENTIFIER = com.mocoteam.MocoUITests;
				PRODUCT_NAME = "$(TARGET_NAME)";
				SWIFT_EMIT_LOC_STRINGS = NO;
				SWIFT_VERSION = 5.0;
				TARGETED_DEVICE_FAMILY = "1,2";
				TEST_TARGET_NAME = Moco;
			};
			name = Release;
		};
/* End XCBuildConfiguration section */

/* Begin XCConfigurationList section */
		93C2F87B2AD683AC007D1ABC /* Build configuration list for PBXProject "Moco" */ = {
			isa = XCConfigurationList;
			buildConfigurations = (
				93C2F8A62AD683AE007D1ABC /* Debug */,
				93C2F8A72AD683AE007D1ABC /* Release */,
			);
			defaultConfigurationIsVisible = 0;
			defaultConfigurationName = Release;
		};
		93C2F8A82AD683AE007D1ABC /* Build configuration list for PBXNativeTarget "Moco" */ = {
			isa = XCConfigurationList;
			buildConfigurations = (
				93C2F8A92AD683AE007D1ABC /* Debug */,
				93C2F8AA2AD683AE007D1ABC /* Release */,
			);
			defaultConfigurationIsVisible = 0;
			defaultConfigurationName = Release;
		};
		93C2F8AB2AD683AE007D1ABC /* Build configuration list for PBXNativeTarget "MocoTests" */ = {
			isa = XCConfigurationList;
			buildConfigurations = (
				93C2F8AC2AD683AE007D1ABC /* Debug */,
				93C2F8AD2AD683AE007D1ABC /* Release */,
			);
			defaultConfigurationIsVisible = 0;
			defaultConfigurationName = Release;
		};
		93C2F8AE2AD683AE007D1ABC /* Build configuration list for PBXNativeTarget "MocoUITests" */ = {
			isa = XCConfigurationList;
			buildConfigurations = (
				93C2F8AF2AD683AE007D1ABC /* Debug */,
				93C2F8B02AD683AE007D1ABC /* Release */,
			);
			defaultConfigurationIsVisible = 0;
			defaultConfigurationName = Release;
		};
/* End XCConfigurationList section */

/* Begin XCRemoteSwiftPackageReference section */
		05AE93662ADE83430082B21D /* XCRemoteSwiftPackageReference "lottie-ios" */ = {
			isa = XCRemoteSwiftPackageReference;
			repositoryURL = "https://github.com/airbnb/lottie-ios";
			requirement = {
				kind = upToNextMajorVersion;
				minimumVersion = 4.3.3;
			};
		};
		935D784C2AEBF96800DF64A5 /* XCRemoteSwiftPackageReference "FLAnimatedImage" */ = {
			isa = XCRemoteSwiftPackageReference;
			repositoryURL = "https://github.com/Flipboard/FLAnimatedImage.git";
			requirement = {
				kind = upToNextMajorVersion;
				minimumVersion = 1.0.17;
			};
		};
		935D78652AEE858500DF64A5 /* XCRemoteSwiftPackageReference "ConfettiSwiftUI" */ = {
			isa = XCRemoteSwiftPackageReference;
			repositoryURL = "https://github.com/simibac/ConfettiSwiftUI.git";
			requirement = {
				kind = upToNextMajorVersion;
				minimumVersion = 1.1.0;
			};
		};
/* End XCRemoteSwiftPackageReference section */

/* Begin XCSwiftPackageProductDependency section */
		05AE93672ADE83430082B21D /* Lottie */ = {
			isa = XCSwiftPackageProductDependency;
			package = 05AE93662ADE83430082B21D /* XCRemoteSwiftPackageReference "lottie-ios" */;
			productName = Lottie;
		};
		935D784D2AEBF96800DF64A5 /* FLAnimatedImage */ = {
			isa = XCSwiftPackageProductDependency;
			package = 935D784C2AEBF96800DF64A5 /* XCRemoteSwiftPackageReference "FLAnimatedImage" */;
			productName = FLAnimatedImage;
		};
		935D78662AEE858500DF64A5 /* ConfettiSwiftUI */ = {
			isa = XCSwiftPackageProductDependency;
			package = 935D78652AEE858500DF64A5 /* XCRemoteSwiftPackageReference "ConfettiSwiftUI" */;
			productName = ConfettiSwiftUI;
		};
/* End XCSwiftPackageProductDependency section */
	};
	rootObject = 93C2F8782AD683AC007D1ABC /* Project object */;
}
