// !$*UTF8*$!
{
	archiveVersion = 1;
	classes = {
	};
	objectVersion = 56;
	objects = {

/* Begin PBXBuildFile section */
		050353E12ADFE2970066591A /* FindHoney.swift in Sources */ = {isa = PBXBuildFile; fileRef = 050353E02ADFE2970066591A /* FindHoney.swift */; };
		056949852AE0EF8800830D57 /* cow_bell_ring.mp3 in Resources */ = {isa = PBXBuildFile; fileRef = 056949842AE0EF8700830D57 /* cow_bell_ring.mp3 */; };
		05AE93512ADE73E40082B21D /* SFSpeechRecognizerExtension.swift in Sources */ = {isa = PBXBuildFile; fileRef = 05AE93502ADE73E40082B21D /* SFSpeechRecognizerExtension.swift */; };
		05AE93532ADE743C0082B21D /* AVAudioSessionExtension.swift in Sources */ = {isa = PBXBuildFile; fileRef = 05AE93522ADE743C0082B21D /* AVAudioSessionExtension.swift */; };
		05AE93562ADE74740082B21D /* RecognizerError.swift in Sources */ = {isa = PBXBuildFile; fileRef = 05AE93552ADE74740082B21D /* RecognizerError.swift */; };
		05AE93582ADE74980082B21D /* SpeechRecognizerViewModel.swift in Sources */ = {isa = PBXBuildFile; fileRef = 05AE93572ADE74980082B21D /* SpeechRecognizerViewModel.swift */; };
		05AE935D2ADE751A0082B21D /* SpeechRecognizerTestView.swift in Sources */ = {isa = PBXBuildFile; fileRef = 05AE935C2ADE751A0082B21D /* SpeechRecognizerTestView.swift */; };
		05AE93612ADE82410082B21D /* testing-cat.json in Resources */ = {isa = PBXBuildFile; fileRef = 05AE93602ADE82410082B21D /* testing-cat.json */; };
		05AE93632ADE82920082B21D /* LottieView.swift in Sources */ = {isa = PBXBuildFile; fileRef = 05AE93622ADE82920082B21D /* LottieView.swift */; };
		05AE93652ADE82E60082B21D /* LottieAnimationTestView.swift in Sources */ = {isa = PBXBuildFile; fileRef = 05AE93642ADE82E60082B21D /* LottieAnimationTestView.swift */; };
		05AE93682ADE83430082B21D /* Lottie in Frameworks */ = {isa = PBXBuildFile; productRef = 05AE93672ADE83430082B21D /* Lottie */; };
		05BA97AA2AE11EE400F64F52 /* MPVolumeViewExtension.swift in Sources */ = {isa = PBXBuildFile; fileRef = 05BA97A92AE11EE400F64F52 /* MPVolumeViewExtension.swift */; };
		05D966E12ADEE6CF00997E3A /* success.mp3 in Resources */ = {isa = PBXBuildFile; fileRef = 05D966E02ADEE6CF00997E3A /* success.mp3 */; };
		05E17AD52ADE86DE00A34547 /* FindTheObject.swift in Sources */ = {isa = PBXBuildFile; fileRef = 05E17AD42ADE86DE00A34547 /* FindTheObject.swift */; };
		05E17AD72ADEBFC500A34547 /* BalloonView.swift in Sources */ = {isa = PBXBuildFile; fileRef = 05E17AD62ADEBFC500A34547 /* BalloonView.swift */; };
		05E17AD92ADED16800A34547 /* balon_merah.mp3 in Resources */ = {isa = PBXBuildFile; fileRef = 05E17AD82ADED16800A34547 /* balon_merah.mp3 */; };
		0B1197622AD7D4F3004FAD14 /* IconButton.swift in Sources */ = {isa = PBXBuildFile; fileRef = 0B1197612AD7D4F3004FAD14 /* IconButton.swift */; };
		0B1197832AD7E97A004FAD14 /* CollectionRowView.swift in Sources */ = {isa = PBXBuildFile; fileRef = 0B1197822AD7E97A004FAD14 /* CollectionRowView.swift */; };
		0B2E31D82AD7EB6100DFC16F /* CollectionListView.swift in Sources */ = {isa = PBXBuildFile; fileRef = 0B2E31D72AD7EB6100DFC16F /* CollectionListView.swift */; };
		0B2E31DA2AD7EBE500DFC16F /* CollectionModel.swift in Sources */ = {isa = PBXBuildFile; fileRef = 0B2E31D92AD7EBE500DFC16F /* CollectionModel.swift */; };
		0B2E31DC2AD8084600DFC16F /* CollectionView.swift in Sources */ = {isa = PBXBuildFile; fileRef = 0B2E31DB2AD8084600DFC16F /* CollectionView.swift */; };
		0B2E31DE2AD8087B00DFC16F /* Header.swift in Sources */ = {isa = PBXBuildFile; fileRef = 0B2E31DD2AD8087B00DFC16F /* Header.swift */; };
		0B2E31E02AD810D400DFC16F /* StoryBoardView.swift in Sources */ = {isa = PBXBuildFile; fileRef = 0B2E31DF2AD810D400DFC16F /* StoryBoardView.swift */; };
		0B2E31E22AD9064900DFC16F /* CollectionViewModel.swift in Sources */ = {isa = PBXBuildFile; fileRef = 0B2E31E12AD9064900DFC16F /* CollectionViewModel.swift */; };
		0B6E2F662ADC8ECE0001D320 /* StoryThemeModel.swift in Sources */ = {isa = PBXBuildFile; fileRef = 0B6E2F652ADC8ECE0001D320 /* StoryThemeModel.swift */; };
		0B6E2F682ADC908B0001D320 /* StoryModel.swift in Sources */ = {isa = PBXBuildFile; fileRef = 0B6E2F672ADC908B0001D320 /* StoryModel.swift */; };
		0B6E2F6A2ADC91060001D320 /* StoryContentModel.swift in Sources */ = {isa = PBXBuildFile; fileRef = 0B6E2F692ADC91060001D320 /* StoryContentModel.swift */; };
		0B6E2F6C2ADC91E10001D320 /* PromptModel.swift in Sources */ = {isa = PBXBuildFile; fileRef = 0B6E2F6B2ADC91E10001D320 /* PromptModel.swift */; };
		0B6E2F6E2ADC92950001D320 /* HintModel.swift in Sources */ = {isa = PBXBuildFile; fileRef = 0B6E2F6D2ADC92950001D320 /* HintModel.swift */; };
		0B6E2F702ADC96200001D320 /* StoryThemeViewModel.swift in Sources */ = {isa = PBXBuildFile; fileRef = 0B6E2F6F2ADC96200001D320 /* StoryThemeViewModel.swift */; };
		0B6E2F722ADC97BE0001D320 /* StoryViewModel.swift in Sources */ = {isa = PBXBuildFile; fileRef = 0B6E2F712ADC97BE0001D320 /* StoryViewModel.swift */; };
		0B6E2F742ADC9DC90001D320 /* HintViewModel.swift in Sources */ = {isa = PBXBuildFile; fileRef = 0B6E2F732ADC9DC90001D320 /* HintViewModel.swift */; };
		0B6E2F762ADC9F020001D320 /* PromptViewModel.swift in Sources */ = {isa = PBXBuildFile; fileRef = 0B6E2F752ADC9F020001D320 /* PromptViewModel.swift */; };
		0B6E2F782ADCA8990001D320 /* StoryContentViewModel.swift in Sources */ = {isa = PBXBuildFile; fileRef = 0B6E2F772ADCA8990001D320 /* StoryContentViewModel.swift */; };
		932357D62ADE6EF3009B3D86 /* bg-story.mp3 in Resources */ = {isa = PBXBuildFile; fileRef = 932357D52ADE6EF3009B3D86 /* bg-story.mp3 */; };
		932357D82ADE700D009B3D86 /* AudioViewModel.swift in Sources */ = {isa = PBXBuildFile; fileRef = 932357D72ADE700D009B3D86 /* AudioViewModel.swift */; };
		932357DA2ADE7190009B3D86 /* AudioModel.swift in Sources */ = {isa = PBXBuildFile; fileRef = 932357D92ADE7190009B3D86 /* AudioModel.swift */; };
		938E3D1F2AD7AD78003D2AE1 /* Collection.swift in Sources */ = {isa = PBXBuildFile; fileRef = 938E3D1E2AD7AD78003D2AE1 /* Collection.swift */; };
		938E3D312AD8FD2E003D2AE1 /* ItemViewModel.swift in Sources */ = {isa = PBXBuildFile; fileRef = 938E3D302AD8FD2E003D2AE1 /* ItemViewModel.swift */; };
		938E3D332AD91605003D2AE1 /* DetectionView.swift in Sources */ = {isa = PBXBuildFile; fileRef = 938E3D322AD91605003D2AE1 /* DetectionView.swift */; };
		938E3D352AD91AD5003D2AE1 /* EnvironmentValue.swift in Sources */ = {isa = PBXBuildFile; fileRef = 938E3D342AD91AD5003D2AE1 /* EnvironmentValue.swift */; };
		938E3D372AD939C4003D2AE1 /* ContentView.swift in Sources */ = {isa = PBXBuildFile; fileRef = 938E3D362AD939C4003D2AE1 /* ContentView.swift */; };
		938E3D392AD939DC003D2AE1 /* Item.swift in Sources */ = {isa = PBXBuildFile; fileRef = 938E3D382AD939DC003D2AE1 /* Item.swift */; };
		938E3D3B2AD9874F003D2AE1 /* ModelGenerator.swift in Sources */ = {isa = PBXBuildFile; fileRef = 938E3D3A2AD9874F003D2AE1 /* ModelGenerator.swift */; };
		938E3D3D2AD9901B003D2AE1 /* PopUpComponent.swift in Sources */ = {isa = PBXBuildFile; fileRef = 938E3D3C2AD9901B003D2AE1 /* PopUpComponent.swift */; };
		938E3D3F2AD990C3003D2AE1 /* Buttons.swift in Sources */ = {isa = PBXBuildFile; fileRef = 938E3D3E2AD990C3003D2AE1 /* Buttons.swift */; };
		938E3D432ADABD9F003D2AE1 /* BaseViewModel.swift in Sources */ = {isa = PBXBuildFile; fileRef = 938E3D422ADABD9F003D2AE1 /* BaseViewModel.swift */; };
		938E3D452ADAD5F3003D2AE1 /* StoryBook.swift in Sources */ = {isa = PBXBuildFile; fileRef = 938E3D442ADAD5F3003D2AE1 /* StoryBook.swift */; };
		938E3D472ADB0AA5003D2AE1 /* Routes.swift in Sources */ = {isa = PBXBuildFile; fileRef = 938E3D462ADB0AA5003D2AE1 /* Routes.swift */; };
		938E3D4B2ADB9F1B003D2AE1 /* StoryView.swift in Sources */ = {isa = PBXBuildFile; fileRef = 938E3D4A2ADB9F1B003D2AE1 /* StoryView.swift */; };
		938E3D4D2ADBA247003D2AE1 /* ContentViewContainer.swift in Sources */ = {isa = PBXBuildFile; fileRef = 938E3D4C2ADBA247003D2AE1 /* ContentViewContainer.swift */; };
		938E3D502ADBABD3003D2AE1 /* Print.swift in Sources */ = {isa = PBXBuildFile; fileRef = 938E3D4F2ADBABD3003D2AE1 /* Print.swift */; };
		938E3D522ADBAE62003D2AE1 /* SettingsView.swift in Sources */ = {isa = PBXBuildFile; fileRef = 938E3D512ADBAE62003D2AE1 /* SettingsView.swift */; };
		938E3D542ADBCDB8003D2AE1 /* StoryNavigationButton.swift in Sources */ = {isa = PBXBuildFile; fileRef = 938E3D532ADBCDB8003D2AE1 /* StoryNavigationButton.swift */; };
		938E3D562ADBE961003D2AE1 /* Screen.swift in Sources */ = {isa = PBXBuildFile; fileRef = 938E3D552ADBE961003D2AE1 /* Screen.swift */; };
		938E3D582ADC00FB003D2AE1 /* PopUpExtension.swift in Sources */ = {isa = PBXBuildFile; fileRef = 938E3D572ADC00FB003D2AE1 /* PopUpExtension.swift */; };
		93C2F8842AD683AC007D1ABC /* MocoApp.swift in Sources */ = {isa = PBXBuildFile; fileRef = 93C2F8832AD683AC007D1ABC /* MocoApp.swift */; };
		93C2F88A2AD683AE007D1ABC /* Assets.xcassets in Resources */ = {isa = PBXBuildFile; fileRef = 93C2F8892AD683AE007D1ABC /* Assets.xcassets */; };
		93C2F88D2AD683AE007D1ABC /* Preview Assets.xcassets in Resources */ = {isa = PBXBuildFile; fileRef = 93C2F88C2AD683AE007D1ABC /* Preview Assets.xcassets */; };
		93C2F8992AD683AE007D1ABC /* MocoTests.swift in Sources */ = {isa = PBXBuildFile; fileRef = 93C2F8982AD683AE007D1ABC /* MocoTests.swift */; };
		93C2F8A32AD683AE007D1ABC /* MocoUITests.swift in Sources */ = {isa = PBXBuildFile; fileRef = 93C2F8A22AD683AE007D1ABC /* MocoUITests.swift */; };
		93C2F8A52AD683AE007D1ABC /* MocoUITestsLaunchTests.swift in Sources */ = {isa = PBXBuildFile; fileRef = 93C2F8A42AD683AE007D1ABC /* MocoUITestsLaunchTests.swift */; };
		93C2F8BB2AD684CE007D1ABC /* Detector.swift in Sources */ = {isa = PBXBuildFile; fileRef = 93C2F8B62AD684CE007D1ABC /* Detector.swift */; };
		93C2F8BC2AD684CE007D1ABC /* ObjectDetectionViewController.swift in Sources */ = {isa = PBXBuildFile; fileRef = 93C2F8B72AD684CE007D1ABC /* ObjectDetectionViewController.swift */; };
		93C2F8BD2AD684CE007D1ABC /* HomeView.swift in Sources */ = {isa = PBXBuildFile; fileRef = 93C2F8B82AD684CE007D1ABC /* HomeView.swift */; };
		93C2F8BE2AD684CE007D1ABC /* Device.swift in Sources */ = {isa = PBXBuildFile; fileRef = 93C2F8BA2AD684CE007D1ABC /* Device.swift */; };
		93C2F8C02AD685A3007D1ABC /* README.md in Resources */ = {isa = PBXBuildFile; fileRef = 93C2F8BF2AD685A3007D1ABC /* README.md */; };
		93C2F8C32AD685E6007D1ABC /* yolov8s.mlmodel in Resources */ = {isa = PBXBuildFile; fileRef = 93C2F8C12AD685D7007D1ABC /* yolov8s.mlmodel */; };
		93C8E71E2ADEDA8F002315A2 /* CherryBombRegular.ttf in Resources */ = {isa = PBXBuildFile; fileRef = 93C8E71D2ADEDA79002315A2 /* CherryBombRegular.ttf */; };
		93C8E7212ADEF1DB002315A2 /* TimerModel.swift in Sources */ = {isa = PBXBuildFile; fileRef = 93C8E7202ADEF1DB002315A2 /* TimerModel.swift */; };
		93C8E7232ADEF249002315A2 /* FontUtil.swift in Sources */ = {isa = PBXBuildFile; fileRef = 93C8E7222ADEF249002315A2 /* FontUtil.swift */; };
		93C8E7252ADEF2D3002315A2 /* TimerViewModel.swift in Sources */ = {isa = PBXBuildFile; fileRef = 93C8E7242ADEF2D3002315A2 /* TimerViewModel.swift */; };
		93C8E7272ADF8DA3002315A2 /* bg-shop.mp3 in Resources */ = {isa = PBXBuildFile; fileRef = 93C8E7262ADF8DA3002315A2 /* bg-shop.mp3 */; };
		93C8E72A2AE01660002315A2 /* Storm.swift in Sources */ = {isa = PBXBuildFile; fileRef = 93C8E7292AE01660002315A2 /* Storm.swift */; };
/* End PBXBuildFile section */

/* Begin PBXContainerItemProxy section */
		93C2F8952AD683AE007D1ABC /* PBXContainerItemProxy */ = {
			isa = PBXContainerItemProxy;
			containerPortal = 93C2F8782AD683AC007D1ABC /* Project object */;
			proxyType = 1;
			remoteGlobalIDString = 93C2F87F2AD683AC007D1ABC;
			remoteInfo = Moco;
		};
		93C2F89F2AD683AE007D1ABC /* PBXContainerItemProxy */ = {
			isa = PBXContainerItemProxy;
			containerPortal = 93C2F8782AD683AC007D1ABC /* Project object */;
			proxyType = 1;
			remoteGlobalIDString = 93C2F87F2AD683AC007D1ABC;
			remoteInfo = Moco;
		};
/* End PBXContainerItemProxy section */

/* Begin PBXFileReference section */
		050353E02ADFE2970066591A /* FindHoney.swift */ = {isa = PBXFileReference; lastKnownFileType = sourcecode.swift; path = FindHoney.swift; sourceTree = "<group>"; };
		053393102AE13A0C0085BB30 /* bear_thankyou.m4a */ = {isa = PBXFileReference; lastKnownFileType = file; path = bear_thankyou.m4a; sourceTree = "<group>"; };
		053393112AE13A220085BB30 /* frog_thankyou.m4a */ = {isa = PBXFileReference; lastKnownFileType = file; path = frog_thankyou.m4a; sourceTree = "<group>"; };
		053393122AE13A310085BB30 /* congratulations.m4a */ = {isa = PBXFileReference; lastKnownFileType = file; path = congratulations.m4a; sourceTree = "<group>"; };
		056949702AE0EB6A00830D57 /* Page4-monolog1.m4a */ = {isa = PBXFileReference; lastKnownFileType = file; path = "Page4-monolog1.m4a"; sourceTree = "<group>"; };
		056949712AE0EB6A00830D57 /* Page4-monolog2.m4a */ = {isa = PBXFileReference; lastKnownFileType = file; path = "Page4-monolog2.m4a"; sourceTree = "<group>"; };
		056949722AE0EB6A00830D57 /* Page1-monolog1.m4a */ = {isa = PBXFileReference; lastKnownFileType = file; path = "Page1-monolog1.m4a"; sourceTree = "<group>"; };
		056949732AE0EB6A00830D57 /* Page5-monolog1.m4a */ = {isa = PBXFileReference; lastKnownFileType = file; path = "Page5-monolog1.m4a"; sourceTree = "<group>"; };
		056949742AE0EB6A00830D57 /* Page6-monolog1.m4a */ = {isa = PBXFileReference; lastKnownFileType = file; path = "Page6-monolog1.m4a"; sourceTree = "<group>"; };
		056949752AE0EB6A00830D57 /* Page2-monolog1.m4a */ = {isa = PBXFileReference; lastKnownFileType = file; path = "Page2-monolog1.m4a"; sourceTree = "<group>"; };
		056949762AE0EB6A00830D57 /* prompt_kursi.m4a */ = {isa = PBXFileReference; lastKnownFileType = file; path = prompt_kursi.m4a; sourceTree = "<group>"; };
		056949772AE0EB6A00830D57 /* Page3-monolog1.m4a */ = {isa = PBXFileReference; lastKnownFileType = file; path = "Page3-monolog1.m4a"; sourceTree = "<group>"; };
		056949782AE0EB6A00830D57 /* Page8-monolog1.m4a */ = {isa = PBXFileReference; lastKnownFileType = file; path = "Page8-monolog1.m4a"; sourceTree = "<group>"; };
		056949812AE0ED3300830D57 /* Page10-monolog2.m4a */ = {isa = PBXFileReference; lastKnownFileType = file; path = "Page10-monolog2.m4a"; sourceTree = "<group>"; };
		056949822AE0ED3300830D57 /* Page10-monolog1.m4a */ = {isa = PBXFileReference; lastKnownFileType = file; path = "Page10-monolog1.m4a"; sourceTree = "<group>"; };
		056949832AE0EDC500830D57 /* Page9-monolog1.m4a */ = {isa = PBXFileReference; lastKnownFileType = file; path = "Page9-monolog1.m4a"; sourceTree = "<group>"; };
		056949842AE0EF8700830D57 /* cow_bell_ring.mp3 */ = {isa = PBXFileReference; lastKnownFileType = audio.mp3; path = cow_bell_ring.mp3; sourceTree = "<group>"; };
		05AE93502ADE73E40082B21D /* SFSpeechRecognizerExtension.swift */ = {isa = PBXFileReference; lastKnownFileType = sourcecode.swift; path = SFSpeechRecognizerExtension.swift; sourceTree = "<group>"; };
		05AE93522ADE743C0082B21D /* AVAudioSessionExtension.swift */ = {isa = PBXFileReference; lastKnownFileType = sourcecode.swift; path = AVAudioSessionExtension.swift; sourceTree = "<group>"; };
		05AE93552ADE74740082B21D /* RecognizerError.swift */ = {isa = PBXFileReference; lastKnownFileType = sourcecode.swift; path = RecognizerError.swift; sourceTree = "<group>"; };
		05AE93572ADE74980082B21D /* SpeechRecognizerViewModel.swift */ = {isa = PBXFileReference; lastKnownFileType = sourcecode.swift; path = SpeechRecognizerViewModel.swift; sourceTree = "<group>"; };
		05AE935C2ADE751A0082B21D /* SpeechRecognizerTestView.swift */ = {isa = PBXFileReference; lastKnownFileType = sourcecode.swift; path = SpeechRecognizerTestView.swift; sourceTree = "<group>"; };
		05AE93602ADE82410082B21D /* testing-cat.json */ = {isa = PBXFileReference; fileEncoding = 4; lastKnownFileType = text.json; path = "testing-cat.json"; sourceTree = "<group>"; };
		05AE93622ADE82920082B21D /* LottieView.swift */ = {isa = PBXFileReference; lastKnownFileType = sourcecode.swift; path = LottieView.swift; sourceTree = "<group>"; };
		05AE93642ADE82E60082B21D /* LottieAnimationTestView.swift */ = {isa = PBXFileReference; lastKnownFileType = sourcecode.swift; path = LottieAnimationTestView.swift; sourceTree = "<group>"; };
		05BA97A92AE11EE400F64F52 /* MPVolumeViewExtension.swift */ = {isa = PBXFileReference; lastKnownFileType = sourcecode.swift; path = MPVolumeViewExtension.swift; sourceTree = "<group>"; };
		05D966E02ADEE6CF00997E3A /* success.mp3 */ = {isa = PBXFileReference; lastKnownFileType = audio.mp3; path = success.mp3; sourceTree = "<group>"; };
		05E17AD42ADE86DE00A34547 /* FindTheObject.swift */ = {isa = PBXFileReference; lastKnownFileType = sourcecode.swift; path = FindTheObject.swift; sourceTree = "<group>"; };
		05E17AD62ADEBFC500A34547 /* BalloonView.swift */ = {isa = PBXFileReference; lastKnownFileType = sourcecode.swift; path = BalloonView.swift; sourceTree = "<group>"; };
		05E17AD82ADED16800A34547 /* balon_merah.mp3 */ = {isa = PBXFileReference; lastKnownFileType = audio.mp3; path = balon_merah.mp3; sourceTree = "<group>"; };
		0B1197612AD7D4F3004FAD14 /* IconButton.swift */ = {isa = PBXFileReference; lastKnownFileType = sourcecode.swift; path = IconButton.swift; sourceTree = "<group>"; };
		0B1197822AD7E97A004FAD14 /* CollectionRowView.swift */ = {isa = PBXFileReference; lastKnownFileType = sourcecode.swift; path = CollectionRowView.swift; sourceTree = "<group>"; };
		0B2E31D72AD7EB6100DFC16F /* CollectionListView.swift */ = {isa = PBXFileReference; lastKnownFileType = sourcecode.swift; path = CollectionListView.swift; sourceTree = "<group>"; };
		0B2E31D92AD7EBE500DFC16F /* CollectionModel.swift */ = {isa = PBXFileReference; lastKnownFileType = sourcecode.swift; name = CollectionModel.swift; path = Moco/View/Components/ListViews/CollectionModel.swift; sourceTree = SOURCE_ROOT; };
		0B2E31DB2AD8084600DFC16F /* CollectionView.swift */ = {isa = PBXFileReference; lastKnownFileType = sourcecode.swift; path = CollectionView.swift; sourceTree = "<group>"; };
		0B2E31DD2AD8087B00DFC16F /* Header.swift */ = {isa = PBXFileReference; lastKnownFileType = sourcecode.swift; path = Header.swift; sourceTree = "<group>"; };
		0B2E31DF2AD810D400DFC16F /* StoryBoardView.swift */ = {isa = PBXFileReference; lastKnownFileType = sourcecode.swift; path = StoryBoardView.swift; sourceTree = "<group>"; };
		0B2E31E12AD9064900DFC16F /* CollectionViewModel.swift */ = {isa = PBXFileReference; lastKnownFileType = sourcecode.swift; name = CollectionViewModel.swift; path = Moco/View/CollectionViewModel.swift; sourceTree = SOURCE_ROOT; };
		0B6E2F652ADC8ECE0001D320 /* StoryThemeModel.swift */ = {isa = PBXFileReference; lastKnownFileType = sourcecode.swift; path = StoryThemeModel.swift; sourceTree = "<group>"; };
		0B6E2F672ADC908B0001D320 /* StoryModel.swift */ = {isa = PBXFileReference; lastKnownFileType = sourcecode.swift; path = StoryModel.swift; sourceTree = "<group>"; };
		0B6E2F692ADC91060001D320 /* StoryContentModel.swift */ = {isa = PBXFileReference; lastKnownFileType = sourcecode.swift; path = StoryContentModel.swift; sourceTree = "<group>"; };
		0B6E2F6B2ADC91E10001D320 /* PromptModel.swift */ = {isa = PBXFileReference; lastKnownFileType = sourcecode.swift; path = PromptModel.swift; sourceTree = "<group>"; };
		0B6E2F6D2ADC92950001D320 /* HintModel.swift */ = {isa = PBXFileReference; lastKnownFileType = sourcecode.swift; path = HintModel.swift; sourceTree = "<group>"; };
		0B6E2F6F2ADC96200001D320 /* StoryThemeViewModel.swift */ = {isa = PBXFileReference; lastKnownFileType = sourcecode.swift; path = StoryThemeViewModel.swift; sourceTree = "<group>"; };
		0B6E2F712ADC97BE0001D320 /* StoryViewModel.swift */ = {isa = PBXFileReference; lastKnownFileType = sourcecode.swift; path = StoryViewModel.swift; sourceTree = "<group>"; };
		0B6E2F732ADC9DC90001D320 /* HintViewModel.swift */ = {isa = PBXFileReference; lastKnownFileType = sourcecode.swift; path = HintViewModel.swift; sourceTree = "<group>"; };
		0B6E2F752ADC9F020001D320 /* PromptViewModel.swift */ = {isa = PBXFileReference; lastKnownFileType = sourcecode.swift; path = PromptViewModel.swift; sourceTree = "<group>"; };
		0B6E2F772ADCA8990001D320 /* StoryContentViewModel.swift */ = {isa = PBXFileReference; lastKnownFileType = sourcecode.swift; path = StoryContentViewModel.swift; sourceTree = "<group>"; };
		932357D52ADE6EF3009B3D86 /* bg-story.mp3 */ = {isa = PBXFileReference; lastKnownFileType = audio.mp3; path = "bg-story.mp3"; sourceTree = "<group>"; };
		932357D72ADE700D009B3D86 /* AudioViewModel.swift */ = {isa = PBXFileReference; lastKnownFileType = sourcecode.swift; path = AudioViewModel.swift; sourceTree = "<group>"; };
		932357D92ADE7190009B3D86 /* AudioModel.swift */ = {isa = PBXFileReference; lastKnownFileType = sourcecode.swift; path = AudioModel.swift; sourceTree = "<group>"; };
		938E3D1E2AD7AD78003D2AE1 /* Collection.swift */ = {isa = PBXFileReference; lastKnownFileType = sourcecode.swift; path = Collection.swift; sourceTree = "<group>"; };
		938E3D302AD8FD2E003D2AE1 /* ItemViewModel.swift */ = {isa = PBXFileReference; lastKnownFileType = sourcecode.swift; path = ItemViewModel.swift; sourceTree = "<group>"; };
		938E3D322AD91605003D2AE1 /* DetectionView.swift */ = {isa = PBXFileReference; lastKnownFileType = sourcecode.swift; path = DetectionView.swift; sourceTree = "<group>"; };
		938E3D342AD91AD5003D2AE1 /* EnvironmentValue.swift */ = {isa = PBXFileReference; lastKnownFileType = sourcecode.swift; path = EnvironmentValue.swift; sourceTree = "<group>"; };
		938E3D362AD939C4003D2AE1 /* ContentView.swift */ = {isa = PBXFileReference; lastKnownFileType = sourcecode.swift; path = ContentView.swift; sourceTree = "<group>"; };
		938E3D382AD939DC003D2AE1 /* Item.swift */ = {isa = PBXFileReference; fileEncoding = 4; lastKnownFileType = sourcecode.swift; path = Item.swift; sourceTree = "<group>"; };
		938E3D3A2AD9874F003D2AE1 /* ModelGenerator.swift */ = {isa = PBXFileReference; lastKnownFileType = sourcecode.swift; path = ModelGenerator.swift; sourceTree = "<group>"; };
		938E3D3C2AD9901B003D2AE1 /* PopUpComponent.swift */ = {isa = PBXFileReference; lastKnownFileType = sourcecode.swift; path = PopUpComponent.swift; sourceTree = "<group>"; };
		938E3D3E2AD990C3003D2AE1 /* Buttons.swift */ = {isa = PBXFileReference; lastKnownFileType = sourcecode.swift; path = Buttons.swift; sourceTree = "<group>"; };
		938E3D422ADABD9F003D2AE1 /* BaseViewModel.swift */ = {isa = PBXFileReference; lastKnownFileType = sourcecode.swift; path = BaseViewModel.swift; sourceTree = "<group>"; };
		938E3D442ADAD5F3003D2AE1 /* StoryBook.swift */ = {isa = PBXFileReference; lastKnownFileType = sourcecode.swift; path = StoryBook.swift; sourceTree = "<group>"; };
		938E3D462ADB0AA5003D2AE1 /* Routes.swift */ = {isa = PBXFileReference; lastKnownFileType = sourcecode.swift; path = Routes.swift; sourceTree = "<group>"; };
		938E3D4A2ADB9F1B003D2AE1 /* StoryView.swift */ = {isa = PBXFileReference; lastKnownFileType = sourcecode.swift; path = StoryView.swift; sourceTree = "<group>"; };
		938E3D4C2ADBA247003D2AE1 /* ContentViewContainer.swift */ = {isa = PBXFileReference; lastKnownFileType = sourcecode.swift; path = ContentViewContainer.swift; sourceTree = "<group>"; };
		938E3D4F2ADBABD3003D2AE1 /* Print.swift */ = {isa = PBXFileReference; lastKnownFileType = sourcecode.swift; path = Print.swift; sourceTree = "<group>"; };
		938E3D512ADBAE62003D2AE1 /* SettingsView.swift */ = {isa = PBXFileReference; lastKnownFileType = sourcecode.swift; path = SettingsView.swift; sourceTree = "<group>"; };
		938E3D532ADBCDB8003D2AE1 /* StoryNavigationButton.swift */ = {isa = PBXFileReference; lastKnownFileType = sourcecode.swift; path = StoryNavigationButton.swift; sourceTree = "<group>"; };
		938E3D552ADBE961003D2AE1 /* Screen.swift */ = {isa = PBXFileReference; lastKnownFileType = sourcecode.swift; path = Screen.swift; sourceTree = "<group>"; };
		938E3D572ADC00FB003D2AE1 /* PopUpExtension.swift */ = {isa = PBXFileReference; lastKnownFileType = sourcecode.swift; path = PopUpExtension.swift; sourceTree = "<group>"; };
		93C2F8802AD683AC007D1ABC /* Moco.app */ = {isa = PBXFileReference; explicitFileType = wrapper.application; includeInIndex = 0; path = Moco.app; sourceTree = BUILT_PRODUCTS_DIR; };
		93C2F8832AD683AC007D1ABC /* MocoApp.swift */ = {isa = PBXFileReference; lastKnownFileType = sourcecode.swift; path = MocoApp.swift; sourceTree = "<group>"; };
		93C2F8892AD683AE007D1ABC /* Assets.xcassets */ = {isa = PBXFileReference; lastKnownFileType = folder.assetcatalog; path = Assets.xcassets; sourceTree = "<group>"; };
		93C2F88C2AD683AE007D1ABC /* Preview Assets.xcassets */ = {isa = PBXFileReference; lastKnownFileType = folder.assetcatalog; path = "Preview Assets.xcassets"; sourceTree = "<group>"; };
		93C2F88E2AD683AE007D1ABC /* Moco.entitlements */ = {isa = PBXFileReference; lastKnownFileType = text.plist.entitlements; path = Moco.entitlements; sourceTree = "<group>"; };
		93C2F88F2AD683AE007D1ABC /* Info.plist */ = {isa = PBXFileReference; lastKnownFileType = text.plist.xml; path = Info.plist; sourceTree = "<group>"; };
		93C2F8942AD683AE007D1ABC /* MocoTests.xctest */ = {isa = PBXFileReference; explicitFileType = wrapper.cfbundle; includeInIndex = 0; path = MocoTests.xctest; sourceTree = BUILT_PRODUCTS_DIR; };
		93C2F8982AD683AE007D1ABC /* MocoTests.swift */ = {isa = PBXFileReference; lastKnownFileType = sourcecode.swift; path = MocoTests.swift; sourceTree = "<group>"; };
		93C2F89E2AD683AE007D1ABC /* MocoUITests.xctest */ = {isa = PBXFileReference; explicitFileType = wrapper.cfbundle; includeInIndex = 0; path = MocoUITests.xctest; sourceTree = BUILT_PRODUCTS_DIR; };
		93C2F8A22AD683AE007D1ABC /* MocoUITests.swift */ = {isa = PBXFileReference; lastKnownFileType = sourcecode.swift; path = MocoUITests.swift; sourceTree = "<group>"; };
		93C2F8A42AD683AE007D1ABC /* MocoUITestsLaunchTests.swift */ = {isa = PBXFileReference; lastKnownFileType = sourcecode.swift; path = MocoUITestsLaunchTests.swift; sourceTree = "<group>"; };
		93C2F8B62AD684CE007D1ABC /* Detector.swift */ = {isa = PBXFileReference; fileEncoding = 4; lastKnownFileType = sourcecode.swift; path = Detector.swift; sourceTree = "<group>"; };
		93C2F8B72AD684CE007D1ABC /* ObjectDetectionViewController.swift */ = {isa = PBXFileReference; fileEncoding = 4; lastKnownFileType = sourcecode.swift; path = ObjectDetectionViewController.swift; sourceTree = "<group>"; };
		93C2F8B82AD684CE007D1ABC /* HomeView.swift */ = {isa = PBXFileReference; fileEncoding = 4; lastKnownFileType = sourcecode.swift; path = HomeView.swift; sourceTree = "<group>"; };
		93C2F8BA2AD684CE007D1ABC /* Device.swift */ = {isa = PBXFileReference; fileEncoding = 4; lastKnownFileType = sourcecode.swift; path = Device.swift; sourceTree = "<group>"; };
		93C2F8BF2AD685A3007D1ABC /* README.md */ = {isa = PBXFileReference; fileEncoding = 4; lastKnownFileType = net.daringfireball.markdown; path = README.md; sourceTree = "<group>"; };
		93C2F8C12AD685D7007D1ABC /* yolov8s.mlmodel */ = {isa = PBXFileReference; lastKnownFileType = file.mlmodel; path = yolov8s.mlmodel; sourceTree = "<group>"; };
		93C8E71D2ADEDA79002315A2 /* CherryBombRegular.ttf */ = {isa = PBXFileReference; lastKnownFileType = file; path = CherryBombRegular.ttf; sourceTree = "<group>"; };
		93C8E7202ADEF1DB002315A2 /* TimerModel.swift */ = {isa = PBXFileReference; lastKnownFileType = sourcecode.swift; path = TimerModel.swift; sourceTree = "<group>"; };
		93C8E7222ADEF249002315A2 /* FontUtil.swift */ = {isa = PBXFileReference; lastKnownFileType = sourcecode.swift; path = FontUtil.swift; sourceTree = "<group>"; };
		93C8E7242ADEF2D3002315A2 /* TimerViewModel.swift */ = {isa = PBXFileReference; lastKnownFileType = sourcecode.swift; path = TimerViewModel.swift; sourceTree = "<group>"; };
		93C8E7262ADF8DA3002315A2 /* bg-shop.mp3 */ = {isa = PBXFileReference; lastKnownFileType = audio.mp3; path = "bg-shop.mp3"; sourceTree = "<group>"; };
		93C8E7292AE01660002315A2 /* Storm.swift */ = {isa = PBXFileReference; lastKnownFileType = sourcecode.swift; path = Storm.swift; sourceTree = "<group>"; };
/* End PBXFileReference section */

/* Begin PBXFrameworksBuildPhase section */
		93C2F87D2AD683AC007D1ABC /* Frameworks */ = {
			isa = PBXFrameworksBuildPhase;
			buildActionMask = 2147483647;
			files = (
				05AE93682ADE83430082B21D /* Lottie in Frameworks */,
			);
			runOnlyForDeploymentPostprocessing = 0;
		};
		93C2F8912AD683AE007D1ABC /* Frameworks */ = {
			isa = PBXFrameworksBuildPhase;
			buildActionMask = 2147483647;
			files = (
			);
			runOnlyForDeploymentPostprocessing = 0;
		};
		93C2F89B2AD683AE007D1ABC /* Frameworks */ = {
			isa = PBXFrameworksBuildPhase;
			buildActionMask = 2147483647;
			files = (
			);
			runOnlyForDeploymentPostprocessing = 0;
		};
/* End PBXFrameworksBuildPhase section */

/* Begin PBXGroup section */
		050353DF2ADFE28B0066591A /* FindHoney */ = {
			isa = PBXGroup;
			children = (
				050353E02ADFE2970066591A /* FindHoney.swift */,
			);
			path = FindHoney;
			sourceTree = "<group>";
		};
		0569496F2AE0EAD600830D57 /* Page9 */ = {
			isa = PBXGroup;
			children = (
				053393112AE13A220085BB30 /* frog_thankyou.m4a */,
				056949832AE0EDC500830D57 /* Page9-monolog1.m4a */,
				05E17AD82ADED16800A34547 /* balon_merah.mp3 */,
			);
			path = Page9;
			sourceTree = "<group>";
		};
		056949792AE0EB7D00830D57 /* Page2 */ = {
			isa = PBXGroup;
			children = (
				056949752AE0EB6A00830D57 /* Page2-monolog1.m4a */,
			);
			path = Page2;
			sourceTree = "<group>";
		};
		0569497A2AE0EB8600830D57 /* Page3 */ = {
			isa = PBXGroup;
			children = (
				056949772AE0EB6A00830D57 /* Page3-monolog1.m4a */,
			);
			path = Page3;
			sourceTree = "<group>";
		};
		0569497B2AE0EB8D00830D57 /* Page4 */ = {
			isa = PBXGroup;
			children = (
				056949712AE0EB6A00830D57 /* Page4-monolog2.m4a */,
				056949702AE0EB6A00830D57 /* Page4-monolog1.m4a */,
				053393102AE13A0C0085BB30 /* bear_thankyou.m4a */,
			);
			path = Page4;
			sourceTree = "<group>";
		};
		0569497C2AE0EB9200830D57 /* Page5 */ = {
			isa = PBXGroup;
			children = (
				056949732AE0EB6A00830D57 /* Page5-monolog1.m4a */,
			);
			path = Page5;
			sourceTree = "<group>";
		};
		0569497D2AE0EB9900830D57 /* Page6 */ = {
			isa = PBXGroup;
			children = (
				056949742AE0EB6A00830D57 /* Page6-monolog1.m4a */,
			);
			path = Page6;
			sourceTree = "<group>";
		};
		0569497E2AE0EB9E00830D57 /* Page7 */ = {
			isa = PBXGroup;
			children = (
				056949762AE0EB6A00830D57 /* prompt_kursi.m4a */,
			);
			path = Page7;
			sourceTree = "<group>";
		};
		0569497F2AE0EBC600830D57 /* Page8 */ = {
			isa = PBXGroup;
			children = (
				056949782AE0EB6A00830D57 /* Page8-monolog1.m4a */,
			);
			path = Page8;
			sourceTree = "<group>";
		};
		056949802AE0EC1B00830D57 /* Page10 */ = {
			isa = PBXGroup;
			children = (
				056949822AE0ED3300830D57 /* Page10-monolog1.m4a */,
				056949812AE0ED3300830D57 /* Page10-monolog2.m4a */,
			);
			path = Page10;
			sourceTree = "<group>";
		};
		05AE93542ADE74540082B21D /* Helper */ = {
			isa = PBXGroup;
			children = (
				05AE93552ADE74740082B21D /* RecognizerError.swift */,
			);
			path = Helper;
			sourceTree = "<group>";
		};
		05AE93592ADE74E10082B21D /* Temporary */ = {
			isa = PBXGroup;
			children = (
				05AE935C2ADE751A0082B21D /* SpeechRecognizerTestView.swift */,
				05AE93642ADE82E60082B21D /* LottieAnimationTestView.swift */,
			);
			path = Temporary;
			sourceTree = "<group>";
		};
		05AE935E2ADE820B0082B21D /* Assets */ = {
			isa = PBXGroup;
			children = (
				93C8E71C2ADEDA6A002315A2 /* Fonts */,
				932357D22ADE6DF2009B3D86 /* Audio */,
				05AE935F2ADE82240082B21D /* Lottie */,
			);
			path = Assets;
			sourceTree = "<group>";
		};
		05AE935F2ADE82240082B21D /* Lottie */ = {
			isa = PBXGroup;
			children = (
				05AE93602ADE82410082B21D /* testing-cat.json */,
			);
			path = Lottie;
			sourceTree = "<group>";
		};
		05B1661C2ADE755F0077FA0D /* Prompts */ = {
			isa = PBXGroup;
			children = (
				050353DF2ADFE28B0066591A /* FindHoney */,
				05B1661D2ADE75640077FA0D /* FindTheObject */,
			);
			path = Prompts;
			sourceTree = "<group>";
		};
		05B1661D2ADE75640077FA0D /* FindTheObject */ = {
			isa = PBXGroup;
			children = (
				05E17AD42ADE86DE00A34547 /* FindTheObject.swift */,
				05E17AD62ADEBFC500A34547 /* BalloonView.swift */,
			);
			path = FindTheObject;
			sourceTree = "<group>";
		};
		05E17ADA2ADED17B00A34547 /* Story */ = {
			isa = PBXGroup;
			children = (
				05E17ADB2ADED18800A34547 /* Story1 */,
			);
			path = Story;
			sourceTree = "<group>";
		};
		05E17ADB2ADED18800A34547 /* Story1 */ = {
			isa = PBXGroup;
			children = (
				05E17ADC2ADED19700A34547 /* Page1 */,
				056949792AE0EB7D00830D57 /* Page2 */,
				0569497A2AE0EB8600830D57 /* Page3 */,
				0569497B2AE0EB8D00830D57 /* Page4 */,
				0569497C2AE0EB9200830D57 /* Page5 */,
				0569497D2AE0EB9900830D57 /* Page6 */,
				0569497E2AE0EB9E00830D57 /* Page7 */,
				0569497F2AE0EBC600830D57 /* Page8 */,
				0569496F2AE0EAD600830D57 /* Page9 */,
				056949802AE0EC1B00830D57 /* Page10 */,
			);
			path = Story1;
			sourceTree = "<group>";
		};
		05E17ADC2ADED19700A34547 /* Page1 */ = {
			isa = PBXGroup;
			children = (
				056949722AE0EB6A00830D57 /* Page1-monolog1.m4a */,
			);
			path = Page1;
			sourceTree = "<group>";
		};
		0B1197602AD7D4A7004FAD14 /* Components */ = {
			isa = PBXGroup;
			children = (
				93C8E7282AE0164E002315A2 /* Animations */,
				05B1661C2ADE755F0077FA0D /* Prompts */,
				0B2E31D62AD7EB4B00DFC16F /* ListViews */,
				0B2E31D52AD7EB3600DFC16F /* RowViews */,
				0B1197612AD7D4F3004FAD14 /* IconButton.swift */,
				0B2E31DD2AD8087B00DFC16F /* Header.swift */,
				938E3D3C2AD9901B003D2AE1 /* PopUpComponent.swift */,
				938E3D3E2AD990C3003D2AE1 /* Buttons.swift */,
				938E3D442ADAD5F3003D2AE1 /* StoryBook.swift */,
				938E3D532ADBCDB8003D2AE1 /* StoryNavigationButton.swift */,
				05AE93622ADE82920082B21D /* LottieView.swift */,
			);
			path = Components;
			sourceTree = "<group>";
		};
		0B2E31D52AD7EB3600DFC16F /* RowViews */ = {
			isa = PBXGroup;
			children = (
				0B1197822AD7E97A004FAD14 /* CollectionRowView.swift */,
			);
			path = RowViews;
			sourceTree = "<group>";
		};
		0B2E31D62AD7EB4B00DFC16F /* ListViews */ = {
			isa = PBXGroup;
			children = (
				0B2E31D72AD7EB6100DFC16F /* CollectionListView.swift */,
			);
			path = ListViews;
			sourceTree = "<group>";
		};
		932357D22ADE6DF2009B3D86 /* Audio */ = {
			isa = PBXGroup;
			children = (
				93C8E7262ADF8DA3002315A2 /* bg-shop.mp3 */,
				05E17ADA2ADED17B00A34547 /* Story */,
				932357D52ADE6EF3009B3D86 /* bg-story.mp3 */,
				05D966E02ADEE6CF00997E3A /* success.mp3 */,
				053393122AE13A310085BB30 /* congratulations.m4a */,
				056949842AE0EF8700830D57 /* cow_bell_ring.mp3 */,
			);
			path = Audio;
			sourceTree = "<group>";
		};
		938E3D4E2ADBABC3003D2AE1 /* Utils */ = {
			isa = PBXGroup;
			children = (
				938E3D4F2ADBABD3003D2AE1 /* Print.swift */,
				938E3D552ADBE961003D2AE1 /* Screen.swift */,
				93C8E7222ADEF249002315A2 /* FontUtil.swift */,
			);
			path = Utils;
			sourceTree = "<group>";
		};
		93C2F8772AD683AC007D1ABC = {
			isa = PBXGroup;
			children = (
				93C2F8BF2AD685A3007D1ABC /* README.md */,
				93C2F8822AD683AC007D1ABC /* Moco */,
				93C2F8972AD683AE007D1ABC /* MocoTests */,
				93C2F8A12AD683AE007D1ABC /* MocoUITests */,
				93C2F8812AD683AC007D1ABC /* Products */,
			);
			sourceTree = "<group>";
		};
		93C2F8812AD683AC007D1ABC /* Products */ = {
			isa = PBXGroup;
			children = (
				93C2F8802AD683AC007D1ABC /* Moco.app */,
				93C2F8942AD683AE007D1ABC /* MocoTests.xctest */,
				93C2F89E2AD683AE007D1ABC /* MocoUITests.xctest */,
			);
			name = Products;
			sourceTree = "<group>";
		};
		93C2F8822AD683AC007D1ABC /* Moco */ = {
			isa = PBXGroup;
			children = (
				05AE935E2ADE820B0082B21D /* Assets */,
				938E3D4E2ADBABC3003D2AE1 /* Utils */,
				05AE93542ADE74540082B21D /* Helper */,
				93C2F8B92AD684CE007D1ABC /* Extension */,
				93C2F8B32AD6847A007D1ABC /* CoreMLModel */,
				93C2F8B22AD68470007D1ABC /* Model */,
				93C2F8B12AD68467007D1ABC /* ViewModel */,
				93C2F8B42AD6848F007D1ABC /* View */,
				938E3D462ADB0AA5003D2AE1 /* Routes.swift */,
				93C2F8832AD683AC007D1ABC /* MocoApp.swift */,
				93C2F8892AD683AE007D1ABC /* Assets.xcassets */,
				93C2F88E2AD683AE007D1ABC /* Moco.entitlements */,
				93C2F88F2AD683AE007D1ABC /* Info.plist */,
				93C2F88B2AD683AE007D1ABC /* Preview Content */,
			);
			path = Moco;
			sourceTree = "<group>";
		};
		93C2F88B2AD683AE007D1ABC /* Preview Content */ = {
			isa = PBXGroup;
			children = (
				93C2F88C2AD683AE007D1ABC /* Preview Assets.xcassets */,
			);
			path = "Preview Content";
			sourceTree = "<group>";
		};
		93C2F8972AD683AE007D1ABC /* MocoTests */ = {
			isa = PBXGroup;
			children = (
				93C2F8982AD683AE007D1ABC /* MocoTests.swift */,
			);
			path = MocoTests;
			sourceTree = "<group>";
		};
		93C2F8A12AD683AE007D1ABC /* MocoUITests */ = {
			isa = PBXGroup;
			children = (
				93C2F8A22AD683AE007D1ABC /* MocoUITests.swift */,
				93C2F8A42AD683AE007D1ABC /* MocoUITestsLaunchTests.swift */,
			);
			path = MocoUITests;
			sourceTree = "<group>";
		};
		93C2F8B12AD68467007D1ABC /* ViewModel */ = {
			isa = PBXGroup;
			children = (
				938E3D302AD8FD2E003D2AE1 /* ItemViewModel.swift */,
				0B2E31E12AD9064900DFC16F /* CollectionViewModel.swift */,
				938E3D422ADABD9F003D2AE1 /* BaseViewModel.swift */,
				0B6E2F6F2ADC96200001D320 /* StoryThemeViewModel.swift */,
				0B6E2F712ADC97BE0001D320 /* StoryViewModel.swift */,
				0B6E2F752ADC9F020001D320 /* PromptViewModel.swift */,
				0B6E2F732ADC9DC90001D320 /* HintViewModel.swift */,
				0B6E2F772ADCA8990001D320 /* StoryContentViewModel.swift */,
				932357D72ADE700D009B3D86 /* AudioViewModel.swift */,
				05AE93572ADE74980082B21D /* SpeechRecognizerViewModel.swift */,
				93C8E7242ADEF2D3002315A2 /* TimerViewModel.swift */,
			);
			path = ViewModel;
			sourceTree = "<group>";
		};
		93C2F8B22AD68470007D1ABC /* Model */ = {
			isa = PBXGroup;
			children = (
				938E3D3A2AD9874F003D2AE1 /* ModelGenerator.swift */,
				938E3D382AD939DC003D2AE1 /* Item.swift */,
				0B2E31D92AD7EBE500DFC16F /* CollectionModel.swift */,
				938E3D1E2AD7AD78003D2AE1 /* Collection.swift */,
				0B6E2F652ADC8ECE0001D320 /* StoryThemeModel.swift */,
				0B6E2F672ADC908B0001D320 /* StoryModel.swift */,
				0B6E2F6B2ADC91E10001D320 /* PromptModel.swift */,
				0B6E2F6D2ADC92950001D320 /* HintModel.swift */,
				0B6E2F692ADC91060001D320 /* StoryContentModel.swift */,
				932357D92ADE7190009B3D86 /* AudioModel.swift */,
				93C8E7202ADEF1DB002315A2 /* TimerModel.swift */,
			);
			path = Model;
			sourceTree = "<group>";
		};
		93C2F8B32AD6847A007D1ABC /* CoreMLModel */ = {
			isa = PBXGroup;
			children = (
				93C2F8C12AD685D7007D1ABC /* yolov8s.mlmodel */,
			);
			path = CoreMLModel;
			sourceTree = "<group>";
		};
		93C2F8B42AD6848F007D1ABC /* View */ = {
			isa = PBXGroup;
			children = (
				0B1197602AD7D4A7004FAD14 /* Components */,
				93C2F8B52AD684CE007D1ABC /* ObjectDetection */,
				05AE93592ADE74E10082B21D /* Temporary */,
				0B2E31DB2AD8084600DFC16F /* CollectionView.swift */,
				938E3D322AD91605003D2AE1 /* DetectionView.swift */,
				0B2E31DF2AD810D400DFC16F /* StoryBoardView.swift */,
				938E3D4A2ADB9F1B003D2AE1 /* StoryView.swift */,
				938E3D4C2ADBA247003D2AE1 /* ContentViewContainer.swift */,
				938E3D512ADBAE62003D2AE1 /* SettingsView.swift */,
				93C2F8B82AD684CE007D1ABC /* HomeView.swift */,
				938E3D362AD939C4003D2AE1 /* ContentView.swift */,
			);
			path = View;
			sourceTree = "<group>";
		};
		93C2F8B52AD684CE007D1ABC /* ObjectDetection */ = {
			isa = PBXGroup;
			children = (
				93C2F8B62AD684CE007D1ABC /* Detector.swift */,
				93C2F8B72AD684CE007D1ABC /* ObjectDetectionViewController.swift */,
			);
			path = ObjectDetection;
			sourceTree = "<group>";
		};
		93C2F8B92AD684CE007D1ABC /* Extension */ = {
			isa = PBXGroup;
			children = (
				93C2F8BA2AD684CE007D1ABC /* Device.swift */,
				938E3D342AD91AD5003D2AE1 /* EnvironmentValue.swift */,
				938E3D572ADC00FB003D2AE1 /* PopUpExtension.swift */,
				05AE93502ADE73E40082B21D /* SFSpeechRecognizerExtension.swift */,
				05AE93522ADE743C0082B21D /* AVAudioSessionExtension.swift */,
				05BA97A92AE11EE400F64F52 /* MPVolumeViewExtension.swift */,
			);
			path = Extension;
			sourceTree = "<group>";
		};
		93C8E71C2ADEDA6A002315A2 /* Fonts */ = {
			isa = PBXGroup;
			children = (
				93C8E71D2ADEDA79002315A2 /* CherryBombRegular.ttf */,
			);
			path = Fonts;
			sourceTree = "<group>";
		};
		93C8E7282AE0164E002315A2 /* Animations */ = {
			isa = PBXGroup;
			children = (
				93C8E7292AE01660002315A2 /* Storm.swift */,
			);
			path = Animations;
			sourceTree = "<group>";
		};
/* End PBXGroup section */

/* Begin PBXNativeTarget section */
		93C2F87F2AD683AC007D1ABC /* Moco */ = {
			isa = PBXNativeTarget;
			buildConfigurationList = 93C2F8A82AD683AE007D1ABC /* Build configuration list for PBXNativeTarget "Moco" */;
			buildPhases = (
				93C2F87C2AD683AC007D1ABC /* Sources */,
				93C2F87D2AD683AC007D1ABC /* Frameworks */,
				93C2F87E2AD683AC007D1ABC /* Resources */,
			);
			buildRules = (
			);
			dependencies = (
			);
			name = Moco;
			packageProductDependencies = (
				05AE93672ADE83430082B21D /* Lottie */,
			);
			productName = Moco;
			productReference = 93C2F8802AD683AC007D1ABC /* Moco.app */;
			productType = "com.apple.product-type.application";
		};
		93C2F8932AD683AE007D1ABC /* MocoTests */ = {
			isa = PBXNativeTarget;
			buildConfigurationList = 93C2F8AB2AD683AE007D1ABC /* Build configuration list for PBXNativeTarget "MocoTests" */;
			buildPhases = (
				93C2F8902AD683AE007D1ABC /* Sources */,
				93C2F8912AD683AE007D1ABC /* Frameworks */,
				93C2F8922AD683AE007D1ABC /* Resources */,
			);
			buildRules = (
			);
			dependencies = (
				93C2F8962AD683AE007D1ABC /* PBXTargetDependency */,
			);
			name = MocoTests;
			productName = MocoTests;
			productReference = 93C2F8942AD683AE007D1ABC /* MocoTests.xctest */;
			productType = "com.apple.product-type.bundle.unit-test";
		};
		93C2F89D2AD683AE007D1ABC /* MocoUITests */ = {
			isa = PBXNativeTarget;
			buildConfigurationList = 93C2F8AE2AD683AE007D1ABC /* Build configuration list for PBXNativeTarget "MocoUITests" */;
			buildPhases = (
				93C2F89A2AD683AE007D1ABC /* Sources */,
				93C2F89B2AD683AE007D1ABC /* Frameworks */,
				93C2F89C2AD683AE007D1ABC /* Resources */,
			);
			buildRules = (
			);
			dependencies = (
				93C2F8A02AD683AE007D1ABC /* PBXTargetDependency */,
			);
			name = MocoUITests;
			productName = MocoUITests;
			productReference = 93C2F89E2AD683AE007D1ABC /* MocoUITests.xctest */;
			productType = "com.apple.product-type.bundle.ui-testing";
		};
/* End PBXNativeTarget section */

/* Begin PBXProject section */
		93C2F8782AD683AC007D1ABC /* Project object */ = {
			isa = PBXProject;
			attributes = {
				BuildIndependentTargetsInParallel = 1;
				LastSwiftUpdateCheck = 1500;
				LastUpgradeCheck = 1500;
				TargetAttributes = {
					93C2F87F2AD683AC007D1ABC = {
						CreatedOnToolsVersion = 15.0;
					};
					93C2F8932AD683AE007D1ABC = {
						CreatedOnToolsVersion = 15.0;
						TestTargetID = 93C2F87F2AD683AC007D1ABC;
					};
					93C2F89D2AD683AE007D1ABC = {
						CreatedOnToolsVersion = 15.0;
						TestTargetID = 93C2F87F2AD683AC007D1ABC;
					};
				};
			};
			buildConfigurationList = 93C2F87B2AD683AC007D1ABC /* Build configuration list for PBXProject "Moco" */;
			compatibilityVersion = "Xcode 14.0";
			developmentRegion = en;
			hasScannedForEncodings = 0;
			knownRegions = (
				en,
				Base,
			);
			mainGroup = 93C2F8772AD683AC007D1ABC;
			packageReferences = (
				05AE93662ADE83430082B21D /* XCRemoteSwiftPackageReference "lottie-ios" */,
			);
			productRefGroup = 93C2F8812AD683AC007D1ABC /* Products */;
			projectDirPath = "";
			projectRoot = "";
			targets = (
				93C2F87F2AD683AC007D1ABC /* Moco */,
				93C2F8932AD683AE007D1ABC /* MocoTests */,
				93C2F89D2AD683AE007D1ABC /* MocoUITests */,
			);
		};
/* End PBXProject section */

/* Begin PBXResourcesBuildPhase section */
		93C2F87E2AD683AC007D1ABC /* Resources */ = {
			isa = PBXResourcesBuildPhase;
			buildActionMask = 2147483647;
			files = (
				93C2F8C32AD685E6007D1ABC /* yolov8s.mlmodel in Resources */,
				93C8E7272ADF8DA3002315A2 /* bg-shop.mp3 in Resources */,
				93C8E71E2ADEDA8F002315A2 /* CherryBombRegular.ttf in Resources */,
				93C2F8C02AD685A3007D1ABC /* README.md in Resources */,
				05D966E12ADEE6CF00997E3A /* success.mp3 in Resources */,
				93C2F88D2AD683AE007D1ABC /* Preview Assets.xcassets in Resources */,
				05AE93612ADE82410082B21D /* testing-cat.json in Resources */,
				056949852AE0EF8800830D57 /* cow_bell_ring.mp3 in Resources */,
				932357D62ADE6EF3009B3D86 /* bg-story.mp3 in Resources */,
				05E17AD92ADED16800A34547 /* balon_merah.mp3 in Resources */,
				93C2F88A2AD683AE007D1ABC /* Assets.xcassets in Resources */,
			);
			runOnlyForDeploymentPostprocessing = 0;
		};
		93C2F8922AD683AE007D1ABC /* Resources */ = {
			isa = PBXResourcesBuildPhase;
			buildActionMask = 2147483647;
			files = (
			);
			runOnlyForDeploymentPostprocessing = 0;
		};
		93C2F89C2AD683AE007D1ABC /* Resources */ = {
			isa = PBXResourcesBuildPhase;
			buildActionMask = 2147483647;
			files = (
			);
			runOnlyForDeploymentPostprocessing = 0;
		};
/* End PBXResourcesBuildPhase section */

/* Begin PBXSourcesBuildPhase section */
		93C2F87C2AD683AC007D1ABC /* Sources */ = {
			isa = PBXSourcesBuildPhase;
			buildActionMask = 2147483647;
			files = (
				938E3D582ADC00FB003D2AE1 /* PopUpExtension.swift in Sources */,
				938E3D562ADBE961003D2AE1 /* Screen.swift in Sources */,
				0B6E2F702ADC96200001D320 /* StoryThemeViewModel.swift in Sources */,
				932357D82ADE700D009B3D86 /* AudioViewModel.swift in Sources */,
				938E3D392AD939DC003D2AE1 /* Item.swift in Sources */,
				05AE93582ADE74980082B21D /* SpeechRecognizerViewModel.swift in Sources */,
				938E3D3D2AD9901B003D2AE1 /* PopUpComponent.swift in Sources */,
				938E3D4D2ADBA247003D2AE1 /* ContentViewContainer.swift in Sources */,
				0B1197622AD7D4F3004FAD14 /* IconButton.swift in Sources */,
				938E3D3F2AD990C3003D2AE1 /* Buttons.swift in Sources */,
				938E3D312AD8FD2E003D2AE1 /* ItemViewModel.swift in Sources */,
				0B6E2F662ADC8ECE0001D320 /* StoryThemeModel.swift in Sources */,
				93C2F8842AD683AC007D1ABC /* MocoApp.swift in Sources */,
				93C2F8BD2AD684CE007D1ABC /* HomeView.swift in Sources */,
				93C8E7232ADEF249002315A2 /* FontUtil.swift in Sources */,
				0B2E31DC2AD8084600DFC16F /* CollectionView.swift in Sources */,
				0B6E2F6A2ADC91060001D320 /* StoryContentModel.swift in Sources */,
				0B2E31DA2AD7EBE500DFC16F /* CollectionModel.swift in Sources */,
				0B2E31D82AD7EB6100DFC16F /* CollectionListView.swift in Sources */,
				938E3D542ADBCDB8003D2AE1 /* StoryNavigationButton.swift in Sources */,
				0B6E2F742ADC9DC90001D320 /* HintViewModel.swift in Sources */,
				938E3D372AD939C4003D2AE1 /* ContentView.swift in Sources */,
				0B6E2F6C2ADC91E10001D320 /* PromptModel.swift in Sources */,
				0B6E2F782ADCA8990001D320 /* StoryContentViewModel.swift in Sources */,
				93C2F8BC2AD684CE007D1ABC /* ObjectDetectionViewController.swift in Sources */,
				05AE93532ADE743C0082B21D /* AVAudioSessionExtension.swift in Sources */,
				05AE93512ADE73E40082B21D /* SFSpeechRecognizerExtension.swift in Sources */,
				93C8E7212ADEF1DB002315A2 /* TimerModel.swift in Sources */,
				05AE93562ADE74740082B21D /* RecognizerError.swift in Sources */,
				05AE93632ADE82920082B21D /* LottieView.swift in Sources */,
				93C8E7252ADEF2D3002315A2 /* TimerViewModel.swift in Sources */,
				05AE93652ADE82E60082B21D /* LottieAnimationTestView.swift in Sources */,
				05E17AD72ADEBFC500A34547 /* BalloonView.swift in Sources */,
				938E3D352AD91AD5003D2AE1 /* EnvironmentValue.swift in Sources */,
				938E3D332AD91605003D2AE1 /* DetectionView.swift in Sources */,
				05BA97AA2AE11EE400F64F52 /* MPVolumeViewExtension.swift in Sources */,
				938E3D452ADAD5F3003D2AE1 /* StoryBook.swift in Sources */,
				0B6E2F722ADC97BE0001D320 /* StoryViewModel.swift in Sources */,
				938E3D432ADABD9F003D2AE1 /* BaseViewModel.swift in Sources */,
				050353E12ADFE2970066591A /* FindHoney.swift in Sources */,
				0B6E2F6E2ADC92950001D320 /* HintModel.swift in Sources */,
				0B2E31E22AD9064900DFC16F /* CollectionViewModel.swift in Sources */,
				938E3D522ADBAE62003D2AE1 /* SettingsView.swift in Sources */,
				938E3D472ADB0AA5003D2AE1 /* Routes.swift in Sources */,
				0B2E31E02AD810D400DFC16F /* StoryBoardView.swift in Sources */,
				93C2F8BE2AD684CE007D1ABC /* Device.swift in Sources */,
				0B6E2F682ADC908B0001D320 /* StoryModel.swift in Sources */,
				938E3D3B2AD9874F003D2AE1 /* ModelGenerator.swift in Sources */,
				93C8E72A2AE01660002315A2 /* Storm.swift in Sources */,
				0B2E31DE2AD8087B00DFC16F /* Header.swift in Sources */,
				932357DA2ADE7190009B3D86 /* AudioModel.swift in Sources */,
				05AE935D2ADE751A0082B21D /* SpeechRecognizerTestView.swift in Sources */,
				938E3D502ADBABD3003D2AE1 /* Print.swift in Sources */,
				938E3D4B2ADB9F1B003D2AE1 /* StoryView.swift in Sources */,
				93C2F8BB2AD684CE007D1ABC /* Detector.swift in Sources */,
				0B1197832AD7E97A004FAD14 /* CollectionRowView.swift in Sources */,
				05E17AD52ADE86DE00A34547 /* FindTheObject.swift in Sources */,
				0B6E2F762ADC9F020001D320 /* PromptViewModel.swift in Sources */,
				938E3D1F2AD7AD78003D2AE1 /* Collection.swift in Sources */,
			);
			runOnlyForDeploymentPostprocessing = 0;
		};
		93C2F8902AD683AE007D1ABC /* Sources */ = {
			isa = PBXSourcesBuildPhase;
			buildActionMask = 2147483647;
			files = (
				93C2F8992AD683AE007D1ABC /* MocoTests.swift in Sources */,
			);
			runOnlyForDeploymentPostprocessing = 0;
		};
		93C2F89A2AD683AE007D1ABC /* Sources */ = {
			isa = PBXSourcesBuildPhase;
			buildActionMask = 2147483647;
			files = (
				93C2F8A52AD683AE007D1ABC /* MocoUITestsLaunchTests.swift in Sources */,
				93C2F8A32AD683AE007D1ABC /* MocoUITests.swift in Sources */,
			);
			runOnlyForDeploymentPostprocessing = 0;
		};
/* End PBXSourcesBuildPhase section */

/* Begin PBXTargetDependency section */
		93C2F8962AD683AE007D1ABC /* PBXTargetDependency */ = {
			isa = PBXTargetDependency;
			target = 93C2F87F2AD683AC007D1ABC /* Moco */;
			targetProxy = 93C2F8952AD683AE007D1ABC /* PBXContainerItemProxy */;
		};
		93C2F8A02AD683AE007D1ABC /* PBXTargetDependency */ = {
			isa = PBXTargetDependency;
			target = 93C2F87F2AD683AC007D1ABC /* Moco */;
			targetProxy = 93C2F89F2AD683AE007D1ABC /* PBXContainerItemProxy */;
		};
/* End PBXTargetDependency section */

/* Begin XCBuildConfiguration section */
		93C2F8A62AD683AE007D1ABC /* Debug */ = {
			isa = XCBuildConfiguration;
			buildSettings = {
				ALWAYS_SEARCH_USER_PATHS = NO;
				ASSETCATALOG_COMPILER_GENERATE_SWIFT_ASSET_SYMBOL_EXTENSIONS = YES;
				CLANG_ANALYZER_NONNULL = YES;
				CLANG_ANALYZER_NUMBER_OBJECT_CONVERSION = YES_AGGRESSIVE;
				CLANG_CXX_LANGUAGE_STANDARD = "gnu++20";
				CLANG_ENABLE_MODULES = YES;
				CLANG_ENABLE_OBJC_ARC = YES;
				CLANG_ENABLE_OBJC_WEAK = YES;
				CLANG_WARN_BLOCK_CAPTURE_AUTORELEASING = YES;
				CLANG_WARN_BOOL_CONVERSION = YES;
				CLANG_WARN_COMMA = YES;
				CLANG_WARN_CONSTANT_CONVERSION = YES;
				CLANG_WARN_DEPRECATED_OBJC_IMPLEMENTATIONS = YES;
				CLANG_WARN_DIRECT_OBJC_ISA_USAGE = YES_ERROR;
				CLANG_WARN_DOCUMENTATION_COMMENTS = YES;
				CLANG_WARN_EMPTY_BODY = YES;
				CLANG_WARN_ENUM_CONVERSION = YES;
				CLANG_WARN_INFINITE_RECURSION = YES;
				CLANG_WARN_INT_CONVERSION = YES;
				CLANG_WARN_NON_LITERAL_NULL_CONVERSION = YES;
				CLANG_WARN_OBJC_IMPLICIT_RETAIN_SELF = YES;
				CLANG_WARN_OBJC_LITERAL_CONVERSION = YES;
				CLANG_WARN_OBJC_ROOT_CLASS = YES_ERROR;
				CLANG_WARN_QUOTED_INCLUDE_IN_FRAMEWORK_HEADER = YES;
				CLANG_WARN_RANGE_LOOP_ANALYSIS = YES;
				CLANG_WARN_STRICT_PROTOTYPES = YES;
				CLANG_WARN_SUSPICIOUS_MOVE = YES;
				CLANG_WARN_UNGUARDED_AVAILABILITY = YES_AGGRESSIVE;
				CLANG_WARN_UNREACHABLE_CODE = YES;
				CLANG_WARN__DUPLICATE_METHOD_MATCH = YES;
				COPY_PHASE_STRIP = NO;
				DEBUG_INFORMATION_FORMAT = dwarf;
				ENABLE_STRICT_OBJC_MSGSEND = YES;
				ENABLE_TESTABILITY = YES;
				ENABLE_USER_SCRIPT_SANDBOXING = YES;
				GCC_C_LANGUAGE_STANDARD = gnu17;
				GCC_DYNAMIC_NO_PIC = NO;
				GCC_NO_COMMON_BLOCKS = YES;
				GCC_OPTIMIZATION_LEVEL = 0;
				GCC_PREPROCESSOR_DEFINITIONS = (
					"DEBUG=1",
					"$(inherited)",
				);
				GCC_WARN_64_TO_32_BIT_CONVERSION = YES;
				GCC_WARN_ABOUT_RETURN_TYPE = YES_ERROR;
				GCC_WARN_UNDECLARED_SELECTOR = YES;
				GCC_WARN_UNINITIALIZED_AUTOS = YES_AGGRESSIVE;
				GCC_WARN_UNUSED_FUNCTION = YES;
				GCC_WARN_UNUSED_VARIABLE = YES;
				IPHONEOS_DEPLOYMENT_TARGET = 17.0;
				LOCALIZATION_PREFERS_STRING_CATALOGS = YES;
				MTL_ENABLE_DEBUG_INFO = INCLUDE_SOURCE;
				MTL_FAST_MATH = YES;
				ONLY_ACTIVE_ARCH = YES;
				SDKROOT = iphoneos;
				SWIFT_ACTIVE_COMPILATION_CONDITIONS = "DEBUG $(inherited)";
				SWIFT_OPTIMIZATION_LEVEL = "-Onone";
			};
			name = Debug;
		};
		93C2F8A72AD683AE007D1ABC /* Release */ = {
			isa = XCBuildConfiguration;
			buildSettings = {
				ALWAYS_SEARCH_USER_PATHS = NO;
				ASSETCATALOG_COMPILER_GENERATE_SWIFT_ASSET_SYMBOL_EXTENSIONS = YES;
				CLANG_ANALYZER_NONNULL = YES;
				CLANG_ANALYZER_NUMBER_OBJECT_CONVERSION = YES_AGGRESSIVE;
				CLANG_CXX_LANGUAGE_STANDARD = "gnu++20";
				CLANG_ENABLE_MODULES = YES;
				CLANG_ENABLE_OBJC_ARC = YES;
				CLANG_ENABLE_OBJC_WEAK = YES;
				CLANG_WARN_BLOCK_CAPTURE_AUTORELEASING = YES;
				CLANG_WARN_BOOL_CONVERSION = YES;
				CLANG_WARN_COMMA = YES;
				CLANG_WARN_CONSTANT_CONVERSION = YES;
				CLANG_WARN_DEPRECATED_OBJC_IMPLEMENTATIONS = YES;
				CLANG_WARN_DIRECT_OBJC_ISA_USAGE = YES_ERROR;
				CLANG_WARN_DOCUMENTATION_COMMENTS = YES;
				CLANG_WARN_EMPTY_BODY = YES;
				CLANG_WARN_ENUM_CONVERSION = YES;
				CLANG_WARN_INFINITE_RECURSION = YES;
				CLANG_WARN_INT_CONVERSION = YES;
				CLANG_WARN_NON_LITERAL_NULL_CONVERSION = YES;
				CLANG_WARN_OBJC_IMPLICIT_RETAIN_SELF = YES;
				CLANG_WARN_OBJC_LITERAL_CONVERSION = YES;
				CLANG_WARN_OBJC_ROOT_CLASS = YES_ERROR;
				CLANG_WARN_QUOTED_INCLUDE_IN_FRAMEWORK_HEADER = YES;
				CLANG_WARN_RANGE_LOOP_ANALYSIS = YES;
				CLANG_WARN_STRICT_PROTOTYPES = YES;
				CLANG_WARN_SUSPICIOUS_MOVE = YES;
				CLANG_WARN_UNGUARDED_AVAILABILITY = YES_AGGRESSIVE;
				CLANG_WARN_UNREACHABLE_CODE = YES;
				CLANG_WARN__DUPLICATE_METHOD_MATCH = YES;
				COPY_PHASE_STRIP = NO;
				DEBUG_INFORMATION_FORMAT = "dwarf-with-dsym";
				ENABLE_NS_ASSERTIONS = NO;
				ENABLE_STRICT_OBJC_MSGSEND = YES;
				ENABLE_USER_SCRIPT_SANDBOXING = YES;
				GCC_C_LANGUAGE_STANDARD = gnu17;
				GCC_NO_COMMON_BLOCKS = YES;
				GCC_WARN_64_TO_32_BIT_CONVERSION = YES;
				GCC_WARN_ABOUT_RETURN_TYPE = YES_ERROR;
				GCC_WARN_UNDECLARED_SELECTOR = YES;
				GCC_WARN_UNINITIALIZED_AUTOS = YES_AGGRESSIVE;
				GCC_WARN_UNUSED_FUNCTION = YES;
				GCC_WARN_UNUSED_VARIABLE = YES;
				IPHONEOS_DEPLOYMENT_TARGET = 17.0;
				LOCALIZATION_PREFERS_STRING_CATALOGS = YES;
				MTL_ENABLE_DEBUG_INFO = NO;
				MTL_FAST_MATH = YES;
				SDKROOT = iphoneos;
				SWIFT_COMPILATION_MODE = wholemodule;
				VALIDATE_PRODUCT = YES;
			};
			name = Release;
		};
		93C2F8A92AD683AE007D1ABC /* Debug */ = {
			isa = XCBuildConfiguration;
			buildSettings = {
				ASSETCATALOG_COMPILER_APPICON_NAME = AppIcon;
				ASSETCATALOG_COMPILER_GLOBAL_ACCENT_COLOR_NAME = AccentColor;
				CODE_SIGN_ENTITLEMENTS = Moco/Moco.entitlements;
				CODE_SIGN_STYLE = Automatic;
				CURRENT_PROJECT_VERSION = 1;
				DEVELOPMENT_ASSET_PATHS = "\"Moco/Preview Content\"";
				DEVELOPMENT_TEAM = J8A42WJ9LX;
				ENABLE_PREVIEWS = YES;
				GENERATE_INFOPLIST_FILE = YES;
				INFOPLIST_FILE = Moco/Info.plist;
				INFOPLIST_KEY_LSApplicationCategoryType = "public.app-category.education";
				INFOPLIST_KEY_NSCameraUsageDescription = "Allow this app to access the camera.";
				INFOPLIST_KEY_NSMicrophoneUsageDescription = "Allow this app to access the microphone.";
				INFOPLIST_KEY_NSSpeechRecognitionUsageDescription = "Allow this app to access speech recognition.";
				INFOPLIST_KEY_UIApplicationSceneManifest_Generation = YES;
				INFOPLIST_KEY_UIApplicationSupportsIndirectInputEvents = YES;
				INFOPLIST_KEY_UILaunchScreen_Generation = YES;
				INFOPLIST_KEY_UISupportedInterfaceOrientations = "UIInterfaceOrientationLandscapeLeft UIInterfaceOrientationLandscapeRight UIInterfaceOrientationPortrait";
				INFOPLIST_KEY_UISupportedInterfaceOrientations_iPad = "UIInterfaceOrientationLandscapeLeft UIInterfaceOrientationLandscapeRight";
				LD_RUNPATH_SEARCH_PATHS = (
					"$(inherited)",
					"@executable_path/Frameworks",
				);
				MARKETING_VERSION = 1.0;
				PRODUCT_BUNDLE_IDENTIFIER = com.mocoteam.Moco;
				PRODUCT_NAME = "$(TARGET_NAME)";
				SWIFT_EMIT_LOC_STRINGS = YES;
				SWIFT_VERSION = 5.0;
				TARGETED_DEVICE_FAMILY = "1,2";
			};
			name = Debug;
		};
		93C2F8AA2AD683AE007D1ABC /* Release */ = {
			isa = XCBuildConfiguration;
			buildSettings = {
				ASSETCATALOG_COMPILER_APPICON_NAME = AppIcon;
				ASSETCATALOG_COMPILER_GLOBAL_ACCENT_COLOR_NAME = AccentColor;
				CODE_SIGN_ENTITLEMENTS = Moco/Moco.entitlements;
				CODE_SIGN_STYLE = Automatic;
				CURRENT_PROJECT_VERSION = 1;
				DEVELOPMENT_ASSET_PATHS = "\"Moco/Preview Content\"";
				DEVELOPMENT_TEAM = J8A42WJ9LX;
				ENABLE_PREVIEWS = YES;
				GENERATE_INFOPLIST_FILE = YES;
				INFOPLIST_FILE = Moco/Info.plist;
				INFOPLIST_KEY_LSApplicationCategoryType = "public.app-category.education";
				INFOPLIST_KEY_NSCameraUsageDescription = "Allow this app to access the camera.";
				INFOPLIST_KEY_NSMicrophoneUsageDescription = "Allow this app to access the microphone.";
				INFOPLIST_KEY_NSSpeechRecognitionUsageDescription = "Allow this app to access speech recognition.";
				INFOPLIST_KEY_UIApplicationSceneManifest_Generation = YES;
				INFOPLIST_KEY_UIApplicationSupportsIndirectInputEvents = YES;
				INFOPLIST_KEY_UILaunchScreen_Generation = YES;
				INFOPLIST_KEY_UISupportedInterfaceOrientations = "UIInterfaceOrientationLandscapeLeft UIInterfaceOrientationLandscapeRight UIInterfaceOrientationPortrait";
				INFOPLIST_KEY_UISupportedInterfaceOrientations_iPad = "UIInterfaceOrientationLandscapeLeft UIInterfaceOrientationLandscapeRight";
				LD_RUNPATH_SEARCH_PATHS = (
					"$(inherited)",
					"@executable_path/Frameworks",
				);
				MARKETING_VERSION = 1.0;
				PRODUCT_BUNDLE_IDENTIFIER = com.mocoteam.Moco;
				PRODUCT_NAME = "$(TARGET_NAME)";
				SWIFT_EMIT_LOC_STRINGS = YES;
				SWIFT_VERSION = 5.0;
				TARGETED_DEVICE_FAMILY = "1,2";
			};
			name = Release;
		};
		93C2F8AC2AD683AE007D1ABC /* Debug */ = {
			isa = XCBuildConfiguration;
			buildSettings = {
				ALWAYS_EMBED_SWIFT_STANDARD_LIBRARIES = YES;
				BUNDLE_LOADER = "$(TEST_HOST)";
				CODE_SIGN_STYLE = Automatic;
				CURRENT_PROJECT_VERSION = 1;
				DEVELOPMENT_TEAM = J8A42WJ9LX;
				GENERATE_INFOPLIST_FILE = YES;
				IPHONEOS_DEPLOYMENT_TARGET = 17.0;
				MARKETING_VERSION = 1.0;
				PRODUCT_BUNDLE_IDENTIFIER = com.mocoteam.MocoTests;
				PRODUCT_NAME = "$(TARGET_NAME)";
				SWIFT_EMIT_LOC_STRINGS = NO;
				SWIFT_VERSION = 5.0;
				TARGETED_DEVICE_FAMILY = "1,2";
				TEST_HOST = "$(BUILT_PRODUCTS_DIR)/Moco.app/$(BUNDLE_EXECUTABLE_FOLDER_PATH)/Moco";
			};
			name = Debug;
		};
		93C2F8AD2AD683AE007D1ABC /* Release */ = {
			isa = XCBuildConfiguration;
			buildSettings = {
				ALWAYS_EMBED_SWIFT_STANDARD_LIBRARIES = YES;
				BUNDLE_LOADER = "$(TEST_HOST)";
				CODE_SIGN_STYLE = Automatic;
				CURRENT_PROJECT_VERSION = 1;
				DEVELOPMENT_TEAM = J8A42WJ9LX;
				GENERATE_INFOPLIST_FILE = YES;
				IPHONEOS_DEPLOYMENT_TARGET = 17.0;
				MARKETING_VERSION = 1.0;
				PRODUCT_BUNDLE_IDENTIFIER = com.mocoteam.MocoTests;
				PRODUCT_NAME = "$(TARGET_NAME)";
				SWIFT_EMIT_LOC_STRINGS = NO;
				SWIFT_VERSION = 5.0;
				TARGETED_DEVICE_FAMILY = "1,2";
				TEST_HOST = "$(BUILT_PRODUCTS_DIR)/Moco.app/$(BUNDLE_EXECUTABLE_FOLDER_PATH)/Moco";
			};
			name = Release;
		};
		93C2F8AF2AD683AE007D1ABC /* Debug */ = {
			isa = XCBuildConfiguration;
			buildSettings = {
				ALWAYS_EMBED_SWIFT_STANDARD_LIBRARIES = YES;
				CODE_SIGN_STYLE = Automatic;
				CURRENT_PROJECT_VERSION = 1;
				DEVELOPMENT_TEAM = J8A42WJ9LX;
				GENERATE_INFOPLIST_FILE = YES;
				MARKETING_VERSION = 1.0;
				PRODUCT_BUNDLE_IDENTIFIER = com.mocoteam.MocoUITests;
				PRODUCT_NAME = "$(TARGET_NAME)";
				SWIFT_EMIT_LOC_STRINGS = NO;
				SWIFT_VERSION = 5.0;
				TARGETED_DEVICE_FAMILY = "1,2";
				TEST_TARGET_NAME = Moco;
			};
			name = Debug;
		};
		93C2F8B02AD683AE007D1ABC /* Release */ = {
			isa = XCBuildConfiguration;
			buildSettings = {
				ALWAYS_EMBED_SWIFT_STANDARD_LIBRARIES = YES;
				CODE_SIGN_STYLE = Automatic;
				CURRENT_PROJECT_VERSION = 1;
				DEVELOPMENT_TEAM = J8A42WJ9LX;
				GENERATE_INFOPLIST_FILE = YES;
				MARKETING_VERSION = 1.0;
				PRODUCT_BUNDLE_IDENTIFIER = com.mocoteam.MocoUITests;
				PRODUCT_NAME = "$(TARGET_NAME)";
				SWIFT_EMIT_LOC_STRINGS = NO;
				SWIFT_VERSION = 5.0;
				TARGETED_DEVICE_FAMILY = "1,2";
				TEST_TARGET_NAME = Moco;
			};
			name = Release;
		};
/* End XCBuildConfiguration section */

/* Begin XCConfigurationList section */
		93C2F87B2AD683AC007D1ABC /* Build configuration list for PBXProject "Moco" */ = {
			isa = XCConfigurationList;
			buildConfigurations = (
				93C2F8A62AD683AE007D1ABC /* Debug */,
				93C2F8A72AD683AE007D1ABC /* Release */,
			);
			defaultConfigurationIsVisible = 0;
			defaultConfigurationName = Release;
		};
		93C2F8A82AD683AE007D1ABC /* Build configuration list for PBXNativeTarget "Moco" */ = {
			isa = XCConfigurationList;
			buildConfigurations = (
				93C2F8A92AD683AE007D1ABC /* Debug */,
				93C2F8AA2AD683AE007D1ABC /* Release */,
			);
			defaultConfigurationIsVisible = 0;
			defaultConfigurationName = Release;
		};
		93C2F8AB2AD683AE007D1ABC /* Build configuration list for PBXNativeTarget "MocoTests" */ = {
			isa = XCConfigurationList;
			buildConfigurations = (
				93C2F8AC2AD683AE007D1ABC /* Debug */,
				93C2F8AD2AD683AE007D1ABC /* Release */,
			);
			defaultConfigurationIsVisible = 0;
			defaultConfigurationName = Release;
		};
		93C2F8AE2AD683AE007D1ABC /* Build configuration list for PBXNativeTarget "MocoUITests" */ = {
			isa = XCConfigurationList;
			buildConfigurations = (
				93C2F8AF2AD683AE007D1ABC /* Debug */,
				93C2F8B02AD683AE007D1ABC /* Release */,
			);
			defaultConfigurationIsVisible = 0;
			defaultConfigurationName = Release;
		};
/* End XCConfigurationList section */

/* Begin XCRemoteSwiftPackageReference section */
		05AE93662ADE83430082B21D /* XCRemoteSwiftPackageReference "lottie-ios" */ = {
			isa = XCRemoteSwiftPackageReference;
			repositoryURL = "https://github.com/airbnb/lottie-ios";
			requirement = {
				kind = upToNextMajorVersion;
				minimumVersion = 4.3.3;
			};
		};
/* End XCRemoteSwiftPackageReference section */

/* Begin XCSwiftPackageProductDependency section */
		05AE93672ADE83430082B21D /* Lottie */ = {
			isa = XCSwiftPackageProductDependency;
			package = 05AE93662ADE83430082B21D /* XCRemoteSwiftPackageReference "lottie-ios" */;
			productName = Lottie;
		};
/* End XCSwiftPackageProductDependency section */
	};
	rootObject = 93C2F8782AD683AC007D1ABC /* Project object */;
}
