// !$*UTF8*$!
{
	archiveVersion = 1;
	classes = {
	};
	objectVersion = 56;
	objects = {

/* Begin PBXBuildFile section */
		938E3D1F2AD7AD78003D2AE1 /* Collection.swift in Sources */ = {isa = PBXBuildFile; fileRef = 938E3D1E2AD7AD78003D2AE1 /* Collection.swift */; };
		938E3D222AD7C868003D2AE1 /* IconButton.swift in Sources */ = {isa = PBXBuildFile; fileRef = 938E3D212AD7C868003D2AE1 /* IconButton.swift */; };
		938E3D312AD8FD2E003D2AE1 /* ItemViewModel.swift in Sources */ = {isa = PBXBuildFile; fileRef = 938E3D302AD8FD2E003D2AE1 /* ItemViewModel.swift */; };
		938E3D332AD91605003D2AE1 /* DetectionView.swift in Sources */ = {isa = PBXBuildFile; fileRef = 938E3D322AD91605003D2AE1 /* DetectionView.swift */; };
		938E3D352AD91AD5003D2AE1 /* EnvironmentValue.swift in Sources */ = {isa = PBXBuildFile; fileRef = 938E3D342AD91AD5003D2AE1 /* EnvironmentValue.swift */; };
		93C2F8842AD683AC007D1ABC /* MocoApp.swift in Sources */ = {isa = PBXBuildFile; fileRef = 93C2F8832AD683AC007D1ABC /* MocoApp.swift */; };
		93C2F8862AD683AC007D1ABC /* ContentView.swift in Sources */ = {isa = PBXBuildFile; fileRef = 93C2F8852AD683AC007D1ABC /* ContentView.swift */; };
		93C2F8882AD683AC007D1ABC /* Item.swift in Sources */ = {isa = PBXBuildFile; fileRef = 93C2F8872AD683AC007D1ABC /* Item.swift */; };
		93C2F88A2AD683AE007D1ABC /* Assets.xcassets in Resources */ = {isa = PBXBuildFile; fileRef = 93C2F8892AD683AE007D1ABC /* Assets.xcassets */; };
		93C2F88D2AD683AE007D1ABC /* Preview Assets.xcassets in Resources */ = {isa = PBXBuildFile; fileRef = 93C2F88C2AD683AE007D1ABC /* Preview Assets.xcassets */; };
		93C2F8992AD683AE007D1ABC /* MocoTests.swift in Sources */ = {isa = PBXBuildFile; fileRef = 93C2F8982AD683AE007D1ABC /* MocoTests.swift */; };
		93C2F8A32AD683AE007D1ABC /* MocoUITests.swift in Sources */ = {isa = PBXBuildFile; fileRef = 93C2F8A22AD683AE007D1ABC /* MocoUITests.swift */; };
		93C2F8A52AD683AE007D1ABC /* MocoUITestsLaunchTests.swift in Sources */ = {isa = PBXBuildFile; fileRef = 93C2F8A42AD683AE007D1ABC /* MocoUITestsLaunchTests.swift */; };
		93C2F8BB2AD684CE007D1ABC /* Detector.swift in Sources */ = {isa = PBXBuildFile; fileRef = 93C2F8B62AD684CE007D1ABC /* Detector.swift */; };
		93C2F8BC2AD684CE007D1ABC /* ObjectDetectionViewController.swift in Sources */ = {isa = PBXBuildFile; fileRef = 93C2F8B72AD684CE007D1ABC /* ObjectDetectionViewController.swift */; };
		93C2F8BD2AD684CE007D1ABC /* HomeView.swift in Sources */ = {isa = PBXBuildFile; fileRef = 93C2F8B82AD684CE007D1ABC /* HomeView.swift */; };
		93C2F8BE2AD684CE007D1ABC /* Device.swift in Sources */ = {isa = PBXBuildFile; fileRef = 93C2F8BA2AD684CE007D1ABC /* Device.swift */; };
		93C2F8C02AD685A3007D1ABC /* README.md in Resources */ = {isa = PBXBuildFile; fileRef = 93C2F8BF2AD685A3007D1ABC /* README.md */; };
		93C2F8C32AD685E6007D1ABC /* yolov8s.mlmodel in Resources */ = {isa = PBXBuildFile; fileRef = 93C2F8C12AD685D7007D1ABC /* yolov8s.mlmodel */; };
/* End PBXBuildFile section */

/* Begin PBXContainerItemProxy section */
		93C2F8952AD683AE007D1ABC /* PBXContainerItemProxy */ = {
			isa = PBXContainerItemProxy;
			containerPortal = 93C2F8782AD683AC007D1ABC /* Project object */;
			proxyType = 1;
			remoteGlobalIDString = 93C2F87F2AD683AC007D1ABC;
			remoteInfo = Moco;
		};
		93C2F89F2AD683AE007D1ABC /* PBXContainerItemProxy */ = {
			isa = PBXContainerItemProxy;
			containerPortal = 93C2F8782AD683AC007D1ABC /* Project object */;
			proxyType = 1;
			remoteGlobalIDString = 93C2F87F2AD683AC007D1ABC;
			remoteInfo = Moco;
		};
/* End PBXContainerItemProxy section */

/* Begin PBXFileReference section */
		938E3D1E2AD7AD78003D2AE1 /* Collection.swift */ = {isa = PBXFileReference; lastKnownFileType = sourcecode.swift; path = Collection.swift; sourceTree = "<group>"; };
		938E3D212AD7C868003D2AE1 /* IconButton.swift */ = {isa = PBXFileReference; lastKnownFileType = sourcecode.swift; path = IconButton.swift; sourceTree = "<group>"; };
		938E3D302AD8FD2E003D2AE1 /* ItemViewModel.swift */ = {isa = PBXFileReference; lastKnownFileType = sourcecode.swift; path = ItemViewModel.swift; sourceTree = "<group>"; };
		938E3D322AD91605003D2AE1 /* DetectionView.swift */ = {isa = PBXFileReference; lastKnownFileType = sourcecode.swift; path = DetectionView.swift; sourceTree = "<group>"; };
		938E3D342AD91AD5003D2AE1 /* EnvironmentValue.swift */ = {isa = PBXFileReference; lastKnownFileType = sourcecode.swift; path = EnvironmentValue.swift; sourceTree = "<group>"; };
		93C2F8802AD683AC007D1ABC /* Moco.app */ = {isa = PBXFileReference; explicitFileType = wrapper.application; includeInIndex = 0; path = Moco.app; sourceTree = BUILT_PRODUCTS_DIR; };
		93C2F8832AD683AC007D1ABC /* MocoApp.swift */ = {isa = PBXFileReference; lastKnownFileType = sourcecode.swift; path = MocoApp.swift; sourceTree = "<group>"; };
		93C2F8852AD683AC007D1ABC /* ContentView.swift */ = {isa = PBXFileReference; lastKnownFileType = sourcecode.swift; path = ContentView.swift; sourceTree = "<group>"; };
		93C2F8872AD683AC007D1ABC /* Item.swift */ = {isa = PBXFileReference; lastKnownFileType = sourcecode.swift; path = Item.swift; sourceTree = "<group>"; };
		93C2F8892AD683AE007D1ABC /* Assets.xcassets */ = {isa = PBXFileReference; lastKnownFileType = folder.assetcatalog; path = Assets.xcassets; sourceTree = "<group>"; };
		93C2F88C2AD683AE007D1ABC /* Preview Assets.xcassets */ = {isa = PBXFileReference; lastKnownFileType = folder.assetcatalog; path = "Preview Assets.xcassets"; sourceTree = "<group>"; };
		93C2F88E2AD683AE007D1ABC /* Moco.entitlements */ = {isa = PBXFileReference; lastKnownFileType = text.plist.entitlements; path = Moco.entitlements; sourceTree = "<group>"; };
		93C2F88F2AD683AE007D1ABC /* Info.plist */ = {isa = PBXFileReference; lastKnownFileType = text.plist.xml; path = Info.plist; sourceTree = "<group>"; };
		93C2F8942AD683AE007D1ABC /* MocoTests.xctest */ = {isa = PBXFileReference; explicitFileType = wrapper.cfbundle; includeInIndex = 0; path = MocoTests.xctest; sourceTree = BUILT_PRODUCTS_DIR; };
		93C2F8982AD683AE007D1ABC /* MocoTests.swift */ = {isa = PBXFileReference; lastKnownFileType = sourcecode.swift; path = MocoTests.swift; sourceTree = "<group>"; };
		93C2F89E2AD683AE007D1ABC /* MocoUITests.xctest */ = {isa = PBXFileReference; explicitFileType = wrapper.cfbundle; includeInIndex = 0; path = MocoUITests.xctest; sourceTree = BUILT_PRODUCTS_DIR; };
		93C2F8A22AD683AE007D1ABC /* MocoUITests.swift */ = {isa = PBXFileReference; lastKnownFileType = sourcecode.swift; path = MocoUITests.swift; sourceTree = "<group>"; };
		93C2F8A42AD683AE007D1ABC /* MocoUITestsLaunchTests.swift */ = {isa = PBXFileReference; lastKnownFileType = sourcecode.swift; path = MocoUITestsLaunchTests.swift; sourceTree = "<group>"; };
		93C2F8B62AD684CE007D1ABC /* Detector.swift */ = {isa = PBXFileReference; fileEncoding = 4; lastKnownFileType = sourcecode.swift; path = Detector.swift; sourceTree = "<group>"; };
		93C2F8B72AD684CE007D1ABC /* ObjectDetectionViewController.swift */ = {isa = PBXFileReference; fileEncoding = 4; lastKnownFileType = sourcecode.swift; path = ObjectDetectionViewController.swift; sourceTree = "<group>"; };
		93C2F8B82AD684CE007D1ABC /* HomeView.swift */ = {isa = PBXFileReference; fileEncoding = 4; lastKnownFileType = sourcecode.swift; path = HomeView.swift; sourceTree = "<group>"; };
		93C2F8BA2AD684CE007D1ABC /* Device.swift */ = {isa = PBXFileReference; fileEncoding = 4; lastKnownFileType = sourcecode.swift; path = Device.swift; sourceTree = "<group>"; };
		93C2F8BF2AD685A3007D1ABC /* README.md */ = {isa = PBXFileReference; fileEncoding = 4; lastKnownFileType = net.daringfireball.markdown; path = README.md; sourceTree = "<group>"; };
		93C2F8C12AD685D7007D1ABC /* yolov8s.mlmodel */ = {isa = PBXFileReference; lastKnownFileType = file.mlmodel; path = yolov8s.mlmodel; sourceTree = "<group>"; };
/* End PBXFileReference section */

/* Begin PBXFrameworksBuildPhase section */
		93C2F87D2AD683AC007D1ABC /* Frameworks */ = {
			isa = PBXFrameworksBuildPhase;
			buildActionMask = 2147483647;
			files = (
			);
			runOnlyForDeploymentPostprocessing = 0;
		};
		93C2F8912AD683AE007D1ABC /* Frameworks */ = {
			isa = PBXFrameworksBuildPhase;
			buildActionMask = 2147483647;
			files = (
			);
			runOnlyForDeploymentPostprocessing = 0;
		};
		93C2F89B2AD683AE007D1ABC /* Frameworks */ = {
			isa = PBXFrameworksBuildPhase;
			buildActionMask = 2147483647;
			files = (
			);
			runOnlyForDeploymentPostprocessing = 0;
		};
/* End PBXFrameworksBuildPhase section */

/* Begin PBXGroup section */
		938E3D202AD7C85A003D2AE1 /* Components */ = {
			isa = PBXGroup;
			children = (
				938E3D212AD7C868003D2AE1 /* IconButton.swift */,
			);
			path = Components;
			sourceTree = "<group>";
		};
		93C2F8772AD683AC007D1ABC = {
			isa = PBXGroup;
			children = (
				93C2F8BF2AD685A3007D1ABC /* README.md */,
				93C2F8822AD683AC007D1ABC /* Moco */,
				93C2F8972AD683AE007D1ABC /* MocoTests */,
				93C2F8A12AD683AE007D1ABC /* MocoUITests */,
				93C2F8812AD683AC007D1ABC /* Products */,
			);
			sourceTree = "<group>";
		};
		93C2F8812AD683AC007D1ABC /* Products */ = {
			isa = PBXGroup;
			children = (
				93C2F8802AD683AC007D1ABC /* Moco.app */,
				93C2F8942AD683AE007D1ABC /* MocoTests.xctest */,
				93C2F89E2AD683AE007D1ABC /* MocoUITests.xctest */,
			);
			name = Products;
			sourceTree = "<group>";
		};
		93C2F8822AD683AC007D1ABC /* Moco */ = {
			isa = PBXGroup;
			children = (
				93C2F8B42AD6848F007D1ABC /* View */,
				93C2F8B32AD6847A007D1ABC /* CoreMLModel */,
				93C2F8B22AD68470007D1ABC /* Model */,
				93C2F8B12AD68467007D1ABC /* ViewModel */,
				93C2F8832AD683AC007D1ABC /* MocoApp.swift */,
				93C2F8852AD683AC007D1ABC /* ContentView.swift */,
				93C2F8892AD683AE007D1ABC /* Assets.xcassets */,
				93C2F88E2AD683AE007D1ABC /* Moco.entitlements */,
				93C2F88F2AD683AE007D1ABC /* Info.plist */,
				93C2F88B2AD683AE007D1ABC /* Preview Content */,
			);
			path = Moco;
			sourceTree = "<group>";
		};
		93C2F88B2AD683AE007D1ABC /* Preview Content */ = {
			isa = PBXGroup;
			children = (
				93C2F88C2AD683AE007D1ABC /* Preview Assets.xcassets */,
			);
			path = "Preview Content";
			sourceTree = "<group>";
		};
		93C2F8972AD683AE007D1ABC /* MocoTests */ = {
			isa = PBXGroup;
			children = (
				93C2F8982AD683AE007D1ABC /* MocoTests.swift */,
			);
			path = MocoTests;
			sourceTree = "<group>";
		};
		93C2F8A12AD683AE007D1ABC /* MocoUITests */ = {
			isa = PBXGroup;
			children = (
				93C2F8A22AD683AE007D1ABC /* MocoUITests.swift */,
				93C2F8A42AD683AE007D1ABC /* MocoUITestsLaunchTests.swift */,
			);
			path = MocoUITests;
			sourceTree = "<group>";
		};
		93C2F8B12AD68467007D1ABC /* ViewModel */ = {
			isa = PBXGroup;
			children = (
				938E3D302AD8FD2E003D2AE1 /* ItemViewModel.swift */,
			);
			path = ViewModel;
			sourceTree = "<group>";
		};
		93C2F8B22AD68470007D1ABC /* Model */ = {
			isa = PBXGroup;
			children = (
				93C2F8872AD683AC007D1ABC /* Item.swift */,
				938E3D1E2AD7AD78003D2AE1 /* Collection.swift */,
			);
			path = Model;
			sourceTree = "<group>";
		};
		93C2F8B32AD6847A007D1ABC /* CoreMLModel */ = {
			isa = PBXGroup;
			children = (
				93C2F8C12AD685D7007D1ABC /* yolov8s.mlmodel */,
			);
			path = CoreMLModel;
			sourceTree = "<group>";
		};
		93C2F8B42AD6848F007D1ABC /* View */ = {
			isa = PBXGroup;
			children = (
				938E3D202AD7C85A003D2AE1 /* Components */,
				93C2F8B92AD684CE007D1ABC /* Extension */,
				93C2F8B82AD684CE007D1ABC /* HomeView.swift */,
				938E3D322AD91605003D2AE1 /* DetectionView.swift */,
				93C2F8B52AD684CE007D1ABC /* ObjectDetection */,
			);
			path = View;
			sourceTree = "<group>";
		};
		93C2F8B52AD684CE007D1ABC /* ObjectDetection */ = {
			isa = PBXGroup;
			children = (
				93C2F8B62AD684CE007D1ABC /* Detector.swift */,
				93C2F8B72AD684CE007D1ABC /* ObjectDetectionViewController.swift */,
			);
			path = ObjectDetection;
			sourceTree = "<group>";
		};
		93C2F8B92AD684CE007D1ABC /* Extension */ = {
			isa = PBXGroup;
			children = (
				93C2F8BA2AD684CE007D1ABC /* Device.swift */,
				938E3D342AD91AD5003D2AE1 /* EnvironmentValue.swift */,
			);
			path = Extension;
			sourceTree = "<group>";
		};
/* End PBXGroup section */

/* Begin PBXNativeTarget section */
		93C2F87F2AD683AC007D1ABC /* Moco */ = {
			isa = PBXNativeTarget;
			buildConfigurationList = 93C2F8A82AD683AE007D1ABC /* Build configuration list for PBXNativeTarget "Moco" */;
			buildPhases = (
				93C2F87C2AD683AC007D1ABC /* Sources */,
				93C2F87D2AD683AC007D1ABC /* Frameworks */,
				93C2F87E2AD683AC007D1ABC /* Resources */,
			);
			buildRules = (
			);
			dependencies = (
			);
			name = Moco;
			productName = Moco;
			productReference = 93C2F8802AD683AC007D1ABC /* Moco.app */;
			productType = "com.apple.product-type.application";
		};
		93C2F8932AD683AE007D1ABC /* MocoTests */ = {
			isa = PBXNativeTarget;
			buildConfigurationList = 93C2F8AB2AD683AE007D1ABC /* Build configuration list for PBXNativeTarget "MocoTests" */;
			buildPhases = (
				93C2F8902AD683AE007D1ABC /* Sources */,
				93C2F8912AD683AE007D1ABC /* Frameworks */,
				93C2F8922AD683AE007D1ABC /* Resources */,
			);
			buildRules = (
			);
			dependencies = (
				93C2F8962AD683AE007D1ABC /* PBXTargetDependency */,
			);
			name = MocoTests;
			productName = MocoTests;
			productReference = 93C2F8942AD683AE007D1ABC /* MocoTests.xctest */;
			productType = "com.apple.product-type.bundle.unit-test";
		};
		93C2F89D2AD683AE007D1ABC /* MocoUITests */ = {
			isa = PBXNativeTarget;
			buildConfigurationList = 93C2F8AE2AD683AE007D1ABC /* Build configuration list for PBXNativeTarget "MocoUITests" */;
			buildPhases = (
				93C2F89A2AD683AE007D1ABC /* Sources */,
				93C2F89B2AD683AE007D1ABC /* Frameworks */,
				93C2F89C2AD683AE007D1ABC /* Resources */,
			);
			buildRules = (
			);
			dependencies = (
				93C2F8A02AD683AE007D1ABC /* PBXTargetDependency */,
			);
			name = MocoUITests;
			productName = MocoUITests;
			productReference = 93C2F89E2AD683AE007D1ABC /* MocoUITests.xctest */;
			productType = "com.apple.product-type.bundle.ui-testing";
		};
/* End PBXNativeTarget section */

/* Begin PBXProject section */
		93C2F8782AD683AC007D1ABC /* Project object */ = {
			isa = PBXProject;
			attributes = {
				BuildIndependentTargetsInParallel = 1;
				LastSwiftUpdateCheck = 1500;
				LastUpgradeCheck = 1500;
				TargetAttributes = {
					93C2F87F2AD683AC007D1ABC = {
						CreatedOnToolsVersion = 15.0;
					};
					93C2F8932AD683AE007D1ABC = {
						CreatedOnToolsVersion = 15.0;
						TestTargetID = 93C2F87F2AD683AC007D1ABC;
					};
					93C2F89D2AD683AE007D1ABC = {
						CreatedOnToolsVersion = 15.0;
						TestTargetID = 93C2F87F2AD683AC007D1ABC;
					};
				};
			};
			buildConfigurationList = 93C2F87B2AD683AC007D1ABC /* Build configuration list for PBXProject "Moco" */;
			compatibilityVersion = "Xcode 14.0";
			developmentRegion = en;
			hasScannedForEncodings = 0;
			knownRegions = (
				en,
				Base,
			);
			mainGroup = 93C2F8772AD683AC007D1ABC;
			productRefGroup = 93C2F8812AD683AC007D1ABC /* Products */;
			projectDirPath = "";
			projectRoot = "";
			targets = (
				93C2F87F2AD683AC007D1ABC /* Moco */,
				93C2F8932AD683AE007D1ABC /* MocoTests */,
				93C2F89D2AD683AE007D1ABC /* MocoUITests */,
			);
		};
/* End PBXProject section */

/* Begin PBXResourcesBuildPhase section */
		93C2F87E2AD683AC007D1ABC /* Resources */ = {
			isa = PBXResourcesBuildPhase;
			buildActionMask = 2147483647;
			files = (
				93C2F8C32AD685E6007D1ABC /* yolov8s.mlmodel in Resources */,
				93C2F8C02AD685A3007D1ABC /* README.md in Resources */,
				93C2F88D2AD683AE007D1ABC /* Preview Assets.xcassets in Resources */,
				93C2F88A2AD683AE007D1ABC /* Assets.xcassets in Resources */,
			);
			runOnlyForDeploymentPostprocessing = 0;
		};
		93C2F8922AD683AE007D1ABC /* Resources */ = {
			isa = PBXResourcesBuildPhase;
			buildActionMask = 2147483647;
			files = (
			);
			runOnlyForDeploymentPostprocessing = 0;
		};
		93C2F89C2AD683AE007D1ABC /* Resources */ = {
			isa = PBXResourcesBuildPhase;
			buildActionMask = 2147483647;
			files = (
			);
			runOnlyForDeploymentPostprocessing = 0;
		};
/* End PBXResourcesBuildPhase section */

/* Begin PBXSourcesBuildPhase section */
		93C2F87C2AD683AC007D1ABC /* Sources */ = {
			isa = PBXSourcesBuildPhase;
			buildActionMask = 2147483647;
			files = (
				938E3D222AD7C868003D2AE1 /* IconButton.swift in Sources */,
				93C2F8862AD683AC007D1ABC /* ContentView.swift in Sources */,
				93C2F8882AD683AC007D1ABC /* Item.swift in Sources */,
				938E3D312AD8FD2E003D2AE1 /* ItemViewModel.swift in Sources */,
				93C2F8842AD683AC007D1ABC /* MocoApp.swift in Sources */,
				93C2F8BD2AD684CE007D1ABC /* HomeView.swift in Sources */,
				93C2F8BC2AD684CE007D1ABC /* ObjectDetectionViewController.swift in Sources */,
				938E3D352AD91AD5003D2AE1 /* EnvironmentValue.swift in Sources */,
				938E3D332AD91605003D2AE1 /* DetectionView.swift in Sources */,
				93C2F8BE2AD684CE007D1ABC /* Device.swift in Sources */,
				93C2F8BB2AD684CE007D1ABC /* Detector.swift in Sources */,
				938E3D1F2AD7AD78003D2AE1 /* Collection.swift in Sources */,
			);
			runOnlyForDeploymentPostprocessing = 0;
		};
		93C2F8902AD683AE007D1ABC /* Sources */ = {
			isa = PBXSourcesBuildPhase;
			buildActionMask = 2147483647;
			files = (
				93C2F8992AD683AE007D1ABC /* MocoTests.swift in Sources */,
			);
			runOnlyForDeploymentPostprocessing = 0;
		};
		93C2F89A2AD683AE007D1ABC /* Sources */ = {
			isa = PBXSourcesBuildPhase;
			buildActionMask = 2147483647;
			files = (
				93C2F8A52AD683AE007D1ABC /* MocoUITestsLaunchTests.swift in Sources */,
				93C2F8A32AD683AE007D1ABC /* MocoUITests.swift in Sources */,
			);
			runOnlyForDeploymentPostprocessing = 0;
		};
/* End PBXSourcesBuildPhase section */

/* Begin PBXTargetDependency section */
		93C2F8962AD683AE007D1ABC /* PBXTargetDependency */ = {
			isa = PBXTargetDependency;
			target = 93C2F87F2AD683AC007D1ABC /* Moco */;
			targetProxy = 93C2F8952AD683AE007D1ABC /* PBXContainerItemProxy */;
		};
		93C2F8A02AD683AE007D1ABC /* PBXTargetDependency */ = {
			isa = PBXTargetDependency;
			target = 93C2F87F2AD683AC007D1ABC /* Moco */;
			targetProxy = 93C2F89F2AD683AE007D1ABC /* PBXContainerItemProxy */;
		};
/* End PBXTargetDependency section */

/* Begin XCBuildConfiguration section */
		93C2F8A62AD683AE007D1ABC /* Debug */ = {
			isa = XCBuildConfiguration;
			buildSettings = {
				ALWAYS_SEARCH_USER_PATHS = NO;
				ASSETCATALOG_COMPILER_GENERATE_SWIFT_ASSET_SYMBOL_EXTENSIONS = YES;
				CLANG_ANALYZER_NONNULL = YES;
				CLANG_ANALYZER_NUMBER_OBJECT_CONVERSION = YES_AGGRESSIVE;
				CLANG_CXX_LANGUAGE_STANDARD = "gnu++20";
				CLANG_ENABLE_MODULES = YES;
				CLANG_ENABLE_OBJC_ARC = YES;
				CLANG_ENABLE_OBJC_WEAK = YES;
				CLANG_WARN_BLOCK_CAPTURE_AUTORELEASING = YES;
				CLANG_WARN_BOOL_CONVERSION = YES;
				CLANG_WARN_COMMA = YES;
				CLANG_WARN_CONSTANT_CONVERSION = YES;
				CLANG_WARN_DEPRECATED_OBJC_IMPLEMENTATIONS = YES;
				CLANG_WARN_DIRECT_OBJC_ISA_USAGE = YES_ERROR;
				CLANG_WARN_DOCUMENTATION_COMMENTS = YES;
				CLANG_WARN_EMPTY_BODY = YES;
				CLANG_WARN_ENUM_CONVERSION = YES;
				CLANG_WARN_INFINITE_RECURSION = YES;
				CLANG_WARN_INT_CONVERSION = YES;
				CLANG_WARN_NON_LITERAL_NULL_CONVERSION = YES;
				CLANG_WARN_OBJC_IMPLICIT_RETAIN_SELF = YES;
				CLANG_WARN_OBJC_LITERAL_CONVERSION = YES;
				CLANG_WARN_OBJC_ROOT_CLASS = YES_ERROR;
				CLANG_WARN_QUOTED_INCLUDE_IN_FRAMEWORK_HEADER = YES;
				CLANG_WARN_RANGE_LOOP_ANALYSIS = YES;
				CLANG_WARN_STRICT_PROTOTYPES = YES;
				CLANG_WARN_SUSPICIOUS_MOVE = YES;
				CLANG_WARN_UNGUARDED_AVAILABILITY = YES_AGGRESSIVE;
				CLANG_WARN_UNREACHABLE_CODE = YES;
				CLANG_WARN__DUPLICATE_METHOD_MATCH = YES;
				COPY_PHASE_STRIP = NO;
				DEBUG_INFORMATION_FORMAT = dwarf;
				ENABLE_STRICT_OBJC_MSGSEND = YES;
				ENABLE_TESTABILITY = YES;
				ENABLE_USER_SCRIPT_SANDBOXING = YES;
				GCC_C_LANGUAGE_STANDARD = gnu17;
				GCC_DYNAMIC_NO_PIC = NO;
				GCC_NO_COMMON_BLOCKS = YES;
				GCC_OPTIMIZATION_LEVEL = 0;
				GCC_PREPROCESSOR_DEFINITIONS = (
					"DEBUG=1",
					"$(inherited)",
				);
				GCC_WARN_64_TO_32_BIT_CONVERSION = YES;
				GCC_WARN_ABOUT_RETURN_TYPE = YES_ERROR;
				GCC_WARN_UNDECLARED_SELECTOR = YES;
				GCC_WARN_UNINITIALIZED_AUTOS = YES_AGGRESSIVE;
				GCC_WARN_UNUSED_FUNCTION = YES;
				GCC_WARN_UNUSED_VARIABLE = YES;
				IPHONEOS_DEPLOYMENT_TARGET = 17.0;
				LOCALIZATION_PREFERS_STRING_CATALOGS = YES;
				MTL_ENABLE_DEBUG_INFO = INCLUDE_SOURCE;
				MTL_FAST_MATH = YES;
				ONLY_ACTIVE_ARCH = YES;
				SDKROOT = iphoneos;
				SWIFT_ACTIVE_COMPILATION_CONDITIONS = "DEBUG $(inherited)";
				SWIFT_OPTIMIZATION_LEVEL = "-Onone";
			};
			name = Debug;
		};
		93C2F8A72AD683AE007D1ABC /* Release */ = {
			isa = XCBuildConfiguration;
			buildSettings = {
				ALWAYS_SEARCH_USER_PATHS = NO;
				ASSETCATALOG_COMPILER_GENERATE_SWIFT_ASSET_SYMBOL_EXTENSIONS = YES;
				CLANG_ANALYZER_NONNULL = YES;
				CLANG_ANALYZER_NUMBER_OBJECT_CONVERSION = YES_AGGRESSIVE;
				CLANG_CXX_LANGUAGE_STANDARD = "gnu++20";
				CLANG_ENABLE_MODULES = YES;
				CLANG_ENABLE_OBJC_ARC = YES;
				CLANG_ENABLE_OBJC_WEAK = YES;
				CLANG_WARN_BLOCK_CAPTURE_AUTORELEASING = YES;
				CLANG_WARN_BOOL_CONVERSION = YES;
				CLANG_WARN_COMMA = YES;
				CLANG_WARN_CONSTANT_CONVERSION = YES;
				CLANG_WARN_DEPRECATED_OBJC_IMPLEMENTATIONS = YES;
				CLANG_WARN_DIRECT_OBJC_ISA_USAGE = YES_ERROR;
				CLANG_WARN_DOCUMENTATION_COMMENTS = YES;
				CLANG_WARN_EMPTY_BODY = YES;
				CLANG_WARN_ENUM_CONVERSION = YES;
				CLANG_WARN_INFINITE_RECURSION = YES;
				CLANG_WARN_INT_CONVERSION = YES;
				CLANG_WARN_NON_LITERAL_NULL_CONVERSION = YES;
				CLANG_WARN_OBJC_IMPLICIT_RETAIN_SELF = YES;
				CLANG_WARN_OBJC_LITERAL_CONVERSION = YES;
				CLANG_WARN_OBJC_ROOT_CLASS = YES_ERROR;
				CLANG_WARN_QUOTED_INCLUDE_IN_FRAMEWORK_HEADER = YES;
				CLANG_WARN_RANGE_LOOP_ANALYSIS = YES;
				CLANG_WARN_STRICT_PROTOTYPES = YES;
				CLANG_WARN_SUSPICIOUS_MOVE = YES;
				CLANG_WARN_UNGUARDED_AVAILABILITY = YES_AGGRESSIVE;
				CLANG_WARN_UNREACHABLE_CODE = YES;
				CLANG_WARN__DUPLICATE_METHOD_MATCH = YES;
				COPY_PHASE_STRIP = NO;
				DEBUG_INFORMATION_FORMAT = "dwarf-with-dsym";
				ENABLE_NS_ASSERTIONS = NO;
				ENABLE_STRICT_OBJC_MSGSEND = YES;
				ENABLE_USER_SCRIPT_SANDBOXING = YES;
				GCC_C_LANGUAGE_STANDARD = gnu17;
				GCC_NO_COMMON_BLOCKS = YES;
				GCC_WARN_64_TO_32_BIT_CONVERSION = YES;
				GCC_WARN_ABOUT_RETURN_TYPE = YES_ERROR;
				GCC_WARN_UNDECLARED_SELECTOR = YES;
				GCC_WARN_UNINITIALIZED_AUTOS = YES_AGGRESSIVE;
				GCC_WARN_UNUSED_FUNCTION = YES;
				GCC_WARN_UNUSED_VARIABLE = YES;
				IPHONEOS_DEPLOYMENT_TARGET = 17.0;
				LOCALIZATION_PREFERS_STRING_CATALOGS = YES;
				MTL_ENABLE_DEBUG_INFO = NO;
				MTL_FAST_MATH = YES;
				SDKROOT = iphoneos;
				SWIFT_COMPILATION_MODE = wholemodule;
				VALIDATE_PRODUCT = YES;
			};
			name = Release;
		};
		93C2F8A92AD683AE007D1ABC /* Debug */ = {
			isa = XCBuildConfiguration;
			buildSettings = {
				ASSETCATALOG_COMPILER_APPICON_NAME = AppIcon;
				ASSETCATALOG_COMPILER_GLOBAL_ACCENT_COLOR_NAME = AccentColor;
				CODE_SIGN_ENTITLEMENTS = Moco/Moco.entitlements;
				CODE_SIGN_STYLE = Automatic;
				CURRENT_PROJECT_VERSION = 1;
				DEVELOPMENT_ASSET_PATHS = "\"Moco/Preview Content\"";
				DEVELOPMENT_TEAM = J8A42WJ9LX;
				ENABLE_PREVIEWS = YES;
				GENERATE_INFOPLIST_FILE = YES;
				INFOPLIST_FILE = Moco/Info.plist;
				INFOPLIST_KEY_NSCameraUsageDescription = "Allow this app to access the camera.";
				INFOPLIST_KEY_UIApplicationSceneManifest_Generation = YES;
				INFOPLIST_KEY_UIApplicationSupportsIndirectInputEvents = YES;
				INFOPLIST_KEY_UILaunchScreen_Generation = YES;
				INFOPLIST_KEY_UISupportedInterfaceOrientations_iPad = "UIInterfaceOrientationPortrait UIInterfaceOrientationPortraitUpsideDown UIInterfaceOrientationLandscapeLeft UIInterfaceOrientationLandscapeRight";
				INFOPLIST_KEY_UISupportedInterfaceOrientations_iPhone = "UIInterfaceOrientationPortrait UIInterfaceOrientationLandscapeLeft UIInterfaceOrientationLandscapeRight";
				LD_RUNPATH_SEARCH_PATHS = (
					"$(inherited)",
					"@executable_path/Frameworks",
				);
				MARKETING_VERSION = 1.0;
				PRODUCT_BUNDLE_IDENTIFIER = com.mocoteam.Moco;
				PRODUCT_NAME = "$(TARGET_NAME)";
				SWIFT_EMIT_LOC_STRINGS = YES;
				SWIFT_VERSION = 5.0;
				TARGETED_DEVICE_FAMILY = "1,2";
			};
			name = Debug;
		};
		93C2F8AA2AD683AE007D1ABC /* Release */ = {
			isa = XCBuildConfiguration;
			buildSettings = {
				ASSETCATALOG_COMPILER_APPICON_NAME = AppIcon;
				ASSETCATALOG_COMPILER_GLOBAL_ACCENT_COLOR_NAME = AccentColor;
				CODE_SIGN_ENTITLEMENTS = Moco/Moco.entitlements;
				CODE_SIGN_STYLE = Automatic;
				CURRENT_PROJECT_VERSION = 1;
				DEVELOPMENT_ASSET_PATHS = "\"Moco/Preview Content\"";
				DEVELOPMENT_TEAM = J8A42WJ9LX;
				ENABLE_PREVIEWS = YES;
				GENERATE_INFOPLIST_FILE = YES;
				INFOPLIST_FILE = Moco/Info.plist;
				INFOPLIST_KEY_NSCameraUsageDescription = "Allow this app to access the camera.";
				INFOPLIST_KEY_UIApplicationSceneManifest_Generation = YES;
				INFOPLIST_KEY_UIApplicationSupportsIndirectInputEvents = YES;
				INFOPLIST_KEY_UILaunchScreen_Generation = YES;
				INFOPLIST_KEY_UISupportedInterfaceOrientations_iPad = "UIInterfaceOrientationPortrait UIInterfaceOrientationPortraitUpsideDown UIInterfaceOrientationLandscapeLeft UIInterfaceOrientationLandscapeRight";
				INFOPLIST_KEY_UISupportedInterfaceOrientations_iPhone = "UIInterfaceOrientationPortrait UIInterfaceOrientationLandscapeLeft UIInterfaceOrientationLandscapeRight";
				LD_RUNPATH_SEARCH_PATHS = (
					"$(inherited)",
					"@executable_path/Frameworks",
				);
				MARKETING_VERSION = 1.0;
				PRODUCT_BUNDLE_IDENTIFIER = com.mocoteam.Moco;
				PRODUCT_NAME = "$(TARGET_NAME)";
				SWIFT_EMIT_LOC_STRINGS = YES;
				SWIFT_VERSION = 5.0;
				TARGETED_DEVICE_FAMILY = "1,2";
			};
			name = Release;
		};
		93C2F8AC2AD683AE007D1ABC /* Debug */ = {
			isa = XCBuildConfiguration;
			buildSettings = {
				ALWAYS_EMBED_SWIFT_STANDARD_LIBRARIES = YES;
				BUNDLE_LOADER = "$(TEST_HOST)";
				CODE_SIGN_STYLE = Automatic;
				CURRENT_PROJECT_VERSION = 1;
				DEVELOPMENT_TEAM = J8A42WJ9LX;
				GENERATE_INFOPLIST_FILE = YES;
				IPHONEOS_DEPLOYMENT_TARGET = 17.0;
				MARKETING_VERSION = 1.0;
				PRODUCT_BUNDLE_IDENTIFIER = com.mocoteam.MocoTests;
				PRODUCT_NAME = "$(TARGET_NAME)";
				SWIFT_EMIT_LOC_STRINGS = NO;
				SWIFT_VERSION = 5.0;
				TARGETED_DEVICE_FAMILY = "1,2";
				TEST_HOST = "$(BUILT_PRODUCTS_DIR)/Moco.app/$(BUNDLE_EXECUTABLE_FOLDER_PATH)/Moco";
			};
			name = Debug;
		};
		93C2F8AD2AD683AE007D1ABC /* Release */ = {
			isa = XCBuildConfiguration;
			buildSettings = {
				ALWAYS_EMBED_SWIFT_STANDARD_LIBRARIES = YES;
				BUNDLE_LOADER = "$(TEST_HOST)";
				CODE_SIGN_STYLE = Automatic;
				CURRENT_PROJECT_VERSION = 1;
				DEVELOPMENT_TEAM = J8A42WJ9LX;
				GENERATE_INFOPLIST_FILE = YES;
				IPHONEOS_DEPLOYMENT_TARGET = 17.0;
				MARKETING_VERSION = 1.0;
				PRODUCT_BUNDLE_IDENTIFIER = com.mocoteam.MocoTests;
				PRODUCT_NAME = "$(TARGET_NAME)";
				SWIFT_EMIT_LOC_STRINGS = NO;
				SWIFT_VERSION = 5.0;
				TARGETED_DEVICE_FAMILY = "1,2";
				TEST_HOST = "$(BUILT_PRODUCTS_DIR)/Moco.app/$(BUNDLE_EXECUTABLE_FOLDER_PATH)/Moco";
			};
			name = Release;
		};
		93C2F8AF2AD683AE007D1ABC /* Debug */ = {
			isa = XCBuildConfiguration;
			buildSettings = {
				ALWAYS_EMBED_SWIFT_STANDARD_LIBRARIES = YES;
				CODE_SIGN_STYLE = Automatic;
				CURRENT_PROJECT_VERSION = 1;
				DEVELOPMENT_TEAM = J8A42WJ9LX;
				GENERATE_INFOPLIST_FILE = YES;
				MARKETING_VERSION = 1.0;
				PRODUCT_BUNDLE_IDENTIFIER = com.mocoteam.MocoUITests;
				PRODUCT_NAME = "$(TARGET_NAME)";
				SWIFT_EMIT_LOC_STRINGS = NO;
				SWIFT_VERSION = 5.0;
				TARGETED_DEVICE_FAMILY = "1,2";
				TEST_TARGET_NAME = Moco;
			};
			name = Debug;
		};
		93C2F8B02AD683AE007D1ABC /* Release */ = {
			isa = XCBuildConfiguration;
			buildSettings = {
				ALWAYS_EMBED_SWIFT_STANDARD_LIBRARIES = YES;
				CODE_SIGN_STYLE = Automatic;
				CURRENT_PROJECT_VERSION = 1;
				DEVELOPMENT_TEAM = J8A42WJ9LX;
				GENERATE_INFOPLIST_FILE = YES;
				MARKETING_VERSION = 1.0;
				PRODUCT_BUNDLE_IDENTIFIER = com.mocoteam.MocoUITests;
				PRODUCT_NAME = "$(TARGET_NAME)";
				SWIFT_EMIT_LOC_STRINGS = NO;
				SWIFT_VERSION = 5.0;
				TARGETED_DEVICE_FAMILY = "1,2";
				TEST_TARGET_NAME = Moco;
			};
			name = Release;
		};
/* End XCBuildConfiguration section */

/* Begin XCConfigurationList section */
		93C2F87B2AD683AC007D1ABC /* Build configuration list for PBXProject "Moco" */ = {
			isa = XCConfigurationList;
			buildConfigurations = (
				93C2F8A62AD683AE007D1ABC /* Debug */,
				93C2F8A72AD683AE007D1ABC /* Release */,
			);
			defaultConfigurationIsVisible = 0;
			defaultConfigurationName = Release;
		};
		93C2F8A82AD683AE007D1ABC /* Build configuration list for PBXNativeTarget "Moco" */ = {
			isa = XCConfigurationList;
			buildConfigurations = (
				93C2F8A92AD683AE007D1ABC /* Debug */,
				93C2F8AA2AD683AE007D1ABC /* Release */,
			);
			defaultConfigurationIsVisible = 0;
			defaultConfigurationName = Release;
		};
		93C2F8AB2AD683AE007D1ABC /* Build configuration list for PBXNativeTarget "MocoTests" */ = {
			isa = XCConfigurationList;
			buildConfigurations = (
				93C2F8AC2AD683AE007D1ABC /* Debug */,
				93C2F8AD2AD683AE007D1ABC /* Release */,
			);
			defaultConfigurationIsVisible = 0;
			defaultConfigurationName = Release;
		};
		93C2F8AE2AD683AE007D1ABC /* Build configuration list for PBXNativeTarget "MocoUITests" */ = {
			isa = XCConfigurationList;
			buildConfigurations = (
				93C2F8AF2AD683AE007D1ABC /* Debug */,
				93C2F8B02AD683AE007D1ABC /* Release */,
			);
			defaultConfigurationIsVisible = 0;
			defaultConfigurationName = Release;
		};
/* End XCConfigurationList section */
	};
	rootObject = 93C2F8782AD683AC007D1ABC /* Project object */;
}
